// !$*UTF8*$!
{
	archiveVersion = 1;
	classes = {
	};
	objectVersion = 52;
	objects = {

/* Begin PBXBuildFile section */
		277E4D602887F5C30020EC16 /* AppSidebarNavigation.swift in Sources */ = {isa = PBXBuildFile; fileRef = 277E4D402887F5C30020EC16 /* AppSidebarNavigation.swift */; };
		277E4D632887F5C30020EC16 /* AppSidebarNavigation.swift in Sources */ = {isa = PBXBuildFile; fileRef = 277E4D402887F5C30020EC16 /* AppSidebarNavigation.swift */; };
		277E4D662887F5C30020EC16 /* AppTabNavigation.swift in Sources */ = {isa = PBXBuildFile; fileRef = 277E4D412887F5C30020EC16 /* AppTabNavigation.swift */; };
		277E4D692887F5C30020EC16 /* AppTabNavigation.swift in Sources */ = {isa = PBXBuildFile; fileRef = 277E4D412887F5C30020EC16 /* AppTabNavigation.swift */; };
		277E4D6C2887F5C30020EC16 /* TagList.swift in Sources */ = {isa = PBXBuildFile; fileRef = 277E4D442887F5C30020EC16 /* TagList.swift */; };
		277E4D6F2887F5C30020EC16 /* TagList.swift in Sources */ = {isa = PBXBuildFile; fileRef = 277E4D442887F5C30020EC16 /* TagList.swift */; };
		277E4D722887F5C30020EC16 /* THWelcomePage.swift in Sources */ = {isa = PBXBuildFile; fileRef = 277E4D452887F5C30020EC16 /* THWelcomePage.swift */; };
		277E4D752887F5C30020EC16 /* THWelcomePage.swift in Sources */ = {isa = PBXBuildFile; fileRef = 277E4D452887F5C30020EC16 /* THWelcomePage.swift */; };
		277E4D782887F5C30020EC16 /* THFloorView.swift in Sources */ = {isa = PBXBuildFile; fileRef = 277E4D462887F5C30020EC16 /* THFloorView.swift */; };
		277E4D7B2887F5C30020EC16 /* THFloorView.swift in Sources */ = {isa = PBXBuildFile; fileRef = 277E4D462887F5C30020EC16 /* THFloorView.swift */; };
		277E4D7E2887F5C30020EC16 /* THHoleView.swift in Sources */ = {isa = PBXBuildFile; fileRef = 277E4D472887F5C30020EC16 /* THHoleView.swift */; };
		277E4D812887F5C30020EC16 /* THHoleView.swift in Sources */ = {isa = PBXBuildFile; fileRef = 277E4D472887F5C30020EC16 /* THHoleView.swift */; };
		277E4D842887F5C30020EC16 /* THThread.swift in Sources */ = {isa = PBXBuildFile; fileRef = 277E4D482887F5C30020EC16 /* THThread.swift */; };
		277E4D872887F5C30020EC16 /* THThread.swift in Sources */ = {isa = PBXBuildFile; fileRef = 277E4D482887F5C30020EC16 /* THThread.swift */; };
		277E4D8A2887F5C40020EC16 /* THLoginPage.swift in Sources */ = {isa = PBXBuildFile; fileRef = 277E4D492887F5C30020EC16 /* THLoginPage.swift */; };
		277E4D8D2887F5C40020EC16 /* THLoginPage.swift in Sources */ = {isa = PBXBuildFile; fileRef = 277E4D492887F5C30020EC16 /* THLoginPage.swift */; };
		277E4D902887F5C40020EC16 /* CalendarPage.swift in Sources */ = {isa = PBXBuildFile; fileRef = 277E4D4B2887F5C30020EC16 /* CalendarPage.swift */; };
		277E4D932887F5C40020EC16 /* CalendarPage.swift in Sources */ = {isa = PBXBuildFile; fileRef = 277E4D4B2887F5C30020EC16 /* CalendarPage.swift */; };
		277E4D962887F5C40020EC16 /* TreeHolePage.swift in Sources */ = {isa = PBXBuildFile; fileRef = 277E4D4C2887F5C30020EC16 /* TreeHolePage.swift */; };
		277E4D992887F5C40020EC16 /* TreeHolePage.swift in Sources */ = {isa = PBXBuildFile; fileRef = 277E4D4C2887F5C30020EC16 /* TreeHolePage.swift */; };
		277E4D9C2887F5C40020EC16 /* DashboardPage.swift in Sources */ = {isa = PBXBuildFile; fileRef = 277E4D4D2887F5C30020EC16 /* DashboardPage.swift */; };
		277E4D9F2887F5C40020EC16 /* DashboardPage.swift in Sources */ = {isa = PBXBuildFile; fileRef = 277E4D4D2887F5C30020EC16 /* DashboardPage.swift */; };
		277E4DA22887F5C40020EC16 /* SettingsPage.swift in Sources */ = {isa = PBXBuildFile; fileRef = 277E4D4E2887F5C30020EC16 /* SettingsPage.swift */; };
		277E4DA52887F5C40020EC16 /* SettingsPage.swift in Sources */ = {isa = PBXBuildFile; fileRef = 277E4D4E2887F5C30020EC16 /* SettingsPage.swift */; };
		277E4DA82887F5C40020EC16 /* _FlexibleView.swift in Sources */ = {isa = PBXBuildFile; fileRef = 277E4D512887F5C30020EC16 /* _FlexibleView.swift */; };
		277E4DAB2887F5C40020EC16 /* _FlexibleView.swift in Sources */ = {isa = PBXBuildFile; fileRef = 277E4D512887F5C30020EC16 /* _FlexibleView.swift */; };
		277E4DAE2887F5C40020EC16 /* FlexibleView.swift in Sources */ = {isa = PBXBuildFile; fileRef = 277E4D522887F5C30020EC16 /* FlexibleView.swift */; };
		277E4DB12887F5C40020EC16 /* FlexibleView.swift in Sources */ = {isa = PBXBuildFile; fileRef = 277E4D522887F5C30020EC16 /* FlexibleView.swift */; };
		277E4DB42887F5C40020EC16 /* SizeReader.swift in Sources */ = {isa = PBXBuildFile; fileRef = 277E4D532887F5C30020EC16 /* SizeReader.swift */; };
		277E4DB72887F5C40020EC16 /* SizeReader.swift in Sources */ = {isa = PBXBuildFile; fileRef = 277E4D532887F5C30020EC16 /* SizeReader.swift */; };
		277E4DBA2887F5C40020EC16 /* THJsonParse.swift in Sources */ = {isa = PBXBuildFile; fileRef = 277E4D562887F5C30020EC16 /* THJsonParse.swift */; };
		277E4DBD2887F5C40020EC16 /* THJsonParse.swift in Sources */ = {isa = PBXBuildFile; fileRef = 277E4D562887F5C30020EC16 /* THJsonParse.swift */; };
		277E4DC02887F5C40020EC16 /* THConstants.swift in Sources */ = {isa = PBXBuildFile; fileRef = 277E4D572887F5C30020EC16 /* THConstants.swift */; };
		277E4DC32887F5C40020EC16 /* THConstants.swift in Sources */ = {isa = PBXBuildFile; fileRef = 277E4D572887F5C30020EC16 /* THConstants.swift */; };
		277E4DC62887F5C40020EC16 /* THAccountModel.swift in Sources */ = {isa = PBXBuildFile; fileRef = 277E4D582887F5C30020EC16 /* THAccountModel.swift */; };
		277E4DC92887F5C40020EC16 /* THAccountModel.swift in Sources */ = {isa = PBXBuildFile; fileRef = 277E4D582887F5C30020EC16 /* THAccountModel.swift */; };
		277E4DCC2887F5C40020EC16 /* THModels.swift in Sources */ = {isa = PBXBuildFile; fileRef = 277E4D592887F5C30020EC16 /* THModels.swift */; };
		277E4DCF2887F5C40020EC16 /* THModels.swift in Sources */ = {isa = PBXBuildFile; fileRef = 277E4D592887F5C30020EC16 /* THModels.swift */; };
		277E4DD22887F5C40020EC16 /* THData.swift in Sources */ = {isa = PBXBuildFile; fileRef = 277E4D5A2887F5C30020EC16 /* THData.swift */; };
		277E4DD52887F5C40020EC16 /* THData.swift in Sources */ = {isa = PBXBuildFile; fileRef = 277E4D5A2887F5C30020EC16 /* THData.swift */; };
		277E4DD82887F5C40020EC16 /* THUtility.swift in Sources */ = {isa = PBXBuildFile; fileRef = 277E4D5C2887F5C30020EC16 /* THUtility.swift */; };
		277E4DDB2887F5C40020EC16 /* THUtility.swift in Sources */ = {isa = PBXBuildFile; fileRef = 277E4D5C2887F5C30020EC16 /* THUtility.swift */; };
		277E4DDE2887F5C40020EC16 /* AppView.swift in Sources */ = {isa = PBXBuildFile; fileRef = 277E4D5D2887F5C30020EC16 /* AppView.swift */; };
		277E4DE12887F5C40020EC16 /* AppView.swift in Sources */ = {isa = PBXBuildFile; fileRef = 277E4D5D2887F5C30020EC16 /* AppView.swift */; };
		277E4DE42887F5C40020EC16 /* Localizable.strings in Resources */ = {isa = PBXBuildFile; fileRef = 277E4D5E2887F5C30020EC16 /* Localizable.strings */; };
		277E4DE72887F5C40020EC16 /* Localizable.strings in Resources */ = {isa = PBXBuildFile; fileRef = 277E4D5E2887F5C30020EC16 /* Localizable.strings */; };
		277E4DE82887F5C40020EC16 /* Localizable.strings in Resources */ = {isa = PBXBuildFile; fileRef = 277E4D5E2887F5C30020EC16 /* Localizable.strings */; };
		7795D21C27D82B1C00840D02 /* Alamofire in Frameworks */ = {isa = PBXBuildFile; productRef = 7795D21B27D82B1C00840D02 /* Alamofire */; };
		77F437F027D7A3180082920E /* Alamofire in Frameworks */ = {isa = PBXBuildFile; productRef = 77F437EF27D7A3180082920E /* Alamofire */; };
		8AC7A5D126872C3E00C9CD98 /* DanXi_nativeApp.swift in Sources */ = {isa = PBXBuildFile; fileRef = 8AC7A5D026872C3E00C9CD98 /* DanXi_nativeApp.swift */; };
		8AC7A5D326872C3E00C9CD98 /* ContentView.swift in Sources */ = {isa = PBXBuildFile; fileRef = 8AC7A5D226872C3E00C9CD98 /* ContentView.swift */; };
		8AC7A5D526872C3F00C9CD98 /* Assets.xcassets in Resources */ = {isa = PBXBuildFile; fileRef = 8AC7A5D426872C3F00C9CD98 /* Assets.xcassets */; };
		8AC7A5D826872C3F00C9CD98 /* Preview Assets.xcassets in Resources */ = {isa = PBXBuildFile; fileRef = 8AC7A5D726872C3F00C9CD98 /* Preview Assets.xcassets */; };
		8AC7A5F326872C3F00C9CD98 /* DanXi-native WatchKit App.app in Embed Watch Content */ = {isa = PBXBuildFile; fileRef = 8AC7A5F226872C3F00C9CD98 /* DanXi-native WatchKit App.app */; platformFilter = ios; settings = {ATTRIBUTES = (RemoveHeadersOnCopy, ); }; };
		8AC7A5F826872C4000C9CD98 /* Assets.xcassets in Resources */ = {isa = PBXBuildFile; fileRef = 8AC7A5F726872C4000C9CD98 /* Assets.xcassets */; };
		8AC7A5FF26872C4000C9CD98 /* DanXi-native WatchKit Extension.appex in Embed App Extensions */ = {isa = PBXBuildFile; fileRef = 8AC7A5FE26872C4000C9CD98 /* DanXi-native WatchKit Extension.appex */; settings = {ATTRIBUTES = (RemoveHeadersOnCopy, ); }; };
		8AC7A60426872C4000C9CD98 /* DanXi_nativeApp.swift in Sources */ = {isa = PBXBuildFile; fileRef = 8AC7A60326872C4000C9CD98 /* DanXi_nativeApp.swift */; };
		8AC7A60626872C4000C9CD98 /* ContentView.swift in Sources */ = {isa = PBXBuildFile; fileRef = 8AC7A60526872C4000C9CD98 /* ContentView.swift */; };
		8AC7A60826872C4000C9CD98 /* NotificationController.swift in Sources */ = {isa = PBXBuildFile; fileRef = 8AC7A60726872C4000C9CD98 /* NotificationController.swift */; };
		8AC7A60A26872C4000C9CD98 /* NotificationView.swift in Sources */ = {isa = PBXBuildFile; fileRef = 8AC7A60926872C4000C9CD98 /* NotificationView.swift */; };
		8AC7A60C26872C4000C9CD98 /* ComplicationController.swift in Sources */ = {isa = PBXBuildFile; fileRef = 8AC7A60B26872C4000C9CD98 /* ComplicationController.swift */; };
		8AC7A60E26872C4100C9CD98 /* Assets.xcassets in Resources */ = {isa = PBXBuildFile; fileRef = 8AC7A60D26872C4100C9CD98 /* Assets.xcassets */; };
		8AC7A61126872C4100C9CD98 /* Preview Assets.xcassets in Resources */ = {isa = PBXBuildFile; fileRef = 8AC7A61026872C4100C9CD98 /* Preview Assets.xcassets */; };
/* End PBXBuildFile section */

/* Begin PBXContainerItemProxy section */
		8AC7A5F426872C3F00C9CD98 /* PBXContainerItemProxy */ = {
			isa = PBXContainerItemProxy;
			containerPortal = 8AC7A5C526872C3E00C9CD98 /* Project object */;
			proxyType = 1;
			remoteGlobalIDString = 8AC7A5F126872C3F00C9CD98;
			remoteInfo = "DanXi-native WatchKit App";
		};
		8AC7A60026872C4000C9CD98 /* PBXContainerItemProxy */ = {
			isa = PBXContainerItemProxy;
			containerPortal = 8AC7A5C526872C3E00C9CD98 /* Project object */;
			proxyType = 1;
			remoteGlobalIDString = 8AC7A5FD26872C4000C9CD98;
			remoteInfo = "DanXi-native WatchKit Extension";
		};
/* End PBXContainerItemProxy section */

/* Begin PBXCopyFilesBuildPhase section */
		8AC7A62F26872C4100C9CD98 /* Embed App Extensions */ = {
			isa = PBXCopyFilesBuildPhase;
			buildActionMask = 2147483647;
			dstPath = "";
			dstSubfolderSpec = 13;
			files = (
				8AC7A5FF26872C4000C9CD98 /* DanXi-native WatchKit Extension.appex in Embed App Extensions */,
			);
			name = "Embed App Extensions";
			runOnlyForDeploymentPostprocessing = 0;
		};
		8AC7A63326872C4100C9CD98 /* Embed Watch Content */ = {
			isa = PBXCopyFilesBuildPhase;
			buildActionMask = 2147483647;
			dstPath = "$(CONTENTS_FOLDER_PATH)/Watch";
			dstSubfolderSpec = 16;
			files = (
				8AC7A5F326872C3F00C9CD98 /* DanXi-native WatchKit App.app in Embed Watch Content */,
			);
			name = "Embed Watch Content";
			runOnlyForDeploymentPostprocessing = 0;
		};
/* End PBXCopyFilesBuildPhase section */

/* Begin PBXFileReference section */
		277E4D402887F5C30020EC16 /* AppSidebarNavigation.swift */ = {isa = PBXFileReference; fileEncoding = 4; lastKnownFileType = sourcecode.swift; path = AppSidebarNavigation.swift; sourceTree = "<group>"; };
		277E4D412887F5C30020EC16 /* AppTabNavigation.swift */ = {isa = PBXFileReference; fileEncoding = 4; lastKnownFileType = sourcecode.swift; path = AppTabNavigation.swift; sourceTree = "<group>"; };
		277E4D442887F5C30020EC16 /* TagList.swift */ = {isa = PBXFileReference; fileEncoding = 4; lastKnownFileType = sourcecode.swift; path = TagList.swift; sourceTree = "<group>"; };
		277E4D452887F5C30020EC16 /* THWelcomePage.swift */ = {isa = PBXFileReference; fileEncoding = 4; lastKnownFileType = sourcecode.swift; path = THWelcomePage.swift; sourceTree = "<group>"; };
		277E4D462887F5C30020EC16 /* THFloorView.swift */ = {isa = PBXFileReference; fileEncoding = 4; lastKnownFileType = sourcecode.swift; path = THFloorView.swift; sourceTree = "<group>"; };
		277E4D472887F5C30020EC16 /* THHoleView.swift */ = {isa = PBXFileReference; fileEncoding = 4; lastKnownFileType = sourcecode.swift; path = THHoleView.swift; sourceTree = "<group>"; };
		277E4D482887F5C30020EC16 /* THThread.swift */ = {isa = PBXFileReference; fileEncoding = 4; lastKnownFileType = sourcecode.swift; path = THThread.swift; sourceTree = "<group>"; };
		277E4D492887F5C30020EC16 /* THLoginPage.swift */ = {isa = PBXFileReference; fileEncoding = 4; lastKnownFileType = sourcecode.swift; path = THLoginPage.swift; sourceTree = "<group>"; };
		277E4D4B2887F5C30020EC16 /* CalendarPage.swift */ = {isa = PBXFileReference; fileEncoding = 4; lastKnownFileType = sourcecode.swift; path = CalendarPage.swift; sourceTree = "<group>"; };
		277E4D4C2887F5C30020EC16 /* TreeHolePage.swift */ = {isa = PBXFileReference; fileEncoding = 4; lastKnownFileType = sourcecode.swift; path = TreeHolePage.swift; sourceTree = "<group>"; };
		277E4D4D2887F5C30020EC16 /* DashboardPage.swift */ = {isa = PBXFileReference; fileEncoding = 4; lastKnownFileType = sourcecode.swift; path = DashboardPage.swift; sourceTree = "<group>"; };
		277E4D4E2887F5C30020EC16 /* SettingsPage.swift */ = {isa = PBXFileReference; fileEncoding = 4; lastKnownFileType = sourcecode.swift; path = SettingsPage.swift; sourceTree = "<group>"; };
		277E4D512887F5C30020EC16 /* _FlexibleView.swift */ = {isa = PBXFileReference; fileEncoding = 4; lastKnownFileType = sourcecode.swift; path = _FlexibleView.swift; sourceTree = "<group>"; };
		277E4D522887F5C30020EC16 /* FlexibleView.swift */ = {isa = PBXFileReference; fileEncoding = 4; lastKnownFileType = sourcecode.swift; path = FlexibleView.swift; sourceTree = "<group>"; };
		277E4D532887F5C30020EC16 /* SizeReader.swift */ = {isa = PBXFileReference; fileEncoding = 4; lastKnownFileType = sourcecode.swift; path = SizeReader.swift; sourceTree = "<group>"; };
		277E4D562887F5C30020EC16 /* THJsonParse.swift */ = {isa = PBXFileReference; fileEncoding = 4; lastKnownFileType = sourcecode.swift; path = THJsonParse.swift; sourceTree = "<group>"; };
		277E4D572887F5C30020EC16 /* THConstants.swift */ = {isa = PBXFileReference; fileEncoding = 4; lastKnownFileType = sourcecode.swift; path = THConstants.swift; sourceTree = "<group>"; };
		277E4D582887F5C30020EC16 /* THAccountModel.swift */ = {isa = PBXFileReference; fileEncoding = 4; lastKnownFileType = sourcecode.swift; path = THAccountModel.swift; sourceTree = "<group>"; };
		277E4D592887F5C30020EC16 /* THModels.swift */ = {isa = PBXFileReference; fileEncoding = 4; lastKnownFileType = sourcecode.swift; path = THModels.swift; sourceTree = "<group>"; };
		277E4D5A2887F5C30020EC16 /* THData.swift */ = {isa = PBXFileReference; fileEncoding = 4; lastKnownFileType = sourcecode.swift; path = THData.swift; sourceTree = "<group>"; };
		277E4D5C2887F5C30020EC16 /* THUtility.swift */ = {isa = PBXFileReference; fileEncoding = 4; lastKnownFileType = sourcecode.swift; path = THUtility.swift; sourceTree = "<group>"; };
		277E4D5D2887F5C30020EC16 /* AppView.swift */ = {isa = PBXFileReference; fileEncoding = 4; lastKnownFileType = sourcecode.swift; path = AppView.swift; sourceTree = "<group>"; };
		277E4D5E2887F5C30020EC16 /* Localizable.strings */ = {isa = PBXFileReference; fileEncoding = 4; lastKnownFileType = text.plist.strings; path = Localizable.strings; sourceTree = "<group>"; };
		7795D22027D8390F00840D02 /* DanXi-native WatchKit Extension.entitlements */ = {isa = PBXFileReference; lastKnownFileType = text.plist.entitlements; path = "DanXi-native WatchKit Extension.entitlements"; sourceTree = "<group>"; };
		8AAABD4326881E0500486D37 /* DanXi-native.entitlements */ = {isa = PBXFileReference; lastKnownFileType = text.plist.entitlements; path = "DanXi-native.entitlements"; sourceTree = "<group>"; };
		8AC7A5CD26872C3E00C9CD98 /* DanXi-native.app */ = {isa = PBXFileReference; explicitFileType = wrapper.application; includeInIndex = 0; path = "DanXi-native.app"; sourceTree = BUILT_PRODUCTS_DIR; };
		8AC7A5D026872C3E00C9CD98 /* DanXi_nativeApp.swift */ = {isa = PBXFileReference; lastKnownFileType = sourcecode.swift; path = DanXi_nativeApp.swift; sourceTree = "<group>"; };
		8AC7A5D226872C3E00C9CD98 /* ContentView.swift */ = {isa = PBXFileReference; lastKnownFileType = sourcecode.swift; path = ContentView.swift; sourceTree = "<group>"; };
		8AC7A5D426872C3F00C9CD98 /* Assets.xcassets */ = {isa = PBXFileReference; lastKnownFileType = folder.assetcatalog; path = Assets.xcassets; sourceTree = "<group>"; };
		8AC7A5D726872C3F00C9CD98 /* Preview Assets.xcassets */ = {isa = PBXFileReference; lastKnownFileType = folder.assetcatalog; path = "Preview Assets.xcassets"; sourceTree = "<group>"; };
		8AC7A5D926872C3F00C9CD98 /* Info.plist */ = {isa = PBXFileReference; lastKnownFileType = text.plist.xml; path = Info.plist; sourceTree = "<group>"; };
		8AC7A5F226872C3F00C9CD98 /* DanXi-native WatchKit App.app */ = {isa = PBXFileReference; explicitFileType = wrapper.application; includeInIndex = 0; path = "DanXi-native WatchKit App.app"; sourceTree = BUILT_PRODUCTS_DIR; };
		8AC7A5F726872C4000C9CD98 /* Assets.xcassets */ = {isa = PBXFileReference; lastKnownFileType = folder.assetcatalog; path = Assets.xcassets; sourceTree = "<group>"; };
		8AC7A5F926872C4000C9CD98 /* Info.plist */ = {isa = PBXFileReference; lastKnownFileType = text.plist.xml; path = Info.plist; sourceTree = "<group>"; };
		8AC7A5FE26872C4000C9CD98 /* DanXi-native WatchKit Extension.appex */ = {isa = PBXFileReference; explicitFileType = "wrapper.app-extension"; includeInIndex = 0; path = "DanXi-native WatchKit Extension.appex"; sourceTree = BUILT_PRODUCTS_DIR; };
		8AC7A60326872C4000C9CD98 /* DanXi_nativeApp.swift */ = {isa = PBXFileReference; lastKnownFileType = sourcecode.swift; path = DanXi_nativeApp.swift; sourceTree = "<group>"; };
		8AC7A60526872C4000C9CD98 /* ContentView.swift */ = {isa = PBXFileReference; lastKnownFileType = sourcecode.swift; path = ContentView.swift; sourceTree = "<group>"; };
		8AC7A60726872C4000C9CD98 /* NotificationController.swift */ = {isa = PBXFileReference; lastKnownFileType = sourcecode.swift; path = NotificationController.swift; sourceTree = "<group>"; };
		8AC7A60926872C4000C9CD98 /* NotificationView.swift */ = {isa = PBXFileReference; lastKnownFileType = sourcecode.swift; path = NotificationView.swift; sourceTree = "<group>"; };
		8AC7A60B26872C4000C9CD98 /* ComplicationController.swift */ = {isa = PBXFileReference; lastKnownFileType = sourcecode.swift; path = ComplicationController.swift; sourceTree = "<group>"; };
		8AC7A60D26872C4100C9CD98 /* Assets.xcassets */ = {isa = PBXFileReference; lastKnownFileType = folder.assetcatalog; path = Assets.xcassets; sourceTree = "<group>"; };
		8AC7A61026872C4100C9CD98 /* Preview Assets.xcassets */ = {isa = PBXFileReference; lastKnownFileType = folder.assetcatalog; path = "Preview Assets.xcassets"; sourceTree = "<group>"; };
		8AC7A61226872C4100C9CD98 /* Info.plist */ = {isa = PBXFileReference; lastKnownFileType = text.plist.xml; path = Info.plist; sourceTree = "<group>"; };
		8AC7A61326872C4100C9CD98 /* PushNotificationPayload.apns */ = {isa = PBXFileReference; lastKnownFileType = text; path = PushNotificationPayload.apns; sourceTree = "<group>"; };
/* End PBXFileReference section */

/* Begin PBXFrameworksBuildPhase section */
		8AC7A5CA26872C3E00C9CD98 /* Frameworks */ = {
			isa = PBXFrameworksBuildPhase;
			buildActionMask = 2147483647;
			files = (
				77F437F027D7A3180082920E /* Alamofire in Frameworks */,
			);
			runOnlyForDeploymentPostprocessing = 0;
		};
		8AC7A5FB26872C4000C9CD98 /* Frameworks */ = {
			isa = PBXFrameworksBuildPhase;
			buildActionMask = 2147483647;
			files = (
				7795D21C27D82B1C00840D02 /* Alamofire in Frameworks */,
			);
			runOnlyForDeploymentPostprocessing = 0;
		};
/* End PBXFrameworksBuildPhase section */

/* Begin PBXGroup section */
		277E4D3E2887F5C30020EC16 /* Views */ = {
			isa = PBXGroup;
			children = (
				277E4D3F2887F5C30020EC16 /* Navigation */,
				277E4D422887F5C30020EC16 /* Components */,
				277E4D4A2887F5C30020EC16 /* Pages */,
				277E4D4F2887F5C30020EC16 /* Helpers */,
			);
			path = Views;
			sourceTree = "<group>";
		};
		277E4D3F2887F5C30020EC16 /* Navigation */ = {
			isa = PBXGroup;
			children = (
				277E4D402887F5C30020EC16 /* AppSidebarNavigation.swift */,
				277E4D412887F5C30020EC16 /* AppTabNavigation.swift */,
			);
			path = Navigation;
			sourceTree = "<group>";
		};
		277E4D422887F5C30020EC16 /* Components */ = {
			isa = PBXGroup;
			children = (
				277E4D432887F5C30020EC16 /* TreeHole */,
			);
			path = Components;
			sourceTree = "<group>";
		};
		277E4D432887F5C30020EC16 /* TreeHole */ = {
			isa = PBXGroup;
			children = (
				277E4D442887F5C30020EC16 /* TagList.swift */,
				277E4D452887F5C30020EC16 /* THWelcomePage.swift */,
				277E4D462887F5C30020EC16 /* THFloorView.swift */,
				277E4D472887F5C30020EC16 /* THHoleView.swift */,
				277E4D482887F5C30020EC16 /* THThread.swift */,
				277E4D492887F5C30020EC16 /* THLoginPage.swift */,
			);
			path = TreeHole;
			sourceTree = "<group>";
		};
		277E4D4A2887F5C30020EC16 /* Pages */ = {
			isa = PBXGroup;
			children = (
				277E4D4B2887F5C30020EC16 /* CalendarPage.swift */,
				277E4D4C2887F5C30020EC16 /* TreeHolePage.swift */,
				277E4D4D2887F5C30020EC16 /* DashboardPage.swift */,
				277E4D4E2887F5C30020EC16 /* SettingsPage.swift */,
			);
			path = Pages;
			sourceTree = "<group>";
		};
		277E4D4F2887F5C30020EC16 /* Helpers */ = {
			isa = PBXGroup;
			children = (
				277E4D502887F5C30020EC16 /* Flexible */,
			);
			path = Helpers;
			sourceTree = "<group>";
		};
		277E4D502887F5C30020EC16 /* Flexible */ = {
			isa = PBXGroup;
			children = (
				277E4D512887F5C30020EC16 /* _FlexibleView.swift */,
				277E4D522887F5C30020EC16 /* FlexibleView.swift */,
				277E4D532887F5C30020EC16 /* SizeReader.swift */,
			);
			path = Flexible;
			sourceTree = "<group>";
		};
		277E4D542887F5C30020EC16 /* Model */ = {
			isa = PBXGroup;
			children = (
				277E4D552887F5C30020EC16 /* TreeHole */,
			);
			path = Model;
			sourceTree = "<group>";
		};
		277E4D552887F5C30020EC16 /* TreeHole */ = {
			isa = PBXGroup;
			children = (
				277E4D562887F5C30020EC16 /* THJsonParse.swift */,
				277E4D572887F5C30020EC16 /* THConstants.swift */,
				277E4D582887F5C30020EC16 /* THAccountModel.swift */,
				277E4D592887F5C30020EC16 /* THModels.swift */,
				277E4D5A2887F5C30020EC16 /* THData.swift */,
			);
			path = TreeHole;
			sourceTree = "<group>";
		};
		277E4D5B2887F5C30020EC16 /* Controller */ = {
			isa = PBXGroup;
			children = (
				277E4D5C2887F5C30020EC16 /* THUtility.swift */,
			);
			path = Controller;
			sourceTree = "<group>";
		};
		7795D21A27D82B1C00840D02 /* Frameworks */ = {
			isa = PBXGroup;
			children = (
			);
			name = Frameworks;
			sourceTree = "<group>";
		};
		8AA9F876269D97BE0085D93D /* Shared */ = {
			isa = PBXGroup;
			children = (
				277E4D5D2887F5C30020EC16 /* AppView.swift */,
				277E4D5B2887F5C30020EC16 /* Controller */,
				277E4D5E2887F5C30020EC16 /* Localizable.strings */,
				277E4D542887F5C30020EC16 /* Model */,
				277E4D3E2887F5C30020EC16 /* Views */,
			);
			path = Shared;
			sourceTree = "<group>";
		};
		8AC7A5C426872C3E00C9CD98 = {
			isa = PBXGroup;
			children = (
				8AA9F876269D97BE0085D93D /* Shared */,
				8AC7A5CF26872C3E00C9CD98 /* DanXi-native */,
				8AC7A5F626872C3F00C9CD98 /* DanXi-native WatchKit App */,
				8AC7A60226872C4000C9CD98 /* DanXi-native WatchKit Extension */,
				8AC7A5CE26872C3E00C9CD98 /* Products */,
				7795D21A27D82B1C00840D02 /* Frameworks */,
			);
			sourceTree = "<group>";
		};
		8AC7A5CE26872C3E00C9CD98 /* Products */ = {
			isa = PBXGroup;
			children = (
				8AC7A5CD26872C3E00C9CD98 /* DanXi-native.app */,
				8AC7A5F226872C3F00C9CD98 /* DanXi-native WatchKit App.app */,
				8AC7A5FE26872C4000C9CD98 /* DanXi-native WatchKit Extension.appex */,
			);
			name = Products;
			sourceTree = "<group>";
		};
		8AC7A5CF26872C3E00C9CD98 /* DanXi-native */ = {
			isa = PBXGroup;
			children = (
				8AAABD4326881E0500486D37 /* DanXi-native.entitlements */,
				8AC7A5D026872C3E00C9CD98 /* DanXi_nativeApp.swift */,
				8AC7A5D226872C3E00C9CD98 /* ContentView.swift */,
				8AC7A5D426872C3F00C9CD98 /* Assets.xcassets */,
				8AC7A5D926872C3F00C9CD98 /* Info.plist */,
				8AC7A5D626872C3F00C9CD98 /* Preview Content */,
			);
			path = "DanXi-native";
			sourceTree = "<group>";
		};
		8AC7A5D626872C3F00C9CD98 /* Preview Content */ = {
			isa = PBXGroup;
			children = (
				8AC7A5D726872C3F00C9CD98 /* Preview Assets.xcassets */,
			);
			path = "Preview Content";
			sourceTree = "<group>";
		};
		8AC7A5F626872C3F00C9CD98 /* DanXi-native WatchKit App */ = {
			isa = PBXGroup;
			children = (
				8AC7A5F726872C4000C9CD98 /* Assets.xcassets */,
				8AC7A5F926872C4000C9CD98 /* Info.plist */,
			);
			path = "DanXi-native WatchKit App";
			sourceTree = "<group>";
		};
		8AC7A60226872C4000C9CD98 /* DanXi-native WatchKit Extension */ = {
			isa = PBXGroup;
			children = (
				7795D22027D8390F00840D02 /* DanXi-native WatchKit Extension.entitlements */,
				8AC7A60326872C4000C9CD98 /* DanXi_nativeApp.swift */,
				8AC7A60526872C4000C9CD98 /* ContentView.swift */,
				8AC7A60726872C4000C9CD98 /* NotificationController.swift */,
				8AC7A60926872C4000C9CD98 /* NotificationView.swift */,
				8AC7A60B26872C4000C9CD98 /* ComplicationController.swift */,
				8AC7A60D26872C4100C9CD98 /* Assets.xcassets */,
				8AC7A61226872C4100C9CD98 /* Info.plist */,
				8AC7A61326872C4100C9CD98 /* PushNotificationPayload.apns */,
				8AC7A60F26872C4100C9CD98 /* Preview Content */,
			);
			path = "DanXi-native WatchKit Extension";
			sourceTree = "<group>";
		};
		8AC7A60F26872C4100C9CD98 /* Preview Content */ = {
			isa = PBXGroup;
			children = (
				8AC7A61026872C4100C9CD98 /* Preview Assets.xcassets */,
			);
			path = "Preview Content";
			sourceTree = "<group>";
		};
/* End PBXGroup section */

/* Begin PBXNativeTarget section */
		8AC7A5CC26872C3E00C9CD98 /* DanXi-native */ = {
			isa = PBXNativeTarget;
			buildConfigurationList = 8AC7A63426872C4100C9CD98 /* Build configuration list for PBXNativeTarget "DanXi-native" */;
			buildPhases = (
				8AC7A5C926872C3E00C9CD98 /* Sources */,
				8AC7A5CA26872C3E00C9CD98 /* Frameworks */,
				8AC7A5CB26872C3E00C9CD98 /* Resources */,
				8AC7A63326872C4100C9CD98 /* Embed Watch Content */,
			);
			buildRules = (
			);
			dependencies = (
				8AC7A5F526872C3F00C9CD98 /* PBXTargetDependency */,
			);
			name = "DanXi-native";
			packageProductDependencies = (
				77F437EF27D7A3180082920E /* Alamofire */,
			);
			productName = "DanXi-native";
			productReference = 8AC7A5CD26872C3E00C9CD98 /* DanXi-native.app */;
			productType = "com.apple.product-type.application";
		};
		8AC7A5F126872C3F00C9CD98 /* DanXi-native WatchKit App */ = {
			isa = PBXNativeTarget;
			buildConfigurationList = 8AC7A63026872C4100C9CD98 /* Build configuration list for PBXNativeTarget "DanXi-native WatchKit App" */;
			buildPhases = (
				8AC7A5F026872C3F00C9CD98 /* Resources */,
				8AC7A62F26872C4100C9CD98 /* Embed App Extensions */,
			);
			buildRules = (
			);
			dependencies = (
				8AC7A60126872C4000C9CD98 /* PBXTargetDependency */,
			);
			name = "DanXi-native WatchKit App";
			productName = "DanXi-native WatchKit App";
			productReference = 8AC7A5F226872C3F00C9CD98 /* DanXi-native WatchKit App.app */;
			productType = "com.apple.product-type.application.watchapp2";
		};
		8AC7A5FD26872C4000C9CD98 /* DanXi-native WatchKit Extension */ = {
			isa = PBXNativeTarget;
			buildConfigurationList = 8AC7A62C26872C4100C9CD98 /* Build configuration list for PBXNativeTarget "DanXi-native WatchKit Extension" */;
			buildPhases = (
				8AC7A5FA26872C4000C9CD98 /* Sources */,
				8AC7A5FB26872C4000C9CD98 /* Frameworks */,
				8AC7A5FC26872C4000C9CD98 /* Resources */,
			);
			buildRules = (
			);
			dependencies = (
			);
			name = "DanXi-native WatchKit Extension";
			packageProductDependencies = (
				7795D21B27D82B1C00840D02 /* Alamofire */,
			);
			productName = "DanXi-native WatchKit Extension";
			productReference = 8AC7A5FE26872C4000C9CD98 /* DanXi-native WatchKit Extension.appex */;
			productType = "com.apple.product-type.watchkit2-extension";
		};
/* End PBXNativeTarget section */

/* Begin PBXProject section */
		8AC7A5C526872C3E00C9CD98 /* Project object */ = {
			isa = PBXProject;
			attributes = {
				LastSwiftUpdateCheck = 1250;
				LastUpgradeCheck = 1340;
				TargetAttributes = {
					8AC7A5CC26872C3E00C9CD98 = {
						CreatedOnToolsVersion = 12.5.1;
					};
					8AC7A5F126872C3F00C9CD98 = {
						CreatedOnToolsVersion = 12.5.1;
						LastSwiftMigration = 1320;
					};
					8AC7A5FD26872C4000C9CD98 = {
						CreatedOnToolsVersion = 12.5.1;
					};
				};
			};
			buildConfigurationList = 8AC7A5C826872C3E00C9CD98 /* Build configuration list for PBXProject "DanXi-native" */;
			compatibilityVersion = "Xcode 9.3";
			developmentRegion = en;
			hasScannedForEncodings = 0;
			knownRegions = (
				en,
				Base,
				"zh-Hans",
			);
			mainGroup = 8AC7A5C426872C3E00C9CD98;
			packageReferences = (
				77F437EE27D7A3180082920E /* XCRemoteSwiftPackageReference "Alamofire" */,
			);
			productRefGroup = 8AC7A5CE26872C3E00C9CD98 /* Products */;
			projectDirPath = "";
			projectRoot = "";
			targets = (
				8AC7A5CC26872C3E00C9CD98 /* DanXi-native */,
				8AC7A5F126872C3F00C9CD98 /* DanXi-native WatchKit App */,
				8AC7A5FD26872C4000C9CD98 /* DanXi-native WatchKit Extension */,
			);
		};
/* End PBXProject section */

/* Begin PBXResourcesBuildPhase section */
		8AC7A5CB26872C3E00C9CD98 /* Resources */ = {
			isa = PBXResourcesBuildPhase;
			buildActionMask = 2147483647;
			files = (
				8AC7A5D826872C3F00C9CD98 /* Preview Assets.xcassets in Resources */,
				277E4DE42887F5C40020EC16 /* Localizable.strings in Resources */,
				8AC7A5D526872C3F00C9CD98 /* Assets.xcassets in Resources */,
			);
			runOnlyForDeploymentPostprocessing = 0;
		};
		8AC7A5F026872C3F00C9CD98 /* Resources */ = {
			isa = PBXResourcesBuildPhase;
			buildActionMask = 2147483647;
			files = (
				8AC7A5F826872C4000C9CD98 /* Assets.xcassets in Resources */,
				277E4DE72887F5C40020EC16 /* Localizable.strings in Resources */,
			);
			runOnlyForDeploymentPostprocessing = 0;
		};
		8AC7A5FC26872C4000C9CD98 /* Resources */ = {
			isa = PBXResourcesBuildPhase;
			buildActionMask = 2147483647;
			files = (
				8AC7A61126872C4100C9CD98 /* Preview Assets.xcassets in Resources */,
				277E4DE82887F5C40020EC16 /* Localizable.strings in Resources */,
				8AC7A60E26872C4100C9CD98 /* Assets.xcassets in Resources */,
			);
			runOnlyForDeploymentPostprocessing = 0;
		};
/* End PBXResourcesBuildPhase section */

/* Begin PBXSourcesBuildPhase section */
		8AC7A5C926872C3E00C9CD98 /* Sources */ = {
			isa = PBXSourcesBuildPhase;
			buildActionMask = 2147483647;
			files = (
				277E4D902887F5C40020EC16 /* CalendarPage.swift in Sources */,
				277E4D9C2887F5C40020EC16 /* DashboardPage.swift in Sources */,
				277E4DD82887F5C40020EC16 /* THUtility.swift in Sources */,
				277E4DDE2887F5C40020EC16 /* AppView.swift in Sources */,
				277E4DD22887F5C40020EC16 /* THData.swift in Sources */,
				277E4DC62887F5C40020EC16 /* THAccountModel.swift in Sources */,
				277E4D6C2887F5C30020EC16 /* TagList.swift in Sources */,
				277E4DBA2887F5C40020EC16 /* THJsonParse.swift in Sources */,
				277E4DA82887F5C40020EC16 /* _FlexibleView.swift in Sources */,
				277E4D8A2887F5C40020EC16 /* THLoginPage.swift in Sources */,
				277E4DCC2887F5C40020EC16 /* THModels.swift in Sources */,
				277E4D782887F5C30020EC16 /* THFloorView.swift in Sources */,
				277E4D602887F5C30020EC16 /* AppSidebarNavigation.swift in Sources */,
				277E4DAE2887F5C40020EC16 /* FlexibleView.swift in Sources */,
				277E4D722887F5C30020EC16 /* THWelcomePage.swift in Sources */,
				277E4D7E2887F5C30020EC16 /* THHoleView.swift in Sources */,
				277E4D842887F5C30020EC16 /* THThread.swift in Sources */,
				277E4DA22887F5C40020EC16 /* SettingsPage.swift in Sources */,
				8AC7A5D326872C3E00C9CD98 /* ContentView.swift in Sources */,
				8AC7A5D126872C3E00C9CD98 /* DanXi_nativeApp.swift in Sources */,
				277E4D962887F5C40020EC16 /* TreeHolePage.swift in Sources */,
				277E4DC02887F5C40020EC16 /* THConstants.swift in Sources */,
				277E4D662887F5C30020EC16 /* AppTabNavigation.swift in Sources */,
				277E4DB42887F5C40020EC16 /* SizeReader.swift in Sources */,
			);
			runOnlyForDeploymentPostprocessing = 0;
		};
		8AC7A5FA26872C4000C9CD98 /* Sources */ = {
			isa = PBXSourcesBuildPhase;
			buildActionMask = 2147483647;
			files = (
				277E4D8D2887F5C40020EC16 /* THLoginPage.swift in Sources */,
				277E4D6F2887F5C30020EC16 /* TagList.swift in Sources */,
				277E4D872887F5C30020EC16 /* THThread.swift in Sources */,
				277E4D9F2887F5C40020EC16 /* DashboardPage.swift in Sources */,
				277E4D7B2887F5C30020EC16 /* THFloorView.swift in Sources */,
				277E4D692887F5C30020EC16 /* AppTabNavigation.swift in Sources */,
				277E4DB12887F5C40020EC16 /* FlexibleView.swift in Sources */,
				8AC7A60826872C4000C9CD98 /* NotificationController.swift in Sources */,
				8AC7A60626872C4000C9CD98 /* ContentView.swift in Sources */,
				277E4DB72887F5C40020EC16 /* SizeReader.swift in Sources */,
				277E4DDB2887F5C40020EC16 /* THUtility.swift in Sources */,
				277E4DC92887F5C40020EC16 /* THAccountModel.swift in Sources */,
				277E4D992887F5C40020EC16 /* TreeHolePage.swift in Sources */,
				277E4D632887F5C30020EC16 /* AppSidebarNavigation.swift in Sources */,
				277E4D932887F5C40020EC16 /* CalendarPage.swift in Sources */,
				277E4D812887F5C30020EC16 /* THHoleView.swift in Sources */,
				8AC7A60C26872C4000C9CD98 /* ComplicationController.swift in Sources */,
				277E4DAB2887F5C40020EC16 /* _FlexibleView.swift in Sources */,
				277E4DCF2887F5C40020EC16 /* THModels.swift in Sources */,
				277E4D752887F5C30020EC16 /* THWelcomePage.swift in Sources */,
				277E4DE12887F5C40020EC16 /* AppView.swift in Sources */,
				8AC7A60426872C4000C9CD98 /* DanXi_nativeApp.swift in Sources */,
				277E4DBD2887F5C40020EC16 /* THJsonParse.swift in Sources */,
				277E4DD52887F5C40020EC16 /* THData.swift in Sources */,
				277E4DA52887F5C40020EC16 /* SettingsPage.swift in Sources */,
				8AC7A60A26872C4000C9CD98 /* NotificationView.swift in Sources */,
				277E4DC32887F5C40020EC16 /* THConstants.swift in Sources */,
			);
			runOnlyForDeploymentPostprocessing = 0;
		};
/* End PBXSourcesBuildPhase section */

/* Begin PBXTargetDependency section */
		8AC7A5F526872C3F00C9CD98 /* PBXTargetDependency */ = {
			isa = PBXTargetDependency;
			platformFilter = ios;
			target = 8AC7A5F126872C3F00C9CD98 /* DanXi-native WatchKit App */;
			targetProxy = 8AC7A5F426872C3F00C9CD98 /* PBXContainerItemProxy */;
		};
		8AC7A60126872C4000C9CD98 /* PBXTargetDependency */ = {
			isa = PBXTargetDependency;
			target = 8AC7A5FD26872C4000C9CD98 /* DanXi-native WatchKit Extension */;
			targetProxy = 8AC7A60026872C4000C9CD98 /* PBXContainerItemProxy */;
		};
/* End PBXTargetDependency section */

/* Begin XCBuildConfiguration section */
		8AC7A62A26872C4100C9CD98 /* Debug */ = {
			isa = XCBuildConfiguration;
			buildSettings = {
				ALWAYS_SEARCH_USER_PATHS = NO;
				CLANG_ANALYZER_LOCALIZABILITY_NONLOCALIZED = YES;
				CLANG_ANALYZER_NONNULL = YES;
				CLANG_ANALYZER_NUMBER_OBJECT_CONVERSION = YES_AGGRESSIVE;
				CLANG_CXX_LANGUAGE_STANDARD = "gnu++14";
				CLANG_CXX_LIBRARY = "libc++";
				CLANG_ENABLE_MODULES = YES;
				CLANG_ENABLE_OBJC_ARC = YES;
				CLANG_ENABLE_OBJC_WEAK = YES;
				CLANG_WARN_BLOCK_CAPTURE_AUTORELEASING = YES;
				CLANG_WARN_BOOL_CONVERSION = YES;
				CLANG_WARN_COMMA = YES;
				CLANG_WARN_CONSTANT_CONVERSION = YES;
				CLANG_WARN_DEPRECATED_OBJC_IMPLEMENTATIONS = YES;
				CLANG_WARN_DIRECT_OBJC_ISA_USAGE = YES_ERROR;
				CLANG_WARN_DOCUMENTATION_COMMENTS = YES;
				CLANG_WARN_EMPTY_BODY = YES;
				CLANG_WARN_ENUM_CONVERSION = YES;
				CLANG_WARN_INFINITE_RECURSION = YES;
				CLANG_WARN_INT_CONVERSION = YES;
				CLANG_WARN_NON_LITERAL_NULL_CONVERSION = YES;
				CLANG_WARN_OBJC_IMPLICIT_RETAIN_SELF = YES;
				CLANG_WARN_OBJC_LITERAL_CONVERSION = YES;
				CLANG_WARN_OBJC_ROOT_CLASS = YES_ERROR;
				CLANG_WARN_QUOTED_INCLUDE_IN_FRAMEWORK_HEADER = YES;
				CLANG_WARN_RANGE_LOOP_ANALYSIS = YES;
				CLANG_WARN_STRICT_PROTOTYPES = YES;
				CLANG_WARN_SUSPICIOUS_MOVE = YES;
				CLANG_WARN_UNGUARDED_AVAILABILITY = YES_AGGRESSIVE;
				CLANG_WARN_UNREACHABLE_CODE = YES;
				CLANG_WARN__DUPLICATE_METHOD_MATCH = YES;
				COPY_PHASE_STRIP = NO;
				DEBUG_INFORMATION_FORMAT = dwarf;
				ENABLE_STRICT_OBJC_MSGSEND = YES;
				ENABLE_TESTABILITY = YES;
				GCC_C_LANGUAGE_STANDARD = gnu11;
				GCC_DYNAMIC_NO_PIC = NO;
				GCC_NO_COMMON_BLOCKS = YES;
				GCC_OPTIMIZATION_LEVEL = 0;
				GCC_PREPROCESSOR_DEFINITIONS = (
					"DEBUG=1",
					"$(inherited)",
				);
				GCC_WARN_64_TO_32_BIT_CONVERSION = YES;
				GCC_WARN_ABOUT_RETURN_TYPE = YES_ERROR;
				GCC_WARN_UNDECLARED_SELECTOR = YES;
				GCC_WARN_UNINITIALIZED_AUTOS = YES_AGGRESSIVE;
				GCC_WARN_UNUSED_FUNCTION = YES;
				GCC_WARN_UNUSED_VARIABLE = YES;
				MTL_ENABLE_DEBUG_INFO = INCLUDE_SOURCE;
				MTL_FAST_MATH = YES;
				ONLY_ACTIVE_ARCH = YES;
				SWIFT_ACTIVE_COMPILATION_CONDITIONS = DEBUG;
				SWIFT_OPTIMIZATION_LEVEL = "-Onone";
			};
			name = Debug;
		};
		8AC7A62B26872C4100C9CD98 /* Release */ = {
			isa = XCBuildConfiguration;
			buildSettings = {
				ALWAYS_SEARCH_USER_PATHS = NO;
				CLANG_ANALYZER_LOCALIZABILITY_NONLOCALIZED = YES;
				CLANG_ANALYZER_NONNULL = YES;
				CLANG_ANALYZER_NUMBER_OBJECT_CONVERSION = YES_AGGRESSIVE;
				CLANG_CXX_LANGUAGE_STANDARD = "gnu++14";
				CLANG_CXX_LIBRARY = "libc++";
				CLANG_ENABLE_MODULES = YES;
				CLANG_ENABLE_OBJC_ARC = YES;
				CLANG_ENABLE_OBJC_WEAK = YES;
				CLANG_WARN_BLOCK_CAPTURE_AUTORELEASING = YES;
				CLANG_WARN_BOOL_CONVERSION = YES;
				CLANG_WARN_COMMA = YES;
				CLANG_WARN_CONSTANT_CONVERSION = YES;
				CLANG_WARN_DEPRECATED_OBJC_IMPLEMENTATIONS = YES;
				CLANG_WARN_DIRECT_OBJC_ISA_USAGE = YES_ERROR;
				CLANG_WARN_DOCUMENTATION_COMMENTS = YES;
				CLANG_WARN_EMPTY_BODY = YES;
				CLANG_WARN_ENUM_CONVERSION = YES;
				CLANG_WARN_INFINITE_RECURSION = YES;
				CLANG_WARN_INT_CONVERSION = YES;
				CLANG_WARN_NON_LITERAL_NULL_CONVERSION = YES;
				CLANG_WARN_OBJC_IMPLICIT_RETAIN_SELF = YES;
				CLANG_WARN_OBJC_LITERAL_CONVERSION = YES;
				CLANG_WARN_OBJC_ROOT_CLASS = YES_ERROR;
				CLANG_WARN_QUOTED_INCLUDE_IN_FRAMEWORK_HEADER = YES;
				CLANG_WARN_RANGE_LOOP_ANALYSIS = YES;
				CLANG_WARN_STRICT_PROTOTYPES = YES;
				CLANG_WARN_SUSPICIOUS_MOVE = YES;
				CLANG_WARN_UNGUARDED_AVAILABILITY = YES_AGGRESSIVE;
				CLANG_WARN_UNREACHABLE_CODE = YES;
				CLANG_WARN__DUPLICATE_METHOD_MATCH = YES;
				COPY_PHASE_STRIP = NO;
				DEBUG_INFORMATION_FORMAT = "dwarf-with-dsym";
				ENABLE_NS_ASSERTIONS = NO;
				ENABLE_STRICT_OBJC_MSGSEND = YES;
				GCC_C_LANGUAGE_STANDARD = gnu11;
				GCC_NO_COMMON_BLOCKS = YES;
				GCC_WARN_64_TO_32_BIT_CONVERSION = YES;
				GCC_WARN_ABOUT_RETURN_TYPE = YES_ERROR;
				GCC_WARN_UNDECLARED_SELECTOR = YES;
				GCC_WARN_UNINITIALIZED_AUTOS = YES_AGGRESSIVE;
				GCC_WARN_UNUSED_FUNCTION = YES;
				GCC_WARN_UNUSED_VARIABLE = YES;
				MTL_ENABLE_DEBUG_INFO = NO;
				MTL_FAST_MATH = YES;
				SWIFT_COMPILATION_MODE = wholemodule;
				SWIFT_OPTIMIZATION_LEVEL = "-O";
			};
			name = Release;
		};
		8AC7A62D26872C4100C9CD98 /* Debug */ = {
			isa = XCBuildConfiguration;
			buildSettings = {
				ASSETCATALOG_COMPILER_COMPLICATION_NAME = Complication;
				CODE_SIGN_ENTITLEMENTS = "DanXi-native WatchKit Extension/DanXi-native WatchKit Extension.entitlements";
				CODE_SIGN_IDENTITY = "Apple Development";
				CODE_SIGN_STYLE = Automatic;
				CURRENT_PROJECT_VERSION = 190;
				DEVELOPMENT_ASSET_PATHS = "\"DanXi-native WatchKit Extension/Preview Content\"";
				DEVELOPMENT_TEAM = QZ9KCS2T78;
				ENABLE_PREVIEWS = YES;
				FRAMEWORK_SEARCH_PATHS = "";
				INFOPLIST_FILE = "DanXi-native WatchKit Extension/Info.plist";
				LD_RUNPATH_SEARCH_PATHS = (
					"$(inherited)",
					"@executable_path/Frameworks",
					"@executable_path/../../Frameworks",
				);
				MARKETING_VERSION = 1.3.11;
				PRODUCT_BUNDLE_IDENTIFIER = "io.github.danxi-dev.dan-xi.watchapp.watchExtension";
				PRODUCT_NAME = "${TARGET_NAME}";
				PROVISIONING_PROFILE_SPECIFIER = "";
				SDKROOT = watchos;
				SKIP_INSTALL = YES;
				SWIFT_VERSION = 5.0;
				TARGETED_DEVICE_FAMILY = 4;
				WATCHOS_DEPLOYMENT_TARGET = 8.0;
			};
			name = Debug;
		};
		8AC7A62E26872C4100C9CD98 /* Release */ = {
			isa = XCBuildConfiguration;
			buildSettings = {
				ASSETCATALOG_COMPILER_COMPLICATION_NAME = Complication;
				CODE_SIGN_ENTITLEMENTS = "DanXi-native WatchKit Extension/DanXi-native WatchKit Extension.entitlements";
				CODE_SIGN_IDENTITY = "Apple Development";
				CODE_SIGN_STYLE = Automatic;
				CURRENT_PROJECT_VERSION = 190;
				DEVELOPMENT_ASSET_PATHS = "\"DanXi-native WatchKit Extension/Preview Content\"";
				DEVELOPMENT_TEAM = QZ9KCS2T78;
				ENABLE_PREVIEWS = YES;
				FRAMEWORK_SEARCH_PATHS = "";
				INFOPLIST_FILE = "DanXi-native WatchKit Extension/Info.plist";
				LD_RUNPATH_SEARCH_PATHS = (
					"$(inherited)",
					"@executable_path/Frameworks",
					"@executable_path/../../Frameworks",
				);
				MARKETING_VERSION = 1.3.11;
				PRODUCT_BUNDLE_IDENTIFIER = "io.github.danxi-dev.dan-xi.watchapp.watchExtension";
				PRODUCT_NAME = "${TARGET_NAME}";
				PROVISIONING_PROFILE_SPECIFIER = "";
				SDKROOT = watchos;
				SKIP_INSTALL = YES;
				SWIFT_VERSION = 5.0;
				TARGETED_DEVICE_FAMILY = 4;
				VALIDATE_PRODUCT = YES;
				WATCHOS_DEPLOYMENT_TARGET = 8.0;
			};
			name = Release;
		};
		8AC7A63126872C4100C9CD98 /* Debug */ = {
			isa = XCBuildConfiguration;
			buildSettings = {
				ALWAYS_EMBED_SWIFT_STANDARD_LIBRARIES = YES;
				ASSETCATALOG_COMPILER_APPICON_NAME = AppIcon;
				ASSETCATALOG_COMPILER_GLOBAL_ACCENT_COLOR_NAME = AccentColor;
				CLANG_ENABLE_MODULES = YES;
				CODE_SIGN_IDENTITY = "Apple Development";
				CODE_SIGN_STYLE = Automatic;
				CURRENT_PROJECT_VERSION = 190;
				DEVELOPMENT_TEAM = QZ9KCS2T78;
				FRAMEWORK_SEARCH_PATHS = "";
				IBSC_MODULE = DanXi_native_WatchKit_Extension;
				INFOPLIST_FILE = "DanXi-native WatchKit App/Info.plist";
				LD_RUNPATH_SEARCH_PATHS = (
					"$(inherited)",
					"@executable_path/../Frameworks",
					"@loader_path/../Frameworks",
				);
				MARKETING_VERSION = 1.3.11;
				PRODUCT_BUNDLE_IDENTIFIER = "io.github.danxi-dev.dan-xi.watchapp";
				PRODUCT_NAME = "$(TARGET_NAME)";
				PROVISIONING_PROFILE_SPECIFIER = "";
				SDKROOT = watchos;
				SKIP_INSTALL = YES;
				SWIFT_OBJC_BRIDGING_HEADER = "Shared/DanXi-native WatchKit App-Bridging-Header.h";
				SWIFT_OPTIMIZATION_LEVEL = "-Onone";
				SWIFT_VERSION = 5.0;
				TARGETED_DEVICE_FAMILY = 4;
				WATCHOS_DEPLOYMENT_TARGET = 8.0;
			};
			name = Debug;
		};
		8AC7A63226872C4100C9CD98 /* Release */ = {
			isa = XCBuildConfiguration;
			buildSettings = {
				ALWAYS_EMBED_SWIFT_STANDARD_LIBRARIES = YES;
				ASSETCATALOG_COMPILER_APPICON_NAME = AppIcon;
				ASSETCATALOG_COMPILER_GLOBAL_ACCENT_COLOR_NAME = AccentColor;
				CLANG_ENABLE_MODULES = YES;
				CODE_SIGN_IDENTITY = "Apple Development";
				CODE_SIGN_STYLE = Automatic;
				CURRENT_PROJECT_VERSION = 190;
				DEVELOPMENT_TEAM = QZ9KCS2T78;
				FRAMEWORK_SEARCH_PATHS = "";
				IBSC_MODULE = DanXi_native_WatchKit_Extension;
				INFOPLIST_FILE = "DanXi-native WatchKit App/Info.plist";
				LD_RUNPATH_SEARCH_PATHS = (
					"$(inherited)",
					"@executable_path/../Frameworks",
					"@loader_path/../Frameworks",
				);
				MARKETING_VERSION = 1.3.11;
				PRODUCT_BUNDLE_IDENTIFIER = "io.github.danxi-dev.dan-xi.watchapp";
				PRODUCT_NAME = "$(TARGET_NAME)";
				PROVISIONING_PROFILE_SPECIFIER = "";
				SDKROOT = watchos;
				SKIP_INSTALL = YES;
				SWIFT_OBJC_BRIDGING_HEADER = "Shared/DanXi-native WatchKit App-Bridging-Header.h";
				SWIFT_VERSION = 5.0;
				TARGETED_DEVICE_FAMILY = 4;
				VALIDATE_PRODUCT = YES;
				WATCHOS_DEPLOYMENT_TARGET = 8.0;
			};
			name = Release;
		};
		8AC7A63526872C4100C9CD98 /* Debug */ = {
			isa = XCBuildConfiguration;
			buildSettings = {
				ASSETCATALOG_COMPILER_APPICON_NAME = AppIcon;
				ASSETCATALOG_COMPILER_GLOBAL_ACCENT_COLOR_NAME = AccentColor;
				CODE_SIGN_ENTITLEMENTS = "DanXi-native/DanXi-native.entitlements";
				CODE_SIGN_IDENTITY = "Apple Development";
				"CODE_SIGN_IDENTITY[sdk=macosx*]" = "Apple Development";
				CODE_SIGN_STYLE = Automatic;
				CURRENT_PROJECT_VERSION = 190;
				DEVELOPMENT_ASSET_PATHS = "\"DanXi-native/Preview Content\"";
				DEVELOPMENT_TEAM = QZ9KCS2T78;
				ENABLE_PREVIEWS = YES;
				INFOPLIST_FILE = "DanXi-native/Info.plist";
				IPHONEOS_DEPLOYMENT_TARGET = 15.0;
				LD_RUNPATH_SEARCH_PATHS = (
					"$(inherited)",
					"@executable_path/Frameworks",
				);
				MARKETING_VERSION = 1.3.11;
				OTHER_SWIFT_FLAGS = "";
				PRODUCT_BUNDLE_IDENTIFIER = "io.github.danxi-dev.dan-xi";
				PRODUCT_NAME = "$(TARGET_NAME)";
				PROVISIONING_PROFILE_SPECIFIER = "";
				"PROVISIONING_PROFILE_SPECIFIER[sdk=macosx*]" = "";
				SDKROOT = iphoneos;
				SUPPORTS_MACCATALYST = YES;
				SWIFT_VERSION = 5.0;
				TARGETED_DEVICE_FAMILY = "1,2";
			};
			name = Debug;
		};
		8AC7A63626872C4100C9CD98 /* Release */ = {
			isa = XCBuildConfiguration;
			buildSettings = {
				ASSETCATALOG_COMPILER_APPICON_NAME = AppIcon;
				ASSETCATALOG_COMPILER_GLOBAL_ACCENT_COLOR_NAME = AccentColor;
				CODE_SIGN_ENTITLEMENTS = "DanXi-native/DanXi-native.entitlements";
				CODE_SIGN_IDENTITY = "Apple Development";
				"CODE_SIGN_IDENTITY[sdk=macosx*]" = "Apple Development";
				CODE_SIGN_STYLE = Automatic;
				CURRENT_PROJECT_VERSION = 190;
				DEVELOPMENT_ASSET_PATHS = "\"DanXi-native/Preview Content\"";
				DEVELOPMENT_TEAM = QZ9KCS2T78;
				ENABLE_PREVIEWS = YES;
				INFOPLIST_FILE = "DanXi-native/Info.plist";
				IPHONEOS_DEPLOYMENT_TARGET = 15.0;
				LD_RUNPATH_SEARCH_PATHS = (
					"$(inherited)",
					"@executable_path/Frameworks",
				);
				MARKETING_VERSION = 1.3.11;
				OTHER_SWIFT_FLAGS = "";
				PRODUCT_BUNDLE_IDENTIFIER = "io.github.danxi-dev.dan-xi";
				PRODUCT_NAME = "$(TARGET_NAME)";
				PROVISIONING_PROFILE_SPECIFIER = "";
				"PROVISIONING_PROFILE_SPECIFIER[sdk=macosx*]" = "";
				SDKROOT = iphoneos;
				SUPPORTS_MACCATALYST = YES;
				SWIFT_VERSION = 5.0;
				TARGETED_DEVICE_FAMILY = "1,2";
				VALIDATE_PRODUCT = YES;
			};
			name = Release;
		};
/* End XCBuildConfiguration section */

/* Begin XCConfigurationList section */
		8AC7A5C826872C3E00C9CD98 /* Build configuration list for PBXProject "DanXi-native" */ = {
			isa = XCConfigurationList;
			buildConfigurations = (
				8AC7A62A26872C4100C9CD98 /* Debug */,
				8AC7A62B26872C4100C9CD98 /* Release */,
			);
			defaultConfigurationIsVisible = 0;
			defaultConfigurationName = Release;
		};
		8AC7A62C26872C4100C9CD98 /* Build configuration list for PBXNativeTarget "DanXi-native WatchKit Extension" */ = {
			isa = XCConfigurationList;
			buildConfigurations = (
				8AC7A62D26872C4100C9CD98 /* Debug */,
				8AC7A62E26872C4100C9CD98 /* Release */,
			);
			defaultConfigurationIsVisible = 0;
			defaultConfigurationName = Release;
		};
		8AC7A63026872C4100C9CD98 /* Build configuration list for PBXNativeTarget "DanXi-native WatchKit App" */ = {
			isa = XCConfigurationList;
			buildConfigurations = (
				8AC7A63126872C4100C9CD98 /* Debug */,
				8AC7A63226872C4100C9CD98 /* Release */,
			);
			defaultConfigurationIsVisible = 0;
			defaultConfigurationName = Release;
		};
		8AC7A63426872C4100C9CD98 /* Build configuration list for PBXNativeTarget "DanXi-native" */ = {
			isa = XCConfigurationList;
			buildConfigurations = (
				8AC7A63526872C4100C9CD98 /* Debug */,
				8AC7A63626872C4100C9CD98 /* Release */,
			);
			defaultConfigurationIsVisible = 0;
			defaultConfigurationName = Release;
		};
/* End XCConfigurationList section */

/* Begin XCRemoteSwiftPackageReference section */
		77F437EE27D7A3180082920E /* XCRemoteSwiftPackageReference "Alamofire" */ = {
			isa = XCRemoteSwiftPackageReference;
			repositoryURL = "https://github.com/Alamofire/Alamofire.git";
			requirement = {
				kind = upToNextMajorVersion;
				minimumVersion = 5.0.0;
			};
		};
/* End XCRemoteSwiftPackageReference section */

/* Begin XCSwiftPackageProductDependency section */
		7795D21B27D82B1C00840D02 /* Alamofire */ = {
			isa = XCSwiftPackageProductDependency;
			package = 77F437EE27D7A3180082920E /* XCRemoteSwiftPackageReference "Alamofire" */;
			productName = Alamofire;
		};
		77F437EF27D7A3180082920E /* Alamofire */ = {
			isa = XCSwiftPackageProductDependency;
			package = 77F437EE27D7A3180082920E /* XCRemoteSwiftPackageReference "Alamofire" */;
			productName = Alamofire;
		};
/* End XCSwiftPackageProductDependency section */
	};
	rootObject = 8AC7A5C526872C3E00C9CD98 /* Project object */;
}
