// !$*UTF8*$!
{
	archiveVersion = 1;
	classes = {
	};
	objectVersion = 52;
	objects = {

/* Begin PBXBuildFile section */
		7777376E27D8BF88001E6513 /* LoginPage.swift in Sources */ = {isa = PBXBuildFile; fileRef = 8AA66BF4268AE98F00AE8629 /* LoginPage.swift */; };
		7777376F27D8BF9E001E6513 /* TreeHoleDetailsPage.swift in Sources */ = {isa = PBXBuildFile; fileRef = 8ABA2E42268D86060003420A /* TreeHoleDetailsPage.swift */; };
		7777377027D8BF9E001E6513 /* TreeHolePage.swift in Sources */ = {isa = PBXBuildFile; fileRef = 8AC7A64C2687341300C9CD98 /* TreeHolePage.swift */; };
		7777377127D8BF9E001E6513 /* DashboardPage.swift in Sources */ = {isa = PBXBuildFile; fileRef = 8AC7A649268733E600C9CD98 /* DashboardPage.swift */; };
		7777377227D8BF9E001E6513 /* SettingsPage.swift in Sources */ = {isa = PBXBuildFile; fileRef = 8AC7A64E2687347300C9CD98 /* SettingsPage.swift */; };
		7777377327D8C0A5001E6513 /* Localizable.strings in Resources */ = {isa = PBXBuildFile; fileRef = 8AA66BFA268AEB4600AE8629 /* Localizable.strings */; };
		7795D21C27D82B1C00840D02 /* Alamofire in Frameworks */ = {isa = PBXBuildFile; productRef = 7795D21B27D82B1C00840D02 /* Alamofire */; };
		7795D21E27D8368800840D02 /* DefaultsManager.swift in Sources */ = {isa = PBXBuildFile; fileRef = 7795D21D27D8368800840D02 /* DefaultsManager.swift */; };
		7795D21F27D8368800840D02 /* DefaultsManager.swift in Sources */ = {isa = PBXBuildFile; fileRef = 7795D21D27D8368800840D02 /* DefaultsManager.swift */; };
		77B01AD127D85E9D00547698 /* TreeHoleViewModels.swift in Sources */ = {isa = PBXBuildFile; fileRef = 77B01AD027D85E9D00547698 /* TreeHoleViewModels.swift */; };
		77B01AD227D85E9D00547698 /* TreeHoleViewModels.swift in Sources */ = {isa = PBXBuildFile; fileRef = 77B01AD027D85E9D00547698 /* TreeHoleViewModels.swift */; };
		77B01AD527D87DC200547698 /* LoginViewModel.swift in Sources */ = {isa = PBXBuildFile; fileRef = 77B01AD427D87DC200547698 /* LoginViewModel.swift */; };
		77B01AD627D87DC200547698 /* LoginViewModel.swift in Sources */ = {isa = PBXBuildFile; fileRef = 77B01AD427D87DC200547698 /* LoginViewModel.swift */; };
		77B01AD927D8806400547698 /* TreeHolePageViewModel.swift in Sources */ = {isa = PBXBuildFile; fileRef = 77B01AD827D8806400547698 /* TreeHolePageViewModel.swift */; };
		77B01ADA27D8806400547698 /* TreeHolePageViewModel.swift in Sources */ = {isa = PBXBuildFile; fileRef = 77B01AD827D8806400547698 /* TreeHolePageViewModel.swift */; };
		77F437EC27D78EE70082920E /* PagedListView.swift in Sources */ = {isa = PBXBuildFile; fileRef = 77F437EB27D78EE70082920E /* PagedListView.swift */; };
		77F437ED27D78EE70082920E /* PagedListView.swift in Sources */ = {isa = PBXBuildFile; fileRef = 77F437EB27D78EE70082920E /* PagedListView.swift */; };
		77F437F027D7A3180082920E /* Alamofire in Frameworks */ = {isa = PBXBuildFile; productRef = 77F437EF27D7A3180082920E /* Alamofire */; };
		77F437F227D7AB440082920E /* AppManager.swift in Sources */ = {isa = PBXBuildFile; fileRef = 77F437F127D7AB440082920E /* AppManager.swift */; };
		77F437F327D7AB440082920E /* AppManager.swift in Sources */ = {isa = PBXBuildFile; fileRef = 77F437F127D7AB440082920E /* AppManager.swift */; };
		8A959AA3268B4E94004B73AF /* PublicExtension.swift in Sources */ = {isa = PBXBuildFile; fileRef = 8A959AA2268B4E94004B73AF /* PublicExtension.swift */; };
		8AA66BF5268AE98F00AE8629 /* LoginPage.swift in Sources */ = {isa = PBXBuildFile; fileRef = 8AA66BF4268AE98F00AE8629 /* LoginPage.swift */; };
		8AA66BF8268AEB4600AE8629 /* Localizable.strings in Resources */ = {isa = PBXBuildFile; fileRef = 8AA66BFA268AEB4600AE8629 /* Localizable.strings */; };
		8AA9F877269D97EE0085D93D /* TreeHoleRepository.swift in Sources */ = {isa = PBXBuildFile; fileRef = 8AC7A655268736E900C9CD98 /* TreeHoleRepository.swift */; };
		8AA9F878269D97F70085D93D /* THPostView.swift in Sources */ = {isa = PBXBuildFile; fileRef = 8AC8D276268B087100B21A3E /* THPostView.swift */; };
		8AA9F879269D97F70085D93D /* THPostDetailView.swift in Sources */ = {isa = PBXBuildFile; fileRef = 8ABA2E44268D862A0003420A /* THPostDetailView.swift */; };
		8AA9F87A269D98ED0085D93D /* TreeHoleModels.swift in Sources */ = {isa = PBXBuildFile; fileRef = 8AC7A6502687359F00C9CD98 /* TreeHoleModels.swift */; };
		8AA9F87C269D99030085D93D /* ErrorView.swift in Sources */ = {isa = PBXBuildFile; fileRef = 8AA9F87B269D99030085D93D /* ErrorView.swift */; };
		8AA9F87D269D99030085D93D /* ErrorView.swift in Sources */ = {isa = PBXBuildFile; fileRef = 8AA9F87B269D99030085D93D /* ErrorView.swift */; };
		8ABA2E43268D86060003420A /* TreeHoleDetailsPage.swift in Sources */ = {isa = PBXBuildFile; fileRef = 8ABA2E42268D86060003420A /* TreeHoleDetailsPage.swift */; };
		8ABA2E45268D862A0003420A /* THPostDetailView.swift in Sources */ = {isa = PBXBuildFile; fileRef = 8ABA2E44268D862A0003420A /* THPostDetailView.swift */; };
		8AC7A5D126872C3E00C9CD98 /* DanXi_nativeApp.swift in Sources */ = {isa = PBXBuildFile; fileRef = 8AC7A5D026872C3E00C9CD98 /* DanXi_nativeApp.swift */; };
		8AC7A5D326872C3E00C9CD98 /* ContentView.swift in Sources */ = {isa = PBXBuildFile; fileRef = 8AC7A5D226872C3E00C9CD98 /* ContentView.swift */; };
		8AC7A5D526872C3F00C9CD98 /* Assets.xcassets in Resources */ = {isa = PBXBuildFile; fileRef = 8AC7A5D426872C3F00C9CD98 /* Assets.xcassets */; };
		8AC7A5D826872C3F00C9CD98 /* Preview Assets.xcassets in Resources */ = {isa = PBXBuildFile; fileRef = 8AC7A5D726872C3F00C9CD98 /* Preview Assets.xcassets */; };
		8AC7A5E326872C3F00C9CD98 /* DanXi_nativeTests.swift in Sources */ = {isa = PBXBuildFile; fileRef = 8AC7A5E226872C3F00C9CD98 /* DanXi_nativeTests.swift */; };
		8AC7A5EE26872C3F00C9CD98 /* DanXi_nativeUITests.swift in Sources */ = {isa = PBXBuildFile; fileRef = 8AC7A5ED26872C3F00C9CD98 /* DanXi_nativeUITests.swift */; };
		8AC7A5F326872C3F00C9CD98 /* DanXi-native WatchKit App.app in Embed Watch Content */ = {isa = PBXBuildFile; fileRef = 8AC7A5F226872C3F00C9CD98 /* DanXi-native WatchKit App.app */; platformFilter = ios; settings = {ATTRIBUTES = (RemoveHeadersOnCopy, ); }; };
		8AC7A5F826872C4000C9CD98 /* Assets.xcassets in Resources */ = {isa = PBXBuildFile; fileRef = 8AC7A5F726872C4000C9CD98 /* Assets.xcassets */; };
		8AC7A5FF26872C4000C9CD98 /* DanXi-native WatchKit Extension.appex in Embed App Extensions */ = {isa = PBXBuildFile; fileRef = 8AC7A5FE26872C4000C9CD98 /* DanXi-native WatchKit Extension.appex */; settings = {ATTRIBUTES = (RemoveHeadersOnCopy, ); }; };
		8AC7A60426872C4000C9CD98 /* DanXi_nativeApp.swift in Sources */ = {isa = PBXBuildFile; fileRef = 8AC7A60326872C4000C9CD98 /* DanXi_nativeApp.swift */; };
		8AC7A60626872C4000C9CD98 /* ContentView.swift in Sources */ = {isa = PBXBuildFile; fileRef = 8AC7A60526872C4000C9CD98 /* ContentView.swift */; };
		8AC7A60826872C4000C9CD98 /* NotificationController.swift in Sources */ = {isa = PBXBuildFile; fileRef = 8AC7A60726872C4000C9CD98 /* NotificationController.swift */; };
		8AC7A60A26872C4000C9CD98 /* NotificationView.swift in Sources */ = {isa = PBXBuildFile; fileRef = 8AC7A60926872C4000C9CD98 /* NotificationView.swift */; };
		8AC7A60C26872C4000C9CD98 /* ComplicationController.swift in Sources */ = {isa = PBXBuildFile; fileRef = 8AC7A60B26872C4000C9CD98 /* ComplicationController.swift */; };
		8AC7A60E26872C4100C9CD98 /* Assets.xcassets in Resources */ = {isa = PBXBuildFile; fileRef = 8AC7A60D26872C4100C9CD98 /* Assets.xcassets */; };
		8AC7A61126872C4100C9CD98 /* Preview Assets.xcassets in Resources */ = {isa = PBXBuildFile; fileRef = 8AC7A61026872C4100C9CD98 /* Preview Assets.xcassets */; };
		8AC7A61D26872C4100C9CD98 /* DanXi_native_WatchKit_AppTests.swift in Sources */ = {isa = PBXBuildFile; fileRef = 8AC7A61C26872C4100C9CD98 /* DanXi_native_WatchKit_AppTests.swift */; };
		8AC7A62826872C4100C9CD98 /* DanXi_native_WatchKit_AppUITests.swift in Sources */ = {isa = PBXBuildFile; fileRef = 8AC7A62726872C4100C9CD98 /* DanXi_native_WatchKit_AppUITests.swift */; };
		8AC7A64A268733E600C9CD98 /* DashboardPage.swift in Sources */ = {isa = PBXBuildFile; fileRef = 8AC7A649268733E600C9CD98 /* DashboardPage.swift */; };
		8AC7A64D2687341300C9CD98 /* TreeHolePage.swift in Sources */ = {isa = PBXBuildFile; fileRef = 8AC7A64C2687341300C9CD98 /* TreeHolePage.swift */; };
		8AC7A64F2687347300C9CD98 /* SettingsPage.swift in Sources */ = {isa = PBXBuildFile; fileRef = 8AC7A64E2687347300C9CD98 /* SettingsPage.swift */; };
		8AC7A6512687359F00C9CD98 /* TreeHoleModels.swift in Sources */ = {isa = PBXBuildFile; fileRef = 8AC7A6502687359F00C9CD98 /* TreeHoleModels.swift */; };
		8AC7A656268736E900C9CD98 /* TreeHoleRepository.swift in Sources */ = {isa = PBXBuildFile; fileRef = 8AC7A655268736E900C9CD98 /* TreeHoleRepository.swift */; };
		8AC8D277268B087100B21A3E /* THPostView.swift in Sources */ = {isa = PBXBuildFile; fileRef = 8AC8D276268B087100B21A3E /* THPostView.swift */; };
/* End PBXBuildFile section */

/* Begin PBXContainerItemProxy section */
		8AC7A5DF26872C3F00C9CD98 /* PBXContainerItemProxy */ = {
			isa = PBXContainerItemProxy;
			containerPortal = 8AC7A5C526872C3E00C9CD98 /* Project object */;
			proxyType = 1;
			remoteGlobalIDString = 8AC7A5CC26872C3E00C9CD98;
			remoteInfo = "DanXi-native";
		};
		8AC7A5EA26872C3F00C9CD98 /* PBXContainerItemProxy */ = {
			isa = PBXContainerItemProxy;
			containerPortal = 8AC7A5C526872C3E00C9CD98 /* Project object */;
			proxyType = 1;
			remoteGlobalIDString = 8AC7A5CC26872C3E00C9CD98;
			remoteInfo = "DanXi-native";
		};
		8AC7A5F426872C3F00C9CD98 /* PBXContainerItemProxy */ = {
			isa = PBXContainerItemProxy;
			containerPortal = 8AC7A5C526872C3E00C9CD98 /* Project object */;
			proxyType = 1;
			remoteGlobalIDString = 8AC7A5F126872C3F00C9CD98;
			remoteInfo = "DanXi-native WatchKit App";
		};
		8AC7A60026872C4000C9CD98 /* PBXContainerItemProxy */ = {
			isa = PBXContainerItemProxy;
			containerPortal = 8AC7A5C526872C3E00C9CD98 /* Project object */;
			proxyType = 1;
			remoteGlobalIDString = 8AC7A5FD26872C4000C9CD98;
			remoteInfo = "DanXi-native WatchKit Extension";
		};
		8AC7A61926872C4100C9CD98 /* PBXContainerItemProxy */ = {
			isa = PBXContainerItemProxy;
			containerPortal = 8AC7A5C526872C3E00C9CD98 /* Project object */;
			proxyType = 1;
			remoteGlobalIDString = 8AC7A5FD26872C4000C9CD98;
			remoteInfo = "DanXi-native WatchKit Extension";
		};
		8AC7A62426872C4100C9CD98 /* PBXContainerItemProxy */ = {
			isa = PBXContainerItemProxy;
			containerPortal = 8AC7A5C526872C3E00C9CD98 /* Project object */;
			proxyType = 1;
			remoteGlobalIDString = 8AC7A5F126872C3F00C9CD98;
			remoteInfo = "DanXi-native WatchKit App";
		};
/* End PBXContainerItemProxy section */

/* Begin PBXCopyFilesBuildPhase section */
		8AC7A62F26872C4100C9CD98 /* Embed App Extensions */ = {
			isa = PBXCopyFilesBuildPhase;
			buildActionMask = 2147483647;
			dstPath = "";
			dstSubfolderSpec = 13;
			files = (
				8AC7A5FF26872C4000C9CD98 /* DanXi-native WatchKit Extension.appex in Embed App Extensions */,
			);
			name = "Embed App Extensions";
			runOnlyForDeploymentPostprocessing = 0;
		};
		8AC7A63326872C4100C9CD98 /* Embed Watch Content */ = {
			isa = PBXCopyFilesBuildPhase;
			buildActionMask = 2147483647;
			dstPath = "$(CONTENTS_FOLDER_PATH)/Watch";
			dstSubfolderSpec = 16;
			files = (
				8AC7A5F326872C3F00C9CD98 /* DanXi-native WatchKit App.app in Embed Watch Content */,
			);
			name = "Embed Watch Content";
			runOnlyForDeploymentPostprocessing = 0;
		};
/* End PBXCopyFilesBuildPhase section */

/* Begin PBXFileReference section */
		7795D21D27D8368800840D02 /* DefaultsManager.swift */ = {isa = PBXFileReference; lastKnownFileType = sourcecode.swift; path = DefaultsManager.swift; sourceTree = "<group>"; };
		7795D22027D8390F00840D02 /* DanXi-native WatchKit Extension.entitlements */ = {isa = PBXFileReference; lastKnownFileType = text.plist.entitlements; path = "DanXi-native WatchKit Extension.entitlements"; sourceTree = "<group>"; };
		77B01AD027D85E9D00547698 /* TreeHoleViewModels.swift */ = {isa = PBXFileReference; lastKnownFileType = sourcecode.swift; path = TreeHoleViewModels.swift; sourceTree = "<group>"; };
		77B01AD427D87DC200547698 /* LoginViewModel.swift */ = {isa = PBXFileReference; lastKnownFileType = sourcecode.swift; path = LoginViewModel.swift; sourceTree = "<group>"; };
		77B01AD827D8806400547698 /* TreeHolePageViewModel.swift */ = {isa = PBXFileReference; lastKnownFileType = sourcecode.swift; path = TreeHolePageViewModel.swift; sourceTree = "<group>"; };
		77F437E627D78EB60082920E /* DanXi-native WatchKit App-Bridging-Header.h */ = {isa = PBXFileReference; lastKnownFileType = sourcecode.c.h; path = "DanXi-native WatchKit App-Bridging-Header.h"; sourceTree = "<group>"; };
		77F437EB27D78EE70082920E /* PagedListView.swift */ = {isa = PBXFileReference; lastKnownFileType = sourcecode.swift; path = PagedListView.swift; sourceTree = "<group>"; };
		77F437F127D7AB440082920E /* AppManager.swift */ = {isa = PBXFileReference; lastKnownFileType = sourcecode.swift; path = AppManager.swift; sourceTree = "<group>"; };
		8A959AA2268B4E94004B73AF /* PublicExtension.swift */ = {isa = PBXFileReference; lastKnownFileType = sourcecode.swift; path = PublicExtension.swift; sourceTree = "<group>"; };
		8AA66BF4268AE98F00AE8629 /* LoginPage.swift */ = {isa = PBXFileReference; lastKnownFileType = sourcecode.swift; path = LoginPage.swift; sourceTree = "<group>"; };
		8AA66BF9268AEB4600AE8629 /* en */ = {isa = PBXFileReference; lastKnownFileType = text.plist.strings; name = en; path = en.lproj/Localizable.strings; sourceTree = "<group>"; };
		8AA66BFB268AEB4800AE8629 /* zh-Hans */ = {isa = PBXFileReference; lastKnownFileType = text.plist.strings; name = "zh-Hans"; path = "zh-Hans.lproj/Localizable.strings"; sourceTree = "<group>"; };
		8AA9F87B269D99030085D93D /* ErrorView.swift */ = {isa = PBXFileReference; lastKnownFileType = sourcecode.swift; path = ErrorView.swift; sourceTree = "<group>"; };
		8AAABD4326881E0500486D37 /* DanXi-native.entitlements */ = {isa = PBXFileReference; lastKnownFileType = text.plist.entitlements; path = "DanXi-native.entitlements"; sourceTree = "<group>"; };
		8ABA2E42268D86060003420A /* TreeHoleDetailsPage.swift */ = {isa = PBXFileReference; lastKnownFileType = sourcecode.swift; path = TreeHoleDetailsPage.swift; sourceTree = "<group>"; };
		8ABA2E44268D862A0003420A /* THPostDetailView.swift */ = {isa = PBXFileReference; lastKnownFileType = sourcecode.swift; path = THPostDetailView.swift; sourceTree = "<group>"; };
		8AC7A5CD26872C3E00C9CD98 /* DanXi-native.app */ = {isa = PBXFileReference; explicitFileType = wrapper.application; includeInIndex = 0; path = "DanXi-native.app"; sourceTree = BUILT_PRODUCTS_DIR; };
		8AC7A5D026872C3E00C9CD98 /* DanXi_nativeApp.swift */ = {isa = PBXFileReference; lastKnownFileType = sourcecode.swift; path = DanXi_nativeApp.swift; sourceTree = "<group>"; };
		8AC7A5D226872C3E00C9CD98 /* ContentView.swift */ = {isa = PBXFileReference; lastKnownFileType = sourcecode.swift; path = ContentView.swift; sourceTree = "<group>"; };
		8AC7A5D426872C3F00C9CD98 /* Assets.xcassets */ = {isa = PBXFileReference; lastKnownFileType = folder.assetcatalog; path = Assets.xcassets; sourceTree = "<group>"; };
		8AC7A5D726872C3F00C9CD98 /* Preview Assets.xcassets */ = {isa = PBXFileReference; lastKnownFileType = folder.assetcatalog; path = "Preview Assets.xcassets"; sourceTree = "<group>"; };
		8AC7A5D926872C3F00C9CD98 /* Info.plist */ = {isa = PBXFileReference; lastKnownFileType = text.plist.xml; path = Info.plist; sourceTree = "<group>"; };
		8AC7A5DE26872C3F00C9CD98 /* DanXi-nativeTests.xctest */ = {isa = PBXFileReference; explicitFileType = wrapper.cfbundle; includeInIndex = 0; path = "DanXi-nativeTests.xctest"; sourceTree = BUILT_PRODUCTS_DIR; };
		8AC7A5E226872C3F00C9CD98 /* DanXi_nativeTests.swift */ = {isa = PBXFileReference; lastKnownFileType = sourcecode.swift; path = DanXi_nativeTests.swift; sourceTree = "<group>"; };
		8AC7A5E426872C3F00C9CD98 /* Info.plist */ = {isa = PBXFileReference; lastKnownFileType = text.plist.xml; path = Info.plist; sourceTree = "<group>"; };
		8AC7A5E926872C3F00C9CD98 /* DanXi-nativeUITests.xctest */ = {isa = PBXFileReference; explicitFileType = wrapper.cfbundle; includeInIndex = 0; path = "DanXi-nativeUITests.xctest"; sourceTree = BUILT_PRODUCTS_DIR; };
		8AC7A5ED26872C3F00C9CD98 /* DanXi_nativeUITests.swift */ = {isa = PBXFileReference; lastKnownFileType = sourcecode.swift; path = DanXi_nativeUITests.swift; sourceTree = "<group>"; };
		8AC7A5EF26872C3F00C9CD98 /* Info.plist */ = {isa = PBXFileReference; lastKnownFileType = text.plist.xml; path = Info.plist; sourceTree = "<group>"; };
		8AC7A5F226872C3F00C9CD98 /* DanXi-native WatchKit App.app */ = {isa = PBXFileReference; explicitFileType = wrapper.application; includeInIndex = 0; path = "DanXi-native WatchKit App.app"; sourceTree = BUILT_PRODUCTS_DIR; };
		8AC7A5F726872C4000C9CD98 /* Assets.xcassets */ = {isa = PBXFileReference; lastKnownFileType = folder.assetcatalog; path = Assets.xcassets; sourceTree = "<group>"; };
		8AC7A5F926872C4000C9CD98 /* Info.plist */ = {isa = PBXFileReference; lastKnownFileType = text.plist.xml; path = Info.plist; sourceTree = "<group>"; };
		8AC7A5FE26872C4000C9CD98 /* DanXi-native WatchKit Extension.appex */ = {isa = PBXFileReference; explicitFileType = "wrapper.app-extension"; includeInIndex = 0; path = "DanXi-native WatchKit Extension.appex"; sourceTree = BUILT_PRODUCTS_DIR; };
		8AC7A60326872C4000C9CD98 /* DanXi_nativeApp.swift */ = {isa = PBXFileReference; lastKnownFileType = sourcecode.swift; path = DanXi_nativeApp.swift; sourceTree = "<group>"; };
		8AC7A60526872C4000C9CD98 /* ContentView.swift */ = {isa = PBXFileReference; lastKnownFileType = sourcecode.swift; path = ContentView.swift; sourceTree = "<group>"; };
		8AC7A60726872C4000C9CD98 /* NotificationController.swift */ = {isa = PBXFileReference; lastKnownFileType = sourcecode.swift; path = NotificationController.swift; sourceTree = "<group>"; };
		8AC7A60926872C4000C9CD98 /* NotificationView.swift */ = {isa = PBXFileReference; lastKnownFileType = sourcecode.swift; path = NotificationView.swift; sourceTree = "<group>"; };
		8AC7A60B26872C4000C9CD98 /* ComplicationController.swift */ = {isa = PBXFileReference; lastKnownFileType = sourcecode.swift; path = ComplicationController.swift; sourceTree = "<group>"; };
		8AC7A60D26872C4100C9CD98 /* Assets.xcassets */ = {isa = PBXFileReference; lastKnownFileType = folder.assetcatalog; path = Assets.xcassets; sourceTree = "<group>"; };
		8AC7A61026872C4100C9CD98 /* Preview Assets.xcassets */ = {isa = PBXFileReference; lastKnownFileType = folder.assetcatalog; path = "Preview Assets.xcassets"; sourceTree = "<group>"; };
		8AC7A61226872C4100C9CD98 /* Info.plist */ = {isa = PBXFileReference; lastKnownFileType = text.plist.xml; path = Info.plist; sourceTree = "<group>"; };
		8AC7A61326872C4100C9CD98 /* PushNotificationPayload.apns */ = {isa = PBXFileReference; lastKnownFileType = text; path = PushNotificationPayload.apns; sourceTree = "<group>"; };
		8AC7A61826872C4100C9CD98 /* DanXi-native WatchKit AppTests.xctest */ = {isa = PBXFileReference; explicitFileType = wrapper.cfbundle; includeInIndex = 0; path = "DanXi-native WatchKit AppTests.xctest"; sourceTree = BUILT_PRODUCTS_DIR; };
		8AC7A61C26872C4100C9CD98 /* DanXi_native_WatchKit_AppTests.swift */ = {isa = PBXFileReference; lastKnownFileType = sourcecode.swift; path = DanXi_native_WatchKit_AppTests.swift; sourceTree = "<group>"; };
		8AC7A61E26872C4100C9CD98 /* Info.plist */ = {isa = PBXFileReference; lastKnownFileType = text.plist.xml; path = Info.plist; sourceTree = "<group>"; };
		8AC7A62326872C4100C9CD98 /* DanXi-native WatchKit AppUITests.xctest */ = {isa = PBXFileReference; explicitFileType = wrapper.cfbundle; includeInIndex = 0; path = "DanXi-native WatchKit AppUITests.xctest"; sourceTree = BUILT_PRODUCTS_DIR; };
		8AC7A62726872C4100C9CD98 /* DanXi_native_WatchKit_AppUITests.swift */ = {isa = PBXFileReference; lastKnownFileType = sourcecode.swift; path = DanXi_native_WatchKit_AppUITests.swift; sourceTree = "<group>"; };
		8AC7A62926872C4100C9CD98 /* Info.plist */ = {isa = PBXFileReference; lastKnownFileType = text.plist.xml; path = Info.plist; sourceTree = "<group>"; };
		8AC7A649268733E600C9CD98 /* DashboardPage.swift */ = {isa = PBXFileReference; lastKnownFileType = sourcecode.swift; path = DashboardPage.swift; sourceTree = "<group>"; };
		8AC7A64C2687341300C9CD98 /* TreeHolePage.swift */ = {isa = PBXFileReference; lastKnownFileType = sourcecode.swift; path = TreeHolePage.swift; sourceTree = "<group>"; };
		8AC7A64E2687347300C9CD98 /* SettingsPage.swift */ = {isa = PBXFileReference; lastKnownFileType = sourcecode.swift; path = SettingsPage.swift; sourceTree = "<group>"; };
		8AC7A6502687359F00C9CD98 /* TreeHoleModels.swift */ = {isa = PBXFileReference; lastKnownFileType = sourcecode.swift; path = TreeHoleModels.swift; sourceTree = "<group>"; };
		8AC7A655268736E900C9CD98 /* TreeHoleRepository.swift */ = {isa = PBXFileReference; lastKnownFileType = sourcecode.swift; path = TreeHoleRepository.swift; sourceTree = "<group>"; };
		8AC8D276268B087100B21A3E /* THPostView.swift */ = {isa = PBXFileReference; lastKnownFileType = sourcecode.swift; path = THPostView.swift; sourceTree = "<group>"; };
/* End PBXFileReference section */

/* Begin PBXFrameworksBuildPhase section */
		8AC7A5CA26872C3E00C9CD98 /* Frameworks */ = {
			isa = PBXFrameworksBuildPhase;
			buildActionMask = 2147483647;
			files = (
				77F437F027D7A3180082920E /* Alamofire in Frameworks */,
			);
			runOnlyForDeploymentPostprocessing = 0;
		};
		8AC7A5DB26872C3F00C9CD98 /* Frameworks */ = {
			isa = PBXFrameworksBuildPhase;
			buildActionMask = 2147483647;
			files = (
			);
			runOnlyForDeploymentPostprocessing = 0;
		};
		8AC7A5E626872C3F00C9CD98 /* Frameworks */ = {
			isa = PBXFrameworksBuildPhase;
			buildActionMask = 2147483647;
			files = (
			);
			runOnlyForDeploymentPostprocessing = 0;
		};
		8AC7A5FB26872C4000C9CD98 /* Frameworks */ = {
			isa = PBXFrameworksBuildPhase;
			buildActionMask = 2147483647;
			files = (
				7795D21C27D82B1C00840D02 /* Alamofire in Frameworks */,
			);
			runOnlyForDeploymentPostprocessing = 0;
		};
		8AC7A61526872C4100C9CD98 /* Frameworks */ = {
			isa = PBXFrameworksBuildPhase;
			buildActionMask = 2147483647;
			files = (
			);
			runOnlyForDeploymentPostprocessing = 0;
		};
		8AC7A62026872C4100C9CD98 /* Frameworks */ = {
			isa = PBXFrameworksBuildPhase;
			buildActionMask = 2147483647;
			files = (
			);
			runOnlyForDeploymentPostprocessing = 0;
		};
/* End PBXFrameworksBuildPhase section */

/* Begin PBXGroup section */
		7795D21A27D82B1C00840D02 /* Frameworks */ = {
			isa = PBXGroup;
			children = (
			);
			name = Frameworks;
			sourceTree = "<group>";
		};
		77B01AD327D87DA800547698 /* UI */ = {
			isa = PBXGroup;
			children = (
				8AC8D276268B087100B21A3E /* THPostView.swift */,
				8ABA2E44268D862A0003420A /* THPostDetailView.swift */,
				8AA9F87B269D99030085D93D /* ErrorView.swift */,
			);
			path = UI;
			sourceTree = "<group>";
		};
		77B01AD727D87DC700547698 /* ViewModels */ = {
			isa = PBXGroup;
			children = (
				77B01AD427D87DC200547698 /* LoginViewModel.swift */,
				77B01AD827D8806400547698 /* TreeHolePageViewModel.swift */,
			);
			path = ViewModels;
			sourceTree = "<group>";
		};
		77F437EA27D78ECA0082920E /* Libraries */ = {
			isa = PBXGroup;
			children = (
				77F437F127D7AB440082920E /* AppManager.swift */,
				77F437EB27D78EE70082920E /* PagedListView.swift */,
				7795D21D27D8368800840D02 /* DefaultsManager.swift */,
			);
			path = Libraries;
			sourceTree = "<group>";
		};
		8AA9F876269D97BE0085D93D /* Shared */ = {
			isa = PBXGroup;
			children = (
				8AC7A652268735A200C9CD98 /* Models */,
				8AC7A657268736EE00C9CD98 /* Repositories */,
				8AC8D278268B087500B21A3E /* Views */,
				77F437EA27D78ECA0082920E /* Libraries */,
				77F437E627D78EB60082920E /* DanXi-native WatchKit App-Bridging-Header.h */,
				8AA66BFA268AEB4600AE8629 /* Localizable.strings */,
			);
			path = Shared;
			sourceTree = "<group>";
		};
		8AC7A5C426872C3E00C9CD98 = {
			isa = PBXGroup;
			children = (
				8AA9F876269D97BE0085D93D /* Shared */,
				8AC7A5CF26872C3E00C9CD98 /* DanXi-native */,
				8AC7A5E126872C3F00C9CD98 /* DanXi-nativeTests */,
				8AC7A5EC26872C3F00C9CD98 /* DanXi-nativeUITests */,
				8AC7A5F626872C3F00C9CD98 /* DanXi-native WatchKit App */,
				8AC7A60226872C4000C9CD98 /* DanXi-native WatchKit Extension */,
				8AC7A61B26872C4100C9CD98 /* DanXi-native WatchKit AppTests */,
				8AC7A62626872C4100C9CD98 /* DanXi-native WatchKit AppUITests */,
				8AC7A5CE26872C3E00C9CD98 /* Products */,
				7795D21A27D82B1C00840D02 /* Frameworks */,
			);
			sourceTree = "<group>";
		};
		8AC7A5CE26872C3E00C9CD98 /* Products */ = {
			isa = PBXGroup;
			children = (
				8AC7A5CD26872C3E00C9CD98 /* DanXi-native.app */,
				8AC7A5DE26872C3F00C9CD98 /* DanXi-nativeTests.xctest */,
				8AC7A5E926872C3F00C9CD98 /* DanXi-nativeUITests.xctest */,
				8AC7A5F226872C3F00C9CD98 /* DanXi-native WatchKit App.app */,
				8AC7A5FE26872C4000C9CD98 /* DanXi-native WatchKit Extension.appex */,
				8AC7A61826872C4100C9CD98 /* DanXi-native WatchKit AppTests.xctest */,
				8AC7A62326872C4100C9CD98 /* DanXi-native WatchKit AppUITests.xctest */,
			);
			name = Products;
			sourceTree = "<group>";
		};
		8AC7A5CF26872C3E00C9CD98 /* DanXi-native */ = {
			isa = PBXGroup;
			children = (
				8AAABD4326881E0500486D37 /* DanXi-native.entitlements */,
				8AC7A5D026872C3E00C9CD98 /* DanXi_nativeApp.swift */,
				8AC7A5D226872C3E00C9CD98 /* ContentView.swift */,
				8AC7A5D426872C3F00C9CD98 /* Assets.xcassets */,
				8AC7A5D926872C3F00C9CD98 /* Info.plist */,
				8AC7A5D626872C3F00C9CD98 /* Preview Content */,
				8A959AA2268B4E94004B73AF /* PublicExtension.swift */,
			);
			path = "DanXi-native";
			sourceTree = "<group>";
		};
		8AC7A5D626872C3F00C9CD98 /* Preview Content */ = {
			isa = PBXGroup;
			children = (
				8AC7A5D726872C3F00C9CD98 /* Preview Assets.xcassets */,
			);
			path = "Preview Content";
			sourceTree = "<group>";
		};
		8AC7A5E126872C3F00C9CD98 /* DanXi-nativeTests */ = {
			isa = PBXGroup;
			children = (
				8AC7A5E226872C3F00C9CD98 /* DanXi_nativeTests.swift */,
				8AC7A5E426872C3F00C9CD98 /* Info.plist */,
			);
			path = "DanXi-nativeTests";
			sourceTree = "<group>";
		};
		8AC7A5EC26872C3F00C9CD98 /* DanXi-nativeUITests */ = {
			isa = PBXGroup;
			children = (
				8AC7A5ED26872C3F00C9CD98 /* DanXi_nativeUITests.swift */,
				8AC7A5EF26872C3F00C9CD98 /* Info.plist */,
			);
			path = "DanXi-nativeUITests";
			sourceTree = "<group>";
		};
		8AC7A5F626872C3F00C9CD98 /* DanXi-native WatchKit App */ = {
			isa = PBXGroup;
			children = (
				8AC7A5F726872C4000C9CD98 /* Assets.xcassets */,
				8AC7A5F926872C4000C9CD98 /* Info.plist */,
			);
			path = "DanXi-native WatchKit App";
			sourceTree = "<group>";
		};
		8AC7A60226872C4000C9CD98 /* DanXi-native WatchKit Extension */ = {
			isa = PBXGroup;
			children = (
				7795D22027D8390F00840D02 /* DanXi-native WatchKit Extension.entitlements */,
				8AC7A60326872C4000C9CD98 /* DanXi_nativeApp.swift */,
				8AC7A60526872C4000C9CD98 /* ContentView.swift */,
				8AC7A60726872C4000C9CD98 /* NotificationController.swift */,
				8AC7A60926872C4000C9CD98 /* NotificationView.swift */,
				8AC7A60B26872C4000C9CD98 /* ComplicationController.swift */,
				8AC7A60D26872C4100C9CD98 /* Assets.xcassets */,
				8AC7A61226872C4100C9CD98 /* Info.plist */,
				8AC7A61326872C4100C9CD98 /* PushNotificationPayload.apns */,
				8AC7A60F26872C4100C9CD98 /* Preview Content */,
			);
			path = "DanXi-native WatchKit Extension";
			sourceTree = "<group>";
		};
		8AC7A60F26872C4100C9CD98 /* Preview Content */ = {
			isa = PBXGroup;
			children = (
				8AC7A61026872C4100C9CD98 /* Preview Assets.xcassets */,
			);
			path = "Preview Content";
			sourceTree = "<group>";
		};
		8AC7A61B26872C4100C9CD98 /* DanXi-native WatchKit AppTests */ = {
			isa = PBXGroup;
			children = (
				8AC7A61C26872C4100C9CD98 /* DanXi_native_WatchKit_AppTests.swift */,
				8AC7A61E26872C4100C9CD98 /* Info.plist */,
			);
			path = "DanXi-native WatchKit AppTests";
			sourceTree = "<group>";
		};
		8AC7A62626872C4100C9CD98 /* DanXi-native WatchKit AppUITests */ = {
			isa = PBXGroup;
			children = (
				8AC7A62726872C4100C9CD98 /* DanXi_native_WatchKit_AppUITests.swift */,
				8AC7A62926872C4100C9CD98 /* Info.plist */,
			);
			path = "DanXi-native WatchKit AppUITests";
			sourceTree = "<group>";
		};
		8AC7A64B268733EA00C9CD98 /* Pages */ = {
			isa = PBXGroup;
			children = (
				8AC7A649268733E600C9CD98 /* DashboardPage.swift */,
				8AC7A64C2687341300C9CD98 /* TreeHolePage.swift */,
				8ABA2E42268D86060003420A /* TreeHoleDetailsPage.swift */,
				8AC7A64E2687347300C9CD98 /* SettingsPage.swift */,
				8AA66BF4268AE98F00AE8629 /* LoginPage.swift */,
			);
			path = Pages;
			sourceTree = "<group>";
		};
		8AC7A652268735A200C9CD98 /* Models */ = {
			isa = PBXGroup;
			children = (
				8AC7A6502687359F00C9CD98 /* TreeHoleModels.swift */,
				77B01AD027D85E9D00547698 /* TreeHoleViewModels.swift */,
			);
			path = Models;
			sourceTree = "<group>";
		};
		8AC7A657268736EE00C9CD98 /* Repositories */ = {
			isa = PBXGroup;
			children = (
				8AC7A655268736E900C9CD98 /* TreeHoleRepository.swift */,
			);
			path = Repositories;
			sourceTree = "<group>";
		};
		8AC8D278268B087500B21A3E /* Views */ = {
			isa = PBXGroup;
			children = (
				8AC7A64B268733EA00C9CD98 /* Pages */,
				77B01AD327D87DA800547698 /* UI */,
				77B01AD727D87DC700547698 /* ViewModels */,
			);
			path = Views;
			sourceTree = "<group>";
		};
/* End PBXGroup section */

/* Begin PBXNativeTarget section */
		8AC7A5CC26872C3E00C9CD98 /* DanXi-native */ = {
			isa = PBXNativeTarget;
			buildConfigurationList = 8AC7A63426872C4100C9CD98 /* Build configuration list for PBXNativeTarget "DanXi-native" */;
			buildPhases = (
				8AC7A5C926872C3E00C9CD98 /* Sources */,
				8AC7A5CA26872C3E00C9CD98 /* Frameworks */,
				8AC7A5CB26872C3E00C9CD98 /* Resources */,
				8AC7A63326872C4100C9CD98 /* Embed Watch Content */,
			);
			buildRules = (
			);
			dependencies = (
				8AC7A5F526872C3F00C9CD98 /* PBXTargetDependency */,
			);
			name = "DanXi-native";
			packageProductDependencies = (
				77F437EF27D7A3180082920E /* Alamofire */,
			);
			productName = "DanXi-native";
			productReference = 8AC7A5CD26872C3E00C9CD98 /* DanXi-native.app */;
			productType = "com.apple.product-type.application";
		};
		8AC7A5DD26872C3F00C9CD98 /* DanXi-nativeTests */ = {
			isa = PBXNativeTarget;
			buildConfigurationList = 8AC7A63726872C4100C9CD98 /* Build configuration list for PBXNativeTarget "DanXi-nativeTests" */;
			buildPhases = (
				8AC7A5DA26872C3F00C9CD98 /* Sources */,
				8AC7A5DB26872C3F00C9CD98 /* Frameworks */,
				8AC7A5DC26872C3F00C9CD98 /* Resources */,
			);
			buildRules = (
			);
			dependencies = (
				8AC7A5E026872C3F00C9CD98 /* PBXTargetDependency */,
			);
			name = "DanXi-nativeTests";
			productName = "DanXi-nativeTests";
			productReference = 8AC7A5DE26872C3F00C9CD98 /* DanXi-nativeTests.xctest */;
			productType = "com.apple.product-type.bundle.unit-test";
		};
		8AC7A5E826872C3F00C9CD98 /* DanXi-nativeUITests */ = {
			isa = PBXNativeTarget;
			buildConfigurationList = 8AC7A63A26872C4100C9CD98 /* Build configuration list for PBXNativeTarget "DanXi-nativeUITests" */;
			buildPhases = (
				8AC7A5E526872C3F00C9CD98 /* Sources */,
				8AC7A5E626872C3F00C9CD98 /* Frameworks */,
				8AC7A5E726872C3F00C9CD98 /* Resources */,
			);
			buildRules = (
			);
			dependencies = (
				8AC7A5EB26872C3F00C9CD98 /* PBXTargetDependency */,
			);
			name = "DanXi-nativeUITests";
			productName = "DanXi-nativeUITests";
			productReference = 8AC7A5E926872C3F00C9CD98 /* DanXi-nativeUITests.xctest */;
			productType = "com.apple.product-type.bundle.ui-testing";
		};
		8AC7A5F126872C3F00C9CD98 /* DanXi-native WatchKit App */ = {
			isa = PBXNativeTarget;
			buildConfigurationList = 8AC7A63026872C4100C9CD98 /* Build configuration list for PBXNativeTarget "DanXi-native WatchKit App" */;
			buildPhases = (
				8AC7A5F026872C3F00C9CD98 /* Resources */,
				8AC7A62F26872C4100C9CD98 /* Embed App Extensions */,
			);
			buildRules = (
			);
			dependencies = (
				8AC7A60126872C4000C9CD98 /* PBXTargetDependency */,
			);
			name = "DanXi-native WatchKit App";
			productName = "DanXi-native WatchKit App";
			productReference = 8AC7A5F226872C3F00C9CD98 /* DanXi-native WatchKit App.app */;
			productType = "com.apple.product-type.application.watchapp2";
		};
		8AC7A5FD26872C4000C9CD98 /* DanXi-native WatchKit Extension */ = {
			isa = PBXNativeTarget;
			buildConfigurationList = 8AC7A62C26872C4100C9CD98 /* Build configuration list for PBXNativeTarget "DanXi-native WatchKit Extension" */;
			buildPhases = (
				8AC7A5FA26872C4000C9CD98 /* Sources */,
				8AC7A5FB26872C4000C9CD98 /* Frameworks */,
				8AC7A5FC26872C4000C9CD98 /* Resources */,
			);
			buildRules = (
			);
			dependencies = (
			);
			name = "DanXi-native WatchKit Extension";
			packageProductDependencies = (
				7795D21B27D82B1C00840D02 /* Alamofire */,
			);
			productName = "DanXi-native WatchKit Extension";
			productReference = 8AC7A5FE26872C4000C9CD98 /* DanXi-native WatchKit Extension.appex */;
			productType = "com.apple.product-type.watchkit2-extension";
		};
		8AC7A61726872C4100C9CD98 /* DanXi-native WatchKit AppTests */ = {
			isa = PBXNativeTarget;
			buildConfigurationList = 8AC7A63D26872C4100C9CD98 /* Build configuration list for PBXNativeTarget "DanXi-native WatchKit AppTests" */;
			buildPhases = (
				8AC7A61426872C4100C9CD98 /* Sources */,
				8AC7A61526872C4100C9CD98 /* Frameworks */,
				8AC7A61626872C4100C9CD98 /* Resources */,
			);
			buildRules = (
			);
			dependencies = (
				8AC7A61A26872C4100C9CD98 /* PBXTargetDependency */,
			);
			name = "DanXi-native WatchKit AppTests";
			productName = "DanXi-native WatchKit AppTests";
			productReference = 8AC7A61826872C4100C9CD98 /* DanXi-native WatchKit AppTests.xctest */;
			productType = "com.apple.product-type.bundle.unit-test";
		};
		8AC7A62226872C4100C9CD98 /* DanXi-native WatchKit AppUITests */ = {
			isa = PBXNativeTarget;
			buildConfigurationList = 8AC7A64026872C4100C9CD98 /* Build configuration list for PBXNativeTarget "DanXi-native WatchKit AppUITests" */;
			buildPhases = (
				8AC7A61F26872C4100C9CD98 /* Sources */,
				8AC7A62026872C4100C9CD98 /* Frameworks */,
				8AC7A62126872C4100C9CD98 /* Resources */,
			);
			buildRules = (
			);
			dependencies = (
				8AC7A62526872C4100C9CD98 /* PBXTargetDependency */,
			);
			name = "DanXi-native WatchKit AppUITests";
			productName = "DanXi-native WatchKit AppUITests";
			productReference = 8AC7A62326872C4100C9CD98 /* DanXi-native WatchKit AppUITests.xctest */;
			productType = "com.apple.product-type.bundle.ui-testing";
		};
/* End PBXNativeTarget section */

/* Begin PBXProject section */
		8AC7A5C526872C3E00C9CD98 /* Project object */ = {
			isa = PBXProject;
			attributes = {
				LastSwiftUpdateCheck = 1250;
				LastUpgradeCheck = 1300;
				TargetAttributes = {
					8AC7A5CC26872C3E00C9CD98 = {
						CreatedOnToolsVersion = 12.5.1;
					};
					8AC7A5DD26872C3F00C9CD98 = {
						CreatedOnToolsVersion = 12.5.1;
						TestTargetID = 8AC7A5CC26872C3E00C9CD98;
					};
					8AC7A5E826872C3F00C9CD98 = {
						CreatedOnToolsVersion = 12.5.1;
						TestTargetID = 8AC7A5CC26872C3E00C9CD98;
					};
					8AC7A5F126872C3F00C9CD98 = {
						CreatedOnToolsVersion = 12.5.1;
						LastSwiftMigration = 1320;
					};
					8AC7A5FD26872C4000C9CD98 = {
						CreatedOnToolsVersion = 12.5.1;
					};
					8AC7A61726872C4100C9CD98 = {
						CreatedOnToolsVersion = 12.5.1;
						TestTargetID = 8AC7A5FD26872C4000C9CD98;
					};
					8AC7A62226872C4100C9CD98 = {
						CreatedOnToolsVersion = 12.5.1;
						TestTargetID = 8AC7A5F126872C3F00C9CD98;
					};
				};
			};
			buildConfigurationList = 8AC7A5C826872C3E00C9CD98 /* Build configuration list for PBXProject "DanXi-native" */;
			compatibilityVersion = "Xcode 9.3";
			developmentRegion = en;
			hasScannedForEncodings = 0;
			knownRegions = (
				en,
				Base,
				"zh-Hans",
			);
			mainGroup = 8AC7A5C426872C3E00C9CD98;
			packageReferences = (
				77F437EE27D7A3180082920E /* XCRemoteSwiftPackageReference "Alamofire" */,
			);
			productRefGroup = 8AC7A5CE26872C3E00C9CD98 /* Products */;
			projectDirPath = "";
			projectRoot = "";
			targets = (
				8AC7A5CC26872C3E00C9CD98 /* DanXi-native */,
				8AC7A5DD26872C3F00C9CD98 /* DanXi-nativeTests */,
				8AC7A5E826872C3F00C9CD98 /* DanXi-nativeUITests */,
				8AC7A5F126872C3F00C9CD98 /* DanXi-native WatchKit App */,
				8AC7A5FD26872C4000C9CD98 /* DanXi-native WatchKit Extension */,
				8AC7A61726872C4100C9CD98 /* DanXi-native WatchKit AppTests */,
				8AC7A62226872C4100C9CD98 /* DanXi-native WatchKit AppUITests */,
			);
		};
/* End PBXProject section */

/* Begin PBXResourcesBuildPhase section */
		8AC7A5CB26872C3E00C9CD98 /* Resources */ = {
			isa = PBXResourcesBuildPhase;
			buildActionMask = 2147483647;
			files = (
				8AC7A5D826872C3F00C9CD98 /* Preview Assets.xcassets in Resources */,
				8AA66BF8268AEB4600AE8629 /* Localizable.strings in Resources */,
				8AC7A5D526872C3F00C9CD98 /* Assets.xcassets in Resources */,
			);
			runOnlyForDeploymentPostprocessing = 0;
		};
		8AC7A5DC26872C3F00C9CD98 /* Resources */ = {
			isa = PBXResourcesBuildPhase;
			buildActionMask = 2147483647;
			files = (
			);
			runOnlyForDeploymentPostprocessing = 0;
		};
		8AC7A5E726872C3F00C9CD98 /* Resources */ = {
			isa = PBXResourcesBuildPhase;
			buildActionMask = 2147483647;
			files = (
			);
			runOnlyForDeploymentPostprocessing = 0;
		};
		8AC7A5F026872C3F00C9CD98 /* Resources */ = {
			isa = PBXResourcesBuildPhase;
			buildActionMask = 2147483647;
			files = (
				8AC7A5F826872C4000C9CD98 /* Assets.xcassets in Resources */,
			);
			runOnlyForDeploymentPostprocessing = 0;
		};
		8AC7A5FC26872C4000C9CD98 /* Resources */ = {
			isa = PBXResourcesBuildPhase;
			buildActionMask = 2147483647;
			files = (
				8AC7A61126872C4100C9CD98 /* Preview Assets.xcassets in Resources */,
				7777377327D8C0A5001E6513 /* Localizable.strings in Resources */,
				8AC7A60E26872C4100C9CD98 /* Assets.xcassets in Resources */,
			);
			runOnlyForDeploymentPostprocessing = 0;
		};
		8AC7A61626872C4100C9CD98 /* Resources */ = {
			isa = PBXResourcesBuildPhase;
			buildActionMask = 2147483647;
			files = (
			);
			runOnlyForDeploymentPostprocessing = 0;
		};
		8AC7A62126872C4100C9CD98 /* Resources */ = {
			isa = PBXResourcesBuildPhase;
			buildActionMask = 2147483647;
			files = (
			);
			runOnlyForDeploymentPostprocessing = 0;
		};
/* End PBXResourcesBuildPhase section */

/* Begin PBXSourcesBuildPhase section */
		8AC7A5C926872C3E00C9CD98 /* Sources */ = {
			isa = PBXSourcesBuildPhase;
			buildActionMask = 2147483647;
			files = (
				77F437EC27D78EE70082920E /* PagedListView.swift in Sources */,
				77F437F227D7AB440082920E /* AppManager.swift in Sources */,
				8AA66BF5268AE98F00AE8629 /* LoginPage.swift in Sources */,
				7795D21E27D8368800840D02 /* DefaultsManager.swift in Sources */,
				8AC7A5D326872C3E00C9CD98 /* ContentView.swift in Sources */,
				8AC8D277268B087100B21A3E /* THPostView.swift in Sources */,
				8AC7A64D2687341300C9CD98 /* TreeHolePage.swift in Sources */,
				8AC7A656268736E900C9CD98 /* TreeHoleRepository.swift in Sources */,
				77B01AD527D87DC200547698 /* LoginViewModel.swift in Sources */,
				8ABA2E45268D862A0003420A /* THPostDetailView.swift in Sources */,
				8AC7A64A268733E600C9CD98 /* DashboardPage.swift in Sources */,
				77B01AD927D8806400547698 /* TreeHolePageViewModel.swift in Sources */,
				8AC7A6512687359F00C9CD98 /* TreeHoleModels.swift in Sources */,
				77B01AD127D85E9D00547698 /* TreeHoleViewModels.swift in Sources */,
				8AC7A5D126872C3E00C9CD98 /* DanXi_nativeApp.swift in Sources */,
				8A959AA3268B4E94004B73AF /* PublicExtension.swift in Sources */,
				8AC7A64F2687347300C9CD98 /* SettingsPage.swift in Sources */,
				8AA9F87C269D99030085D93D /* ErrorView.swift in Sources */,
				8ABA2E43268D86060003420A /* TreeHoleDetailsPage.swift in Sources */,
			);
			runOnlyForDeploymentPostprocessing = 0;
		};
		8AC7A5DA26872C3F00C9CD98 /* Sources */ = {
			isa = PBXSourcesBuildPhase;
			buildActionMask = 2147483647;
			files = (
				8AC7A5E326872C3F00C9CD98 /* DanXi_nativeTests.swift in Sources */,
			);
			runOnlyForDeploymentPostprocessing = 0;
		};
		8AC7A5E526872C3F00C9CD98 /* Sources */ = {
			isa = PBXSourcesBuildPhase;
			buildActionMask = 2147483647;
			files = (
				8AC7A5EE26872C3F00C9CD98 /* DanXi_nativeUITests.swift in Sources */,
			);
			runOnlyForDeploymentPostprocessing = 0;
		};
		8AC7A5FA26872C4000C9CD98 /* Sources */ = {
			isa = PBXSourcesBuildPhase;
			buildActionMask = 2147483647;
			files = (
				8AC7A60826872C4000C9CD98 /* NotificationController.swift in Sources */,
				77F437ED27D78EE70082920E /* PagedListView.swift in Sources */,
				8AA9F879269D97F70085D93D /* THPostDetailView.swift in Sources */,
				7777377127D8BF9E001E6513 /* DashboardPage.swift in Sources */,
				77B01AD227D85E9D00547698 /* TreeHoleViewModels.swift in Sources */,
				8AC7A60626872C4000C9CD98 /* ContentView.swift in Sources */,
				8AA9F878269D97F70085D93D /* THPostView.swift in Sources */,
				8AC7A60C26872C4000C9CD98 /* ComplicationController.swift in Sources */,
				77B01ADA27D8806400547698 /* TreeHolePageViewModel.swift in Sources */,
				7795D21F27D8368800840D02 /* DefaultsManager.swift in Sources */,
				77B01AD627D87DC200547698 /* LoginViewModel.swift in Sources */,
				8AA9F87D269D99030085D93D /* ErrorView.swift in Sources */,
				7777377227D8BF9E001E6513 /* SettingsPage.swift in Sources */,
				8AA9F877269D97EE0085D93D /* TreeHoleRepository.swift in Sources */,
				8AA9F87A269D98ED0085D93D /* TreeHoleModels.swift in Sources */,
				8AC7A60426872C4000C9CD98 /* DanXi_nativeApp.swift in Sources */,
				77F437F327D7AB440082920E /* AppManager.swift in Sources */,
				7777377027D8BF9E001E6513 /* TreeHolePage.swift in Sources */,
				7777376F27D8BF9E001E6513 /* TreeHoleDetailsPage.swift in Sources */,
				8AC7A60A26872C4000C9CD98 /* NotificationView.swift in Sources */,
				7777376E27D8BF88001E6513 /* LoginPage.swift in Sources */,
			);
			runOnlyForDeploymentPostprocessing = 0;
		};
		8AC7A61426872C4100C9CD98 /* Sources */ = {
			isa = PBXSourcesBuildPhase;
			buildActionMask = 2147483647;
			files = (
				8AC7A61D26872C4100C9CD98 /* DanXi_native_WatchKit_AppTests.swift in Sources */,
			);
			runOnlyForDeploymentPostprocessing = 0;
		};
		8AC7A61F26872C4100C9CD98 /* Sources */ = {
			isa = PBXSourcesBuildPhase;
			buildActionMask = 2147483647;
			files = (
				8AC7A62826872C4100C9CD98 /* DanXi_native_WatchKit_AppUITests.swift in Sources */,
			);
			runOnlyForDeploymentPostprocessing = 0;
		};
/* End PBXSourcesBuildPhase section */

/* Begin PBXTargetDependency section */
		8AC7A5E026872C3F00C9CD98 /* PBXTargetDependency */ = {
			isa = PBXTargetDependency;
			target = 8AC7A5CC26872C3E00C9CD98 /* DanXi-native */;
			targetProxy = 8AC7A5DF26872C3F00C9CD98 /* PBXContainerItemProxy */;
		};
		8AC7A5EB26872C3F00C9CD98 /* PBXTargetDependency */ = {
			isa = PBXTargetDependency;
			target = 8AC7A5CC26872C3E00C9CD98 /* DanXi-native */;
			targetProxy = 8AC7A5EA26872C3F00C9CD98 /* PBXContainerItemProxy */;
		};
		8AC7A5F526872C3F00C9CD98 /* PBXTargetDependency */ = {
			isa = PBXTargetDependency;
			platformFilter = ios;
			target = 8AC7A5F126872C3F00C9CD98 /* DanXi-native WatchKit App */;
			targetProxy = 8AC7A5F426872C3F00C9CD98 /* PBXContainerItemProxy */;
		};
		8AC7A60126872C4000C9CD98 /* PBXTargetDependency */ = {
			isa = PBXTargetDependency;
			target = 8AC7A5FD26872C4000C9CD98 /* DanXi-native WatchKit Extension */;
			targetProxy = 8AC7A60026872C4000C9CD98 /* PBXContainerItemProxy */;
		};
		8AC7A61A26872C4100C9CD98 /* PBXTargetDependency */ = {
			isa = PBXTargetDependency;
			target = 8AC7A5FD26872C4000C9CD98 /* DanXi-native WatchKit Extension */;
			targetProxy = 8AC7A61926872C4100C9CD98 /* PBXContainerItemProxy */;
		};
		8AC7A62526872C4100C9CD98 /* PBXTargetDependency */ = {
			isa = PBXTargetDependency;
			target = 8AC7A5F126872C3F00C9CD98 /* DanXi-native WatchKit App */;
			targetProxy = 8AC7A62426872C4100C9CD98 /* PBXContainerItemProxy */;
		};
/* End PBXTargetDependency section */

/* Begin PBXVariantGroup section */
		8AA66BFA268AEB4600AE8629 /* Localizable.strings */ = {
			isa = PBXVariantGroup;
			children = (
				8AA66BF9268AEB4600AE8629 /* en */,
				8AA66BFB268AEB4800AE8629 /* zh-Hans */,
			);
			name = Localizable.strings;
			sourceTree = "<group>";
		};
/* End PBXVariantGroup section */

/* Begin XCBuildConfiguration section */
		8AC7A62A26872C4100C9CD98 /* Debug */ = {
			isa = XCBuildConfiguration;
			buildSettings = {
				ALWAYS_SEARCH_USER_PATHS = NO;
				CLANG_ANALYZER_LOCALIZABILITY_NONLOCALIZED = YES;
				CLANG_ANALYZER_NONNULL = YES;
				CLANG_ANALYZER_NUMBER_OBJECT_CONVERSION = YES_AGGRESSIVE;
				CLANG_CXX_LANGUAGE_STANDARD = "gnu++14";
				CLANG_CXX_LIBRARY = "libc++";
				CLANG_ENABLE_MODULES = YES;
				CLANG_ENABLE_OBJC_ARC = YES;
				CLANG_ENABLE_OBJC_WEAK = YES;
				CLANG_WARN_BLOCK_CAPTURE_AUTORELEASING = YES;
				CLANG_WARN_BOOL_CONVERSION = YES;
				CLANG_WARN_COMMA = YES;
				CLANG_WARN_CONSTANT_CONVERSION = YES;
				CLANG_WARN_DEPRECATED_OBJC_IMPLEMENTATIONS = YES;
				CLANG_WARN_DIRECT_OBJC_ISA_USAGE = YES_ERROR;
				CLANG_WARN_DOCUMENTATION_COMMENTS = YES;
				CLANG_WARN_EMPTY_BODY = YES;
				CLANG_WARN_ENUM_CONVERSION = YES;
				CLANG_WARN_INFINITE_RECURSION = YES;
				CLANG_WARN_INT_CONVERSION = YES;
				CLANG_WARN_NON_LITERAL_NULL_CONVERSION = YES;
				CLANG_WARN_OBJC_IMPLICIT_RETAIN_SELF = YES;
				CLANG_WARN_OBJC_LITERAL_CONVERSION = YES;
				CLANG_WARN_OBJC_ROOT_CLASS = YES_ERROR;
				CLANG_WARN_QUOTED_INCLUDE_IN_FRAMEWORK_HEADER = YES;
				CLANG_WARN_RANGE_LOOP_ANALYSIS = YES;
				CLANG_WARN_STRICT_PROTOTYPES = YES;
				CLANG_WARN_SUSPICIOUS_MOVE = YES;
				CLANG_WARN_UNGUARDED_AVAILABILITY = YES_AGGRESSIVE;
				CLANG_WARN_UNREACHABLE_CODE = YES;
				CLANG_WARN__DUPLICATE_METHOD_MATCH = YES;
				COPY_PHASE_STRIP = NO;
				DEBUG_INFORMATION_FORMAT = dwarf;
				ENABLE_STRICT_OBJC_MSGSEND = YES;
				ENABLE_TESTABILITY = YES;
				GCC_C_LANGUAGE_STANDARD = gnu11;
				GCC_DYNAMIC_NO_PIC = NO;
				GCC_NO_COMMON_BLOCKS = YES;
				GCC_OPTIMIZATION_LEVEL = 0;
				GCC_PREPROCESSOR_DEFINITIONS = (
					"DEBUG=1",
					"$(inherited)",
				);
				GCC_WARN_64_TO_32_BIT_CONVERSION = YES;
				GCC_WARN_ABOUT_RETURN_TYPE = YES_ERROR;
				GCC_WARN_UNDECLARED_SELECTOR = YES;
				GCC_WARN_UNINITIALIZED_AUTOS = YES_AGGRESSIVE;
				GCC_WARN_UNUSED_FUNCTION = YES;
				GCC_WARN_UNUSED_VARIABLE = YES;
				MTL_ENABLE_DEBUG_INFO = INCLUDE_SOURCE;
				MTL_FAST_MATH = YES;
				ONLY_ACTIVE_ARCH = YES;
				SWIFT_ACTIVE_COMPILATION_CONDITIONS = DEBUG;
				SWIFT_OPTIMIZATION_LEVEL = "-Onone";
			};
			name = Debug;
		};
		8AC7A62B26872C4100C9CD98 /* Release */ = {
			isa = XCBuildConfiguration;
			buildSettings = {
				ALWAYS_SEARCH_USER_PATHS = NO;
				CLANG_ANALYZER_LOCALIZABILITY_NONLOCALIZED = YES;
				CLANG_ANALYZER_NONNULL = YES;
				CLANG_ANALYZER_NUMBER_OBJECT_CONVERSION = YES_AGGRESSIVE;
				CLANG_CXX_LANGUAGE_STANDARD = "gnu++14";
				CLANG_CXX_LIBRARY = "libc++";
				CLANG_ENABLE_MODULES = YES;
				CLANG_ENABLE_OBJC_ARC = YES;
				CLANG_ENABLE_OBJC_WEAK = YES;
				CLANG_WARN_BLOCK_CAPTURE_AUTORELEASING = YES;
				CLANG_WARN_BOOL_CONVERSION = YES;
				CLANG_WARN_COMMA = YES;
				CLANG_WARN_CONSTANT_CONVERSION = YES;
				CLANG_WARN_DEPRECATED_OBJC_IMPLEMENTATIONS = YES;
				CLANG_WARN_DIRECT_OBJC_ISA_USAGE = YES_ERROR;
				CLANG_WARN_DOCUMENTATION_COMMENTS = YES;
				CLANG_WARN_EMPTY_BODY = YES;
				CLANG_WARN_ENUM_CONVERSION = YES;
				CLANG_WARN_INFINITE_RECURSION = YES;
				CLANG_WARN_INT_CONVERSION = YES;
				CLANG_WARN_NON_LITERAL_NULL_CONVERSION = YES;
				CLANG_WARN_OBJC_IMPLICIT_RETAIN_SELF = YES;
				CLANG_WARN_OBJC_LITERAL_CONVERSION = YES;
				CLANG_WARN_OBJC_ROOT_CLASS = YES_ERROR;
				CLANG_WARN_QUOTED_INCLUDE_IN_FRAMEWORK_HEADER = YES;
				CLANG_WARN_RANGE_LOOP_ANALYSIS = YES;
				CLANG_WARN_STRICT_PROTOTYPES = YES;
				CLANG_WARN_SUSPICIOUS_MOVE = YES;
				CLANG_WARN_UNGUARDED_AVAILABILITY = YES_AGGRESSIVE;
				CLANG_WARN_UNREACHABLE_CODE = YES;
				CLANG_WARN__DUPLICATE_METHOD_MATCH = YES;
				COPY_PHASE_STRIP = NO;
				DEBUG_INFORMATION_FORMAT = "dwarf-with-dsym";
				ENABLE_NS_ASSERTIONS = NO;
				ENABLE_STRICT_OBJC_MSGSEND = YES;
				GCC_C_LANGUAGE_STANDARD = gnu11;
				GCC_NO_COMMON_BLOCKS = YES;
				GCC_WARN_64_TO_32_BIT_CONVERSION = YES;
				GCC_WARN_ABOUT_RETURN_TYPE = YES_ERROR;
				GCC_WARN_UNDECLARED_SELECTOR = YES;
				GCC_WARN_UNINITIALIZED_AUTOS = YES_AGGRESSIVE;
				GCC_WARN_UNUSED_FUNCTION = YES;
				GCC_WARN_UNUSED_VARIABLE = YES;
				MTL_ENABLE_DEBUG_INFO = NO;
				MTL_FAST_MATH = YES;
				SWIFT_COMPILATION_MODE = wholemodule;
				SWIFT_OPTIMIZATION_LEVEL = "-O";
			};
			name = Release;
		};
		8AC7A62D26872C4100C9CD98 /* Debug */ = {
			isa = XCBuildConfiguration;
			buildSettings = {
				ASSETCATALOG_COMPILER_COMPLICATION_NAME = Complication;
				CODE_SIGN_ENTITLEMENTS = "DanXi-native WatchKit Extension/DanXi-native WatchKit Extension.entitlements";
				CODE_SIGN_STYLE = Automatic;
				CURRENT_PROJECT_VERSION = 28;
				DEVELOPMENT_ASSET_PATHS = "\"DanXi-native WatchKit Extension/Preview Content\"";
				DEVELOPMENT_TEAM = QZ9KCS2T78;
				ENABLE_PREVIEWS = YES;
				FRAMEWORK_SEARCH_PATHS = "";
				INFOPLIST_FILE = "DanXi-native WatchKit Extension/Info.plist";
				LD_RUNPATH_SEARCH_PATHS = (
					"$(inherited)",
					"@executable_path/Frameworks",
					"@executable_path/../../Frameworks",
				);
				MARKETING_VERSION = 2.0;
				PRODUCT_BUNDLE_IDENTIFIER = "io.github.danxi-dev.dan-xi.watchapp.watchExtension";
				PRODUCT_NAME = "${TARGET_NAME}";
				SDKROOT = watchos;
				SKIP_INSTALL = YES;
				SWIFT_VERSION = 5.0;
				TARGETED_DEVICE_FAMILY = 4;
				WATCHOS_DEPLOYMENT_TARGET = 8.0;
			};
			name = Debug;
		};
		8AC7A62E26872C4100C9CD98 /* Release */ = {
			isa = XCBuildConfiguration;
			buildSettings = {
				ASSETCATALOG_COMPILER_COMPLICATION_NAME = Complication;
				CODE_SIGN_ENTITLEMENTS = "DanXi-native WatchKit Extension/DanXi-native WatchKit Extension.entitlements";
				CODE_SIGN_STYLE = Automatic;
				CURRENT_PROJECT_VERSION = 28;
				DEVELOPMENT_ASSET_PATHS = "\"DanXi-native WatchKit Extension/Preview Content\"";
				DEVELOPMENT_TEAM = QZ9KCS2T78;
				ENABLE_PREVIEWS = YES;
				FRAMEWORK_SEARCH_PATHS = "";
				INFOPLIST_FILE = "DanXi-native WatchKit Extension/Info.plist";
				LD_RUNPATH_SEARCH_PATHS = (
					"$(inherited)",
					"@executable_path/Frameworks",
					"@executable_path/../../Frameworks",
				);
				MARKETING_VERSION = 2.0;
				PRODUCT_BUNDLE_IDENTIFIER = "io.github.danxi-dev.dan-xi.watchapp.watchExtension";
				PRODUCT_NAME = "${TARGET_NAME}";
				SDKROOT = watchos;
				SKIP_INSTALL = YES;
				SWIFT_VERSION = 5.0;
				TARGETED_DEVICE_FAMILY = 4;
				VALIDATE_PRODUCT = YES;
				WATCHOS_DEPLOYMENT_TARGET = 8.0;
			};
			name = Release;
		};
		8AC7A63126872C4100C9CD98 /* Debug */ = {
			isa = XCBuildConfiguration;
			buildSettings = {
				ALWAYS_EMBED_SWIFT_STANDARD_LIBRARIES = YES;
				ASSETCATALOG_COMPILER_APPICON_NAME = AppIcon;
				ASSETCATALOG_COMPILER_GLOBAL_ACCENT_COLOR_NAME = AccentColor;
				CLANG_ENABLE_MODULES = YES;
				CODE_SIGN_STYLE = Automatic;
				CURRENT_PROJECT_VERSION = 28;
				DEVELOPMENT_TEAM = QZ9KCS2T78;
				FRAMEWORK_SEARCH_PATHS = "";
				IBSC_MODULE = DanXi_native_WatchKit_Extension;
				INFOPLIST_FILE = "DanXi-native WatchKit App/Info.plist";
				LD_RUNPATH_SEARCH_PATHS = (
					"$(inherited)",
					"@executable_path/../Frameworks",
					"@loader_path/../Frameworks",
				);
				MARKETING_VERSION = 2.0;
				PRODUCT_BUNDLE_IDENTIFIER = "io.github.danxi-dev.dan-xi.watchapp";
				PRODUCT_NAME = "$(TARGET_NAME)";
				SDKROOT = watchos;
				SKIP_INSTALL = YES;
				SWIFT_OBJC_BRIDGING_HEADER = "Shared/DanXi-native WatchKit App-Bridging-Header.h";
				SWIFT_OPTIMIZATION_LEVEL = "-Onone";
				SWIFT_VERSION = 5.0;
				TARGETED_DEVICE_FAMILY = 4;
				WATCHOS_DEPLOYMENT_TARGET = 8.0;
			};
			name = Debug;
		};
		8AC7A63226872C4100C9CD98 /* Release */ = {
			isa = XCBuildConfiguration;
			buildSettings = {
				ALWAYS_EMBED_SWIFT_STANDARD_LIBRARIES = YES;
				ASSETCATALOG_COMPILER_APPICON_NAME = AppIcon;
				ASSETCATALOG_COMPILER_GLOBAL_ACCENT_COLOR_NAME = AccentColor;
				CLANG_ENABLE_MODULES = YES;
				CODE_SIGN_STYLE = Automatic;
				CURRENT_PROJECT_VERSION = 28;
				DEVELOPMENT_TEAM = QZ9KCS2T78;
				FRAMEWORK_SEARCH_PATHS = "";
				IBSC_MODULE = DanXi_native_WatchKit_Extension;
				INFOPLIST_FILE = "DanXi-native WatchKit App/Info.plist";
				LD_RUNPATH_SEARCH_PATHS = (
					"$(inherited)",
					"@executable_path/../Frameworks",
					"@loader_path/../Frameworks",
				);
				MARKETING_VERSION = 2.0;
				PRODUCT_BUNDLE_IDENTIFIER = "io.github.danxi-dev.dan-xi.watchapp";
				PRODUCT_NAME = "$(TARGET_NAME)";
				SDKROOT = watchos;
				SKIP_INSTALL = YES;
				SWIFT_OBJC_BRIDGING_HEADER = "Shared/DanXi-native WatchKit App-Bridging-Header.h";
				SWIFT_VERSION = 5.0;
				TARGETED_DEVICE_FAMILY = 4;
				VALIDATE_PRODUCT = YES;
				WATCHOS_DEPLOYMENT_TARGET = 8.0;
			};
			name = Release;
		};
		8AC7A63526872C4100C9CD98 /* Debug */ = {
			isa = XCBuildConfiguration;
			buildSettings = {
				ASSETCATALOG_COMPILER_APPICON_NAME = AppIcon;
				ASSETCATALOG_COMPILER_GLOBAL_ACCENT_COLOR_NAME = AccentColor;
				CODE_SIGN_ENTITLEMENTS = "DanXi-native/DanXi-native.entitlements";
				CODE_SIGN_STYLE = Automatic;
				CURRENT_PROJECT_VERSION = 28;
				DEVELOPMENT_ASSET_PATHS = "\"DanXi-native/Preview Content\"";
				DEVELOPMENT_TEAM = QZ9KCS2T78;
				ENABLE_PREVIEWS = YES;
				INFOPLIST_FILE = "DanXi-native/Info.plist";
				IPHONEOS_DEPLOYMENT_TARGET = 15.0;
				LD_RUNPATH_SEARCH_PATHS = (
					"$(inherited)",
					"@executable_path/Frameworks",
				);
				MARKETING_VERSION = 2.0;
				OTHER_SWIFT_FLAGS = "";
				PRODUCT_BUNDLE_IDENTIFIER = "io.github.danxi-dev.dan-xi";
				PRODUCT_NAME = "$(TARGET_NAME)";
				SDKROOT = iphoneos;
				SUPPORTS_MACCATALYST = YES;
				SWIFT_VERSION = 5.0;
				TARGETED_DEVICE_FAMILY = "1,2,6";
			};
			name = Debug;
		};
		8AC7A63626872C4100C9CD98 /* Release */ = {
			isa = XCBuildConfiguration;
			buildSettings = {
				ASSETCATALOG_COMPILER_APPICON_NAME = AppIcon;
				ASSETCATALOG_COMPILER_GLOBAL_ACCENT_COLOR_NAME = AccentColor;
				CODE_SIGN_ENTITLEMENTS = "DanXi-native/DanXi-native.entitlements";
				CODE_SIGN_STYLE = Automatic;
				CURRENT_PROJECT_VERSION = 28;
				DEVELOPMENT_ASSET_PATHS = "\"DanXi-native/Preview Content\"";
				DEVELOPMENT_TEAM = QZ9KCS2T78;
				ENABLE_PREVIEWS = YES;
				INFOPLIST_FILE = "DanXi-native/Info.plist";
				IPHONEOS_DEPLOYMENT_TARGET = 15.0;
				LD_RUNPATH_SEARCH_PATHS = (
					"$(inherited)",
					"@executable_path/Frameworks",
				);
				MARKETING_VERSION = 2.0;
				OTHER_SWIFT_FLAGS = "";
				PRODUCT_BUNDLE_IDENTIFIER = "io.github.danxi-dev.dan-xi";
				PRODUCT_NAME = "$(TARGET_NAME)";
				SDKROOT = iphoneos;
				SUPPORTS_MACCATALYST = YES;
				SWIFT_VERSION = 5.0;
				TARGETED_DEVICE_FAMILY = "1,2,6";
				VALIDATE_PRODUCT = YES;
			};
			name = Release;
		};
		8AC7A63826872C4100C9CD98 /* Debug */ = {
			isa = XCBuildConfiguration;
			buildSettings = {
				ALWAYS_EMBED_SWIFT_STANDARD_LIBRARIES = YES;
				BUNDLE_LOADER = "$(TEST_HOST)";
				CODE_SIGN_STYLE = Automatic;
				DEVELOPMENT_TEAM = QZ9KCS2T78;
				INFOPLIST_FILE = "DanXi-nativeTests/Info.plist";
				IPHONEOS_DEPLOYMENT_TARGET = 15.0;
				LD_RUNPATH_SEARCH_PATHS = (
					"$(inherited)",
					"@executable_path/Frameworks",
					"@loader_path/Frameworks",
				);
				PRODUCT_BUNDLE_IDENTIFIER = "io.github.danxi-dev.ios.DanXi-nativeTests";
				PRODUCT_NAME = "$(TARGET_NAME)";
				SDKROOT = iphoneos;
				SWIFT_VERSION = 5.0;
				TARGETED_DEVICE_FAMILY = "1,2,6";
				TEST_HOST = "$(BUILT_PRODUCTS_DIR)/DanXi-native.app/DanXi-native";
			};
			name = Debug;
		};
		8AC7A63926872C4100C9CD98 /* Release */ = {
			isa = XCBuildConfiguration;
			buildSettings = {
				ALWAYS_EMBED_SWIFT_STANDARD_LIBRARIES = YES;
				BUNDLE_LOADER = "$(TEST_HOST)";
				CODE_SIGN_STYLE = Automatic;
				DEVELOPMENT_TEAM = QZ9KCS2T78;
				INFOPLIST_FILE = "DanXi-nativeTests/Info.plist";
				IPHONEOS_DEPLOYMENT_TARGET = 15.0;
				LD_RUNPATH_SEARCH_PATHS = (
					"$(inherited)",
					"@executable_path/Frameworks",
					"@loader_path/Frameworks",
				);
				PRODUCT_BUNDLE_IDENTIFIER = "io.github.danxi-dev.ios.DanXi-nativeTests";
				PRODUCT_NAME = "$(TARGET_NAME)";
				SDKROOT = iphoneos;
				SWIFT_VERSION = 5.0;
				TARGETED_DEVICE_FAMILY = "1,2,6";
				TEST_HOST = "$(BUILT_PRODUCTS_DIR)/DanXi-native.app/DanXi-native";
				VALIDATE_PRODUCT = YES;
			};
			name = Release;
		};
		8AC7A63B26872C4100C9CD98 /* Debug */ = {
			isa = XCBuildConfiguration;
			buildSettings = {
				ALWAYS_EMBED_SWIFT_STANDARD_LIBRARIES = YES;
				CODE_SIGN_STYLE = Automatic;
				DEVELOPMENT_TEAM = QZ9KCS2T78;
				INFOPLIST_FILE = "DanXi-nativeUITests/Info.plist";
				IPHONEOS_DEPLOYMENT_TARGET = 15.0;
				LD_RUNPATH_SEARCH_PATHS = (
					"$(inherited)",
					"@executable_path/Frameworks",
					"@loader_path/Frameworks",
				);
				PRODUCT_BUNDLE_IDENTIFIER = "io.github.danxi-dev.ios.DanXi-nativeUITests";
				PRODUCT_NAME = "$(TARGET_NAME)";
				SDKROOT = iphoneos;
				SWIFT_VERSION = 5.0;
				TARGETED_DEVICE_FAMILY = "1,2";
				TEST_TARGET_NAME = "DanXi-native";
			};
			name = Debug;
		};
		8AC7A63C26872C4100C9CD98 /* Release */ = {
			isa = XCBuildConfiguration;
			buildSettings = {
				ALWAYS_EMBED_SWIFT_STANDARD_LIBRARIES = YES;
				CODE_SIGN_STYLE = Automatic;
				DEVELOPMENT_TEAM = QZ9KCS2T78;
				INFOPLIST_FILE = "DanXi-nativeUITests/Info.plist";
				IPHONEOS_DEPLOYMENT_TARGET = 15.0;
				LD_RUNPATH_SEARCH_PATHS = (
					"$(inherited)",
					"@executable_path/Frameworks",
					"@loader_path/Frameworks",
				);
				PRODUCT_BUNDLE_IDENTIFIER = "io.github.danxi-dev.ios.DanXi-nativeUITests";
				PRODUCT_NAME = "$(TARGET_NAME)";
				SDKROOT = iphoneos;
				SWIFT_VERSION = 5.0;
				TARGETED_DEVICE_FAMILY = "1,2";
				TEST_TARGET_NAME = "DanXi-native";
				VALIDATE_PRODUCT = YES;
			};
			name = Release;
		};
		8AC7A63E26872C4100C9CD98 /* Debug */ = {
			isa = XCBuildConfiguration;
			buildSettings = {
				ALWAYS_EMBED_SWIFT_STANDARD_LIBRARIES = YES;
				BUNDLE_LOADER = "$(TEST_HOST)";
				CODE_SIGN_STYLE = Automatic;
				DEVELOPMENT_TEAM = QZ9KCS2T78;
				INFOPLIST_FILE = "DanXi-native WatchKit AppTests/Info.plist";
				LD_RUNPATH_SEARCH_PATHS = (
					"$(inherited)",
					"@executable_path/Frameworks",
					"@loader_path/Frameworks",
				);
				PRODUCT_BUNDLE_IDENTIFIER = "io.github.danxi-dev.ios.DanXi-native-WatchKit-AppTests";
				PRODUCT_NAME = "$(TARGET_NAME)";
				SDKROOT = watchos;
				SWIFT_VERSION = 5.0;
				TARGETED_DEVICE_FAMILY = 4;
				TEST_HOST = "$(BUILT_PRODUCTS_DIR)/DanXi-native WatchKit Extension.appex/DanXi-native WatchKit Extension";
				WATCHOS_DEPLOYMENT_TARGET = 7.4;
			};
			name = Debug;
		};
		8AC7A63F26872C4100C9CD98 /* Release */ = {
			isa = XCBuildConfiguration;
			buildSettings = {
				ALWAYS_EMBED_SWIFT_STANDARD_LIBRARIES = YES;
				BUNDLE_LOADER = "$(TEST_HOST)";
				CODE_SIGN_STYLE = Automatic;
				DEVELOPMENT_TEAM = QZ9KCS2T78;
				INFOPLIST_FILE = "DanXi-native WatchKit AppTests/Info.plist";
				LD_RUNPATH_SEARCH_PATHS = (
					"$(inherited)",
					"@executable_path/Frameworks",
					"@loader_path/Frameworks",
				);
				PRODUCT_BUNDLE_IDENTIFIER = "io.github.danxi-dev.ios.DanXi-native-WatchKit-AppTests";
				PRODUCT_NAME = "$(TARGET_NAME)";
				SDKROOT = watchos;
				SWIFT_VERSION = 5.0;
				TARGETED_DEVICE_FAMILY = 4;
				TEST_HOST = "$(BUILT_PRODUCTS_DIR)/DanXi-native WatchKit Extension.appex/DanXi-native WatchKit Extension";
				VALIDATE_PRODUCT = YES;
				WATCHOS_DEPLOYMENT_TARGET = 7.4;
			};
			name = Release;
		};
		8AC7A64126872C4100C9CD98 /* Debug */ = {
			isa = XCBuildConfiguration;
			buildSettings = {
				CODE_SIGN_STYLE = Automatic;
				DEVELOPMENT_TEAM = QZ9KCS2T78;
				INFOPLIST_FILE = "DanXi-native WatchKit AppUITests/Info.plist";
				LD_RUNPATH_SEARCH_PATHS = (
					"$(inherited)",
					"@executable_path/Frameworks",
					"@loader_path/Frameworks",
				);
				PRODUCT_BUNDLE_IDENTIFIER = "io.github.danxi-dev.ios.DanXi-native-WatchKit-AppUITests";
				PRODUCT_NAME = "$(TARGET_NAME)";
				SDKROOT = watchos;
				SWIFT_VERSION = 5.0;
				TARGETED_DEVICE_FAMILY = 4;
				TEST_TARGET_NAME = "DanXi-native WatchKit App";
				WATCHOS_DEPLOYMENT_TARGET = 7.4;
			};
			name = Debug;
		};
		8AC7A64226872C4100C9CD98 /* Release */ = {
			isa = XCBuildConfiguration;
			buildSettings = {
				CODE_SIGN_STYLE = Automatic;
				DEVELOPMENT_TEAM = QZ9KCS2T78;
				INFOPLIST_FILE = "DanXi-native WatchKit AppUITests/Info.plist";
				LD_RUNPATH_SEARCH_PATHS = (
					"$(inherited)",
					"@executable_path/Frameworks",
					"@loader_path/Frameworks",
				);
				PRODUCT_BUNDLE_IDENTIFIER = "io.github.danxi-dev.ios.DanXi-native-WatchKit-AppUITests";
				PRODUCT_NAME = "$(TARGET_NAME)";
				SDKROOT = watchos;
				SWIFT_VERSION = 5.0;
				TARGETED_DEVICE_FAMILY = 4;
				TEST_TARGET_NAME = "DanXi-native WatchKit App";
				VALIDATE_PRODUCT = YES;
				WATCHOS_DEPLOYMENT_TARGET = 7.4;
			};
			name = Release;
		};
/* End XCBuildConfiguration section */

/* Begin XCConfigurationList section */
		8AC7A5C826872C3E00C9CD98 /* Build configuration list for PBXProject "DanXi-native" */ = {
			isa = XCConfigurationList;
			buildConfigurations = (
				8AC7A62A26872C4100C9CD98 /* Debug */,
				8AC7A62B26872C4100C9CD98 /* Release */,
			);
			defaultConfigurationIsVisible = 0;
			defaultConfigurationName = Release;
		};
		8AC7A62C26872C4100C9CD98 /* Build configuration list for PBXNativeTarget "DanXi-native WatchKit Extension" */ = {
			isa = XCConfigurationList;
			buildConfigurations = (
				8AC7A62D26872C4100C9CD98 /* Debug */,
				8AC7A62E26872C4100C9CD98 /* Release */,
			);
			defaultConfigurationIsVisible = 0;
			defaultConfigurationName = Release;
		};
		8AC7A63026872C4100C9CD98 /* Build configuration list for PBXNativeTarget "DanXi-native WatchKit App" */ = {
			isa = XCConfigurationList;
			buildConfigurations = (
				8AC7A63126872C4100C9CD98 /* Debug */,
				8AC7A63226872C4100C9CD98 /* Release */,
			);
			defaultConfigurationIsVisible = 0;
			defaultConfigurationName = Release;
		};
		8AC7A63426872C4100C9CD98 /* Build configuration list for PBXNativeTarget "DanXi-native" */ = {
			isa = XCConfigurationList;
			buildConfigurations = (
				8AC7A63526872C4100C9CD98 /* Debug */,
				8AC7A63626872C4100C9CD98 /* Release */,
			);
			defaultConfigurationIsVisible = 0;
			defaultConfigurationName = Release;
		};
		8AC7A63726872C4100C9CD98 /* Build configuration list for PBXNativeTarget "DanXi-nativeTests" */ = {
			isa = XCConfigurationList;
			buildConfigurations = (
				8AC7A63826872C4100C9CD98 /* Debug */,
				8AC7A63926872C4100C9CD98 /* Release */,
			);
			defaultConfigurationIsVisible = 0;
			defaultConfigurationName = Release;
		};
		8AC7A63A26872C4100C9CD98 /* Build configuration list for PBXNativeTarget "DanXi-nativeUITests" */ = {
			isa = XCConfigurationList;
			buildConfigurations = (
				8AC7A63B26872C4100C9CD98 /* Debug */,
				8AC7A63C26872C4100C9CD98 /* Release */,
			);
			defaultConfigurationIsVisible = 0;
			defaultConfigurationName = Release;
		};
		8AC7A63D26872C4100C9CD98 /* Build configuration list for PBXNativeTarget "DanXi-native WatchKit AppTests" */ = {
			isa = XCConfigurationList;
			buildConfigurations = (
				8AC7A63E26872C4100C9CD98 /* Debug */,
				8AC7A63F26872C4100C9CD98 /* Release */,
			);
			defaultConfigurationIsVisible = 0;
			defaultConfigurationName = Release;
		};
		8AC7A64026872C4100C9CD98 /* Build configuration list for PBXNativeTarget "DanXi-native WatchKit AppUITests" */ = {
			isa = XCConfigurationList;
			buildConfigurations = (
				8AC7A64126872C4100C9CD98 /* Debug */,
				8AC7A64226872C4100C9CD98 /* Release */,
			);
			defaultConfigurationIsVisible = 0;
			defaultConfigurationName = Release;
		};
/* End XCConfigurationList section */

/* Begin XCRemoteSwiftPackageReference section */
		77F437EE27D7A3180082920E /* XCRemoteSwiftPackageReference "Alamofire" */ = {
			isa = XCRemoteSwiftPackageReference;
			repositoryURL = "https://github.com/Alamofire/Alamofire.git";
			requirement = {
				kind = upToNextMajorVersion;
				minimumVersion = 5.0.0;
			};
		};
/* End XCRemoteSwiftPackageReference section */

/* Begin XCSwiftPackageProductDependency section */
		7795D21B27D82B1C00840D02 /* Alamofire */ = {
			isa = XCSwiftPackageProductDependency;
			package = 77F437EE27D7A3180082920E /* XCRemoteSwiftPackageReference "Alamofire" */;
			productName = Alamofire;
		};
		77F437EF27D7A3180082920E /* Alamofire */ = {
			isa = XCSwiftPackageProductDependency;
			package = 77F437EE27D7A3180082920E /* XCRemoteSwiftPackageReference "Alamofire" */;
			productName = Alamofire;
		};
/* End XCSwiftPackageProductDependency section */
	};
	rootObject = 8AC7A5C526872C3E00C9CD98 /* Project object */;
}
