// !$*UTF8*$!
{
	archiveVersion = 1;
	classes = {
	};
	objectVersion = 54;
	objects = {

/* Begin PBXBuildFile section */
		27013BC629CE3022004A5D2F /* THFloorView.swift in Sources */ = {isa = PBXBuildFile; fileRef = 27013BC529CE3022004A5D2F /* THFloorView.swift */; };
		27013BCA29CF7B74004A5D2F /* THHomePage.swift in Sources */ = {isa = PBXBuildFile; fileRef = 27013BC929CF7B74004A5D2F /* THHomePage.swift */; };
		27013BCC29D01E7D004A5D2F /* THSearchModel.swift in Sources */ = {isa = PBXBuildFile; fileRef = 27013BCB29D01E7D004A5D2F /* THSearchModel.swift */; };
		27013BCE29D01F3F004A5D2F /* THBrowseWrapper.swift in Sources */ = {isa = PBXBuildFile; fileRef = 27013BCD29D01F3F004A5D2F /* THBrowseWrapper.swift */; };
		27013BD229D022B7004A5D2F /* THBrowsePage.swift in Sources */ = {isa = PBXBuildFile; fileRef = 27013BD129D022B7004A5D2F /* THBrowsePage.swift */; };
		27013BD629D02A67004A5D2F /* THSearchPage.swift in Sources */ = {isa = PBXBuildFile; fileRef = 27013BD529D02A67004A5D2F /* THSearchPage.swift */; };
		27013BD829D062FA004A5D2F /* THReportModel.swift in Sources */ = {isa = PBXBuildFile; fileRef = 27013BD729D062FA004A5D2F /* THReportModel.swift */; };
		27063ABA29FB094C0060AC8B /* AsyncCollection.swift in Sources */ = {isa = PBXBuildFile; fileRef = 27063AB929FB094C0060AC8B /* AsyncCollection.swift */; };
		2706602C292F513700F4C321 /* AboutPage.swift in Sources */ = {isa = PBXBuildFile; fileRef = 2706602B292F513700F4C321 /* AboutPage.swift */; };
		2706602E292F51BC00F4C321 /* CreditPage.swift in Sources */ = {isa = PBXBuildFile; fileRef = 2706602D292F51BC00F4C321 /* CreditPage.swift */; };
		27066032292F56AF00F4C321 /* license.json in Resources */ = {isa = PBXBuildFile; fileRef = 27066031292F56AF00F4C321 /* license.json */; };
		27066038292FA34200F4C321 /* contributor.json in Resources */ = {isa = PBXBuildFile; fileRef = 27066037292FA34200F4C321 /* contributor.json */; };
		270CA42A28BD13A10024BDF2 /* DKReviewPage.swift in Sources */ = {isa = PBXBuildFile; fileRef = 270CA42928BD13A10024BDF2 /* DKReviewPage.swift */; };
		270CD1942BAD697600881ABA /* ViewUtils in Frameworks */ = {isa = PBXBuildFile; productRef = 270CD1932BAD697600881ABA /* ViewUtils */; };
		27173F1F2A0EBC2C00A570E1 /* THBackgroundList.swift in Sources */ = {isa = PBXBuildFile; fileRef = 27173F1E2A0EBC2C00A570E1 /* THBackgroundList.swift */; };
		271D1D5129F178C600DDEEC9 /* Decode.swift in Sources */ = {isa = PBXBuildFile; fileRef = 271D1D5029F178C600DDEEC9 /* Decode.swift */; };
		271D1D5329F19D1500DDEEC9 /* THMessagesPage.swift in Sources */ = {isa = PBXBuildFile; fileRef = 271D1D5229F19D1500DDEEC9 /* THMessagesPage.swift */; };
		271D1D5529F1A31700DDEEC9 /* THNotificationView.swift in Sources */ = {isa = PBXBuildFile; fileRef = 271D1D5429F1A31700DDEEC9 /* THNotificationView.swift */; };
		2725605929F8EAF300C8B27A /* DKTagView.swift in Sources */ = {isa = PBXBuildFile; fileRef = 2725605829F8EAF300C8B27A /* DKTagView.swift */; };
		27262AFE2B04A002000C3962 /* THMyReplyPage.swift in Sources */ = {isa = PBXBuildFile; fileRef = 27262AFD2B04A002000C3962 /* THMyReplyPage.swift */; };
		2729071128B0B3DE0087ACC0 /* RichTextProcess.swift in Sources */ = {isa = PBXBuildFile; fileRef = 2729071028B0B3DE0087ACC0 /* RichTextProcess.swift */; };
		2729071528B0B45F0087ACC0 /* THMentionView.swift in Sources */ = {isa = PBXBuildFile; fileRef = 2729071428B0B45F0087ACC0 /* THMentionView.swift */; };
		272AC8DA2896BE2500092B0C /* THFavoritesPage.swift in Sources */ = {isa = PBXBuildFile; fileRef = 272AC8D92896BE2500092B0C /* THFavoritesPage.swift */; };
		272AC8E12896F27300092B0C /* THPostSheet.swift in Sources */ = {isa = PBXBuildFile; fileRef = 272AC8E02896F27300092B0C /* THPostSheet.swift */; };
		272AC8E32896F29800092B0C /* THReplySheet.swift in Sources */ = {isa = PBXBuildFile; fileRef = 272AC8E22896F29800092B0C /* THReplySheet.swift */; };
		272AC8E62896F30E00092B0C /* THFloorEditSheet.swift in Sources */ = {isa = PBXBuildFile; fileRef = 272AC8E52896F30E00092B0C /* THFloorEditSheet.swift */; };
		272B08462A6EE6F40078CFF6 /* THBrowseHistoryPage.swift in Sources */ = {isa = PBXBuildFile; fileRef = 272B08452A6EE6F40078CFF6 /* THBrowseHistoryPage.swift */; };
		272FFC5029E9C0CB00EB4CBF /* THTagEditor.swift in Sources */ = {isa = PBXBuildFile; fileRef = 272FFC4F29E9C0CB00EB4CBF /* THTagEditor.swift */; };
		272FFC5429E9D6A400EB4CBF /* THContentEditor.swift in Sources */ = {isa = PBXBuildFile; fileRef = 272FFC5329E9D6A400EB4CBF /* THContentEditor.swift */; };
		273C1E6328C9CE5C0067E61E /* THHoleEditSheet.swift in Sources */ = {isa = PBXBuildFile; fileRef = 273C1E6228C9CE5C0067E61E /* THHoleEditSheet.swift */; };
		273FAFB628C13C6100FC3950 /* THSpecialTagView.swift in Sources */ = {isa = PBXBuildFile; fileRef = 273FAFB528C13C6100FC3950 /* THSpecialTagView.swift */; };
		2749B145298E5DC00011C78C /* DKPostSheet.swift in Sources */ = {isa = PBXBuildFile; fileRef = 2749B144298E5DC00011C78C /* DKPostSheet.swift */; };
		274C197329D1BF9B000DE221 /* WatchApp.swift in Sources */ = {isa = PBXBuildFile; fileRef = 274C197229D1BF9B000DE221 /* WatchApp.swift */; };
		274C197529D1BF9B000DE221 /* ContentView.swift in Sources */ = {isa = PBXBuildFile; fileRef = 274C197429D1BF9B000DE221 /* ContentView.swift */; };
		274C197729D1BF9C000DE221 /* Assets.xcassets in Resources */ = {isa = PBXBuildFile; fileRef = 274C197629D1BF9C000DE221 /* Assets.xcassets */; };
		27536EBE29DC9A8100894A98 /* WidgetKit.framework in Frameworks */ = {isa = PBXBuildFile; fileRef = F165C50728D1882C0000DB6F /* WidgetKit.framework */; };
		27536EBF29DC9A8100894A98 /* SwiftUI.framework in Frameworks */ = {isa = PBXBuildFile; fileRef = F165C50928D1882C0000DB6F /* SwiftUI.framework */; };
		27536EC229DC9A8100894A98 /* DanXiWidgetBundle.swift in Sources */ = {isa = PBXBuildFile; fileRef = 27536EC129DC9A8100894A98 /* DanXiWidgetBundle.swift */; };
		27536EC629DC9A8300894A98 /* Assets.xcassets in Resources */ = {isa = PBXBuildFile; fileRef = 27536EC529DC9A8300894A98 /* Assets.xcassets */; };
		275B71CD28C5249800475BA3 /* THReportPage.swift in Sources */ = {isa = PBXBuildFile; fileRef = 275B71CC28C5249800475BA3 /* THReportPage.swift */; };
		275F745F2A8BDFDC0024B19B /* THDivisionSheet.swift in Sources */ = {isa = PBXBuildFile; fileRef = 275F745E2A8BDFDC0024B19B /* THDivisionSheet.swift */; };
		2764E5D8289840E1000C0A98 /* RandomColor.swift in Sources */ = {isa = PBXBuildFile; fileRef = 2764E5D7289840E1000C0A98 /* RandomColor.swift */; };
		27719AA128A3E4DF00C661BD /* DKCourseView.swift in Sources */ = {isa = PBXBuildFile; fileRef = 27719AA028A3E4DF00C661BD /* DKCourseView.swift */; };
		27719AA628A3EAB100C661BD /* DKHomePage.swift in Sources */ = {isa = PBXBuildFile; fileRef = 27719AA528A3EAB100C661BD /* DKHomePage.swift */; };
		2772231128F05B3300458EAC /* THHistorySheet.swift in Sources */ = {isa = PBXBuildFile; fileRef = 2772231028F05B3300458EAC /* THHistorySheet.swift */; };
		2778D5F62891C664009F4DB1 /* Assets.xcassets in Resources */ = {isa = PBXBuildFile; fileRef = 2778D5F52891C664009F4DB1 /* Assets.xcassets */; };
		2778D6272891D22D009F4DB1 /* SettingsPage.swift in Sources */ = {isa = PBXBuildFile; fileRef = 2778D60B2891D22D009F4DB1 /* SettingsPage.swift */; };
		2778D62A2891D22D009F4DB1 /* ContentView.swift in Sources */ = {isa = PBXBuildFile; fileRef = 2778D6112891D22D009F4DB1 /* ContentView.swift */; };
		2778D62C2891D22D009F4DB1 /* THTagView.swift in Sources */ = {isa = PBXBuildFile; fileRef = 2778D6142891D22D009F4DB1 /* THTagView.swift */; };
		2778D62D2891D22D009F4DB1 /* THHoleView.swift in Sources */ = {isa = PBXBuildFile; fileRef = 2778D6152891D22D009F4DB1 /* THHoleView.swift */; };
		27834AF529D600E1008DC0C2 /* THSettingsView.swift in Sources */ = {isa = PBXBuildFile; fileRef = 27834AF429D600E1008DC0C2 /* THSettingsView.swift */; };
		27834AF729D6012E008DC0C2 /* THSettingsModel.swift in Sources */ = {isa = PBXBuildFile; fileRef = 27834AF629D6012E008DC0C2 /* THSettingsModel.swift */; };
		27834AF929D6261E008DC0C2 /* THMyPostPage.swift in Sources */ = {isa = PBXBuildFile; fileRef = 27834AF829D6261E008DC0C2 /* THMyPostPage.swift */; };
		2785E2A82BC8645100D50D31 /* FudanUI in Frameworks */ = {isa = PBXBuildFile; productRef = 2785E2A72BC8645100D50D31 /* FudanUI */; };
		2785E2AA2BC8645900D50D31 /* FudanUI in Frameworks */ = {isa = PBXBuildFile; productRef = 2785E2A92BC8645900D50D31 /* FudanUI */; };
		278B291C2939D2D9008C29ED /* Navigation.swift in Sources */ = {isa = PBXBuildFile; fileRef = 278B291B2939D2D9008C29ED /* Navigation.swift */; };
		278E406A28BA963A008D6514 /* DKRatingView.swift in Sources */ = {isa = PBXBuildFile; fileRef = 278E406928BA963A008D6514 /* DKRatingView.swift */; };
		2791030D29C7640F003B9FD9 /* THPosterView.swift in Sources */ = {isa = PBXBuildFile; fileRef = 2791030C29C7640F003B9FD9 /* THPosterView.swift */; };
		2791031229C774F8003B9FD9 /* Disk in Frameworks */ = {isa = PBXBuildFile; productRef = 2791031129C774F8003B9FD9 /* Disk */; };
		2791031629C82BC3003B9FD9 /* DXModel.swift in Sources */ = {isa = PBXBuildFile; fileRef = 2791031529C82BC3003B9FD9 /* DXModel.swift */; };
		27939FE928C26E0600E8D199 /* Haptics.swift in Sources */ = {isa = PBXBuildFile; fileRef = 27939FE828C26E0600E8D199 /* Haptics.swift */; };
		2795EB1528AE6CB400518597 /* DKCoursePage.swift in Sources */ = {isa = PBXBuildFile; fileRef = 2795EB1428AE6CB400518597 /* DKCoursePage.swift */; };
		2799979A2AC1734E00DE835A /* THSubscriptionPage.swift in Sources */ = {isa = PBXBuildFile; fileRef = 279997992AC1734E00DE835A /* THSubscriptionPage.swift */; };
		27A308C729A6753B00E8F646 /* SwiftyJSON in Frameworks */ = {isa = PBXBuildFile; productRef = 27A308C629A6753B00E8F646 /* SwiftyJSON */; };
		27A424F129EE6B2300339E82 /* DXAuthSheet.swift in Sources */ = {isa = PBXBuildFile; fileRef = 27A424F029EE6B2300339E82 /* DXAuthSheet.swift */; };
		27A5DA2029D6EF010042D28D /* THTagsPage.swift in Sources */ = {isa = PBXBuildFile; fileRef = 27A5DA1F29D6EF010042D28D /* THTagsPage.swift */; };
		27B19FC128F5769A0001587F /* FDLoginSheet.swift in Sources */ = {isa = PBXBuildFile; fileRef = 27B19FC028F5769A0001587F /* FDLoginSheet.swift */; };
		27B7AC0F29DEB28500DAE0C5 /* Network.swift in Sources */ = {isa = PBXBuildFile; fileRef = 27CBA0762951C01E00F422DB /* Network.swift */; };
		27BBBD0B2912C330007C2905 /* DXError.swift in Sources */ = {isa = PBXBuildFile; fileRef = 27BBBD0A2912C330007C2905 /* DXError.swift */; };
		27BBBD1D2912C33D007C2905 /* DKEntity.swift in Sources */ = {isa = PBXBuildFile; fileRef = 27BBBD0D2912C33C007C2905 /* DKEntity.swift */; };
		27BBBD1E2912C33D007C2905 /* THEntity.swift in Sources */ = {isa = PBXBuildFile; fileRef = 27BBBD0E2912C33C007C2905 /* THEntity.swift */; };
		27BBBD1F2912C33D007C2905 /* DXEntity.swift in Sources */ = {isa = PBXBuildFile; fileRef = 27BBBD0F2912C33C007C2905 /* DXEntity.swift */; };
		27BBBD202912C33D007C2905 /* DXRequests.swift in Sources */ = {isa = PBXBuildFile; fileRef = 27BBBD112912C33C007C2905 /* DXRequests.swift */; };
		27BBBD222912C33D007C2905 /* DKRequests.swift in Sources */ = {isa = PBXBuildFile; fileRef = 27BBBD132912C33C007C2905 /* DKRequests.swift */; };
		27BBBD232912C33D007C2905 /* DXNetwork.swift in Sources */ = {isa = PBXBuildFile; fileRef = 27BBBD142912C33C007C2905 /* DXNetwork.swift */; };
		27BBBD242912C33D007C2905 /* THRequests.swift in Sources */ = {isa = PBXBuildFile; fileRef = 27BBBD152912C33C007C2905 /* THRequests.swift */; };
		27BD15DF2B04E6C0006A97A9 /* THModeratePage.swift in Sources */ = {isa = PBXBuildFile; fileRef = 27BD15DE2B04E6C0006A97A9 /* THModeratePage.swift */; };
		27C68CB32BB563EE00037D52 /* Utils in Frameworks */ = {isa = PBXBuildFile; productRef = 27C68CB22BB563EE00037D52 /* Utils */; };
		27C95B3C2A8B63DC000A614B /* DXQuestionSheet.swift in Sources */ = {isa = PBXBuildFile; fileRef = 27C95B3B2A8B63DC000A614B /* DXQuestionSheet.swift */; };
		27C95B422A8B90FF000A614B /* FormTitle.swift in Sources */ = {isa = PBXBuildFile; fileRef = 27C95B412A8B90FE000A614B /* FormTitle.swift */; };
		27CAD2322A32AD94008F3D19 /* FoldedView.swift in Sources */ = {isa = PBXBuildFile; fileRef = 27CAD2312A32AD94008F3D19 /* FoldedView.swift */; };
		27CBA0772951C01E00F422DB /* Network.swift in Sources */ = {isa = PBXBuildFile; fileRef = 27CBA0762951C01E00F422DB /* Network.swift */; };
		27CC00EC28E203A400F0B026 /* THDeleteSheet.swift in Sources */ = {isa = PBXBuildFile; fileRef = 27CC00EB28E203A400F0B026 /* THDeleteSheet.swift */; };
		27D3A49C2BBC9E0900350D21 /* SwiftyJSON in Frameworks */ = {isa = PBXBuildFile; productRef = 27D3A49B2BBC9E0900350D21 /* SwiftyJSON */; };
		27D3A49E2BBC9E1A00350D21 /* KeychainAccess in Frameworks */ = {isa = PBXBuildFile; productRef = 27D3A49D2BBC9E1A00350D21 /* KeychainAccess */; };
		27D3A49F2BBC9F0800350D21 /* DanXi Widget.appex in Embed Foundation Extensions */ = {isa = PBXBuildFile; fileRef = 27536EBD29DC9A8100894A98 /* DanXi Widget.appex */; settings = {ATTRIBUTES = (RemoveHeadersOnCopy, ); }; };
		27D3A4A82BBCFA3D00350D21 /* FudanKit in Frameworks */ = {isa = PBXBuildFile; productRef = 27D3A4A72BBCFA3D00350D21 /* FudanKit */; };
		27D3A4AA2BBCFA6E00350D21 /* SwiftyJSON in Frameworks */ = {isa = PBXBuildFile; productRef = 27D3A4A92BBCFA6E00350D21 /* SwiftyJSON */; };
		27D3A4AC2BBCFB0D00350D21 /* KeychainAccess in Frameworks */ = {isa = PBXBuildFile; productRef = 27D3A4AB2BBCFB0D00350D21 /* KeychainAccess */; };
		27D6F4542892C5D70059228F /* BundleResource.swift in Sources */ = {isa = PBXBuildFile; fileRef = 27D6F4532892C5D70059228F /* BundleResource.swift */; };
		27D7110828CA29B7001E9464 /* THReportSheet.swift in Sources */ = {isa = PBXBuildFile; fileRef = 27D7110728CA29B7001E9464 /* THReportSheet.swift */; };
		27DAFA6229CAF1BC00F32093 /* KeychainAccess in Frameworks */ = {isa = PBXBuildFile; productRef = 27DAFA6129CAF1BC00F32093 /* KeychainAccess */; };
		27DAFA6729CB375D00F32093 /* THHoleModel.swift in Sources */ = {isa = PBXBuildFile; fileRef = 27DAFA6629CB375D00F32093 /* THHoleModel.swift */; };
		27DAFA6929CB43FA00F32093 /* THHoleLoader.swift in Sources */ = {isa = PBXBuildFile; fileRef = 27DAFA6829CB43FA00F32093 /* THHoleLoader.swift */; };
		27DAFA6D29CB529D00F32093 /* THLoaderPage.swift in Sources */ = {isa = PBXBuildFile; fileRef = 27DAFA6C29CB529D00F32093 /* THLoaderPage.swift */; };
		27DAFA6F29CB589000F32093 /* THHolePage.swift in Sources */ = {isa = PBXBuildFile; fileRef = 27DAFA6E29CB589000F32093 /* THHolePage.swift */; };
		27DAFA7129CB5B4500F32093 /* THFloorModel.swift in Sources */ = {isa = PBXBuildFile; fileRef = 27DAFA7029CB5B4500F32093 /* THFloorModel.swift */; };
		27DAFA7929CC50E100F32093 /* AsnyncButton.swift in Sources */ = {isa = PBXBuildFile; fileRef = 27DAFA7829CC50E100F32093 /* AsnyncButton.swift */; };
		27DD19B42BA5CCA400B75643 /* FudanKit in Frameworks */ = {isa = PBXBuildFile; productRef = 27DD19B32BA5CCA400B75643 /* FudanKit */; };
		27DD20E1299FC16D00E9F833 /* DKStarRatingView.swift in Sources */ = {isa = PBXBuildFile; fileRef = 27DD20E0299FC16D00E9F833 /* DKStarRatingView.swift */; };
		27DE299829E5A83600B5B28A /* Sheet.swift in Sources */ = {isa = PBXBuildFile; fileRef = 27DE299729E5A83600B5B28A /* Sheet.swift */; };
		27E1178C2A782BC90006EE20 /* Assets.xcassets in Resources */ = {isa = PBXBuildFile; fileRef = 2778D5F52891C664009F4DB1 /* Assets.xcassets */; };
		27E1C52D29D09CF700B333BA /* AppModel.swift in Sources */ = {isa = PBXBuildFile; fileRef = 27E1C52C29D09CF700B333BA /* AppModel.swift */; };
		27E1C52F29D0AD6F00B333BA /* AppDelegate.swift in Sources */ = {isa = PBXBuildFile; fileRef = 27E1C52E29D0AD6F00B333BA /* AppDelegate.swift */; };
		27E2DE7B2A55496D00D26D86 /* Date.swift in Sources */ = {isa = PBXBuildFile; fileRef = 27E2DE7A2A55496D00D26D86 /* Date.swift */; };
		27E5E82B28BA62140074D295 /* DKStarsView.swift in Sources */ = {isa = PBXBuildFile; fileRef = 27E5E82A28BA62130074D295 /* DKStarsView.swift */; };
		27E5E82D28BA69600074D295 /* DKReviewView.swift in Sources */ = {isa = PBXBuildFile; fileRef = 27E5E82C28BA69600074D295 /* DKReviewView.swift */; };
		27E70CA12AF136B300820933 /* DebugPage.swift in Sources */ = {isa = PBXBuildFile; fileRef = 27E70CA02AF136B300820933 /* DebugPage.swift */; };
		27E8194E2A4C12F1009C87C6 /* THMessageSheet.swift in Sources */ = {isa = PBXBuildFile; fileRef = 27E8194D2A4C12F1009C87C6 /* THMessageSheet.swift */; };
		27E82FE929E88AB000F34B3B /* WebView.swift in Sources */ = {isa = PBXBuildFile; fileRef = 27E82FE829E88AB000F34B3B /* WebView.swift */; };
		27E8D04E29A495CD0001DC80 /* ListSeparatorWrapper.swift in Sources */ = {isa = PBXBuildFile; fileRef = 27E8D04D29A495CD0001DC80 /* ListSeparatorWrapper.swift */; };
		27EDD625293B6DFD0028CCE4 /* SwiftUIX in Frameworks */ = {isa = PBXBuildFile; productRef = 27EDD624293B6DFD0028CCE4 /* SwiftUIX */; };
		27F2F2222BCBE8C80017CB5E /* AppScreen.swift in Sources */ = {isa = PBXBuildFile; fileRef = 27F2F2212BCBE8C80017CB5E /* AppScreen.swift */; };
		27F2F2242BCC2B650017CB5E /* SplitNavigation.swift in Sources */ = {isa = PBXBuildFile; fileRef = 27F2F2232BCC2B650017CB5E /* SplitNavigation.swift */; };
		27F2F22C2BCC47810017CB5E /* ForumNavigation.swift in Sources */ = {isa = PBXBuildFile; fileRef = 27F2F22B2BCC47810017CB5E /* ForumNavigation.swift */; };
		27F2F2302BCC49F30017CB5E /* ForumSection.swift in Sources */ = {isa = PBXBuildFile; fileRef = 27F2F22F2BCC49F30017CB5E /* ForumSection.swift */; };
		27F2F2322BCD09930017CB5E /* ForumContent.swift in Sources */ = {isa = PBXBuildFile; fileRef = 27F2F2312BCD09930017CB5E /* ForumContent.swift */; };
		27FA5F49289955C3000391A3 /* THSearchTagPage.swift in Sources */ = {isa = PBXBuildFile; fileRef = 27FA5F48289955C3000391A3 /* THSearchTagPage.swift */; };
		27FD626228FD8AC500B8ACDB /* THBrowseModel.swift in Sources */ = {isa = PBXBuildFile; fileRef = 27FD626128FD8AC500B8ACDB /* THBrowseModel.swift */; };
		8AC7A5D126872C3E00C9CD98 /* DanXiApp.swift in Sources */ = {isa = PBXBuildFile; fileRef = 8AC7A5D026872C3E00C9CD98 /* DanXiApp.swift */; };
		EDA1ECD72BB5C762000DDE37 /* WatermarkView.swift in Sources */ = {isa = PBXBuildFile; fileRef = EDA1ECD62BB5C762000DDE37 /* WatermarkView.swift */; };
		F13306D42BA5766C005361D2 /* Localizable.xcstrings in Resources */ = {isa = PBXBuildFile; fileRef = F13306D32BA5766C005361D2 /* Localizable.xcstrings */; };
		F13306D52BA5766C005361D2 /* Localizable.xcstrings in Resources */ = {isa = PBXBuildFile; fileRef = F13306D32BA5766C005361D2 /* Localizable.xcstrings */; };
		F13306D62BA5766C005361D2 /* Localizable.xcstrings in Resources */ = {isa = PBXBuildFile; fileRef = F13306D32BA5766C005361D2 /* Localizable.xcstrings */; };
		F13306D82BA5766C005361D2 /* InfoPlist.xcstrings in Resources */ = {isa = PBXBuildFile; fileRef = F13306D72BA5766C005361D2 /* InfoPlist.xcstrings */; };
		F13306D92BA5766C005361D2 /* InfoPlist.xcstrings in Resources */ = {isa = PBXBuildFile; fileRef = F13306D72BA5766C005361D2 /* InfoPlist.xcstrings */; };
		F15059F22BB58DCB00EA62E3 /* TextFieldExtension.swift in Sources */ = {isa = PBXBuildFile; fileRef = F15059F12BB58DCB00EA62E3 /* TextFieldExtension.swift */; };
		F15059FD2BBD60F200EA62E3 /* PrivacyInfo.xcprivacy in Resources */ = {isa = PBXBuildFile; fileRef = F15059FC2BBD60F200EA62E3 /* PrivacyInfo.xcprivacy */; };
		F1728E342BB1661C00483F09 /* SheetExtension.swift in Sources */ = {isa = PBXBuildFile; fileRef = F1728E332BB1661C00483F09 /* SheetExtension.swift */; };
		F1A762D62BAFD1B7001E5D08 /* IntroSheet.swift in Sources */ = {isa = PBXBuildFile; fileRef = F1A762D52BAFD1B7001E5D08 /* IntroSheet.swift */; };
		F1B1DF782BC19FC4005E8F87 /* Queue in Frameworks */ = {isa = PBXBuildFile; productRef = F1B1DF772BC19FC4005E8F87 /* Queue */; };
/* End PBXBuildFile section */

/* Begin PBXContainerItemProxy section */
		27D3A4992BBC9D5300350D21 /* PBXContainerItemProxy */ = {
			isa = PBXContainerItemProxy;
			containerPortal = 8AC7A5C526872C3E00C9CD98 /* Project object */;
			proxyType = 1;
			remoteGlobalIDString = 27536EBC29DC9A8100894A98;
			remoteInfo = "DanXi Wigdet";
		};
		27D3A4A02BBC9F0800350D21 /* PBXContainerItemProxy */ = {
			isa = PBXContainerItemProxy;
			containerPortal = 8AC7A5C526872C3E00C9CD98 /* Project object */;
			proxyType = 1;
			remoteGlobalIDString = 27536EBC29DC9A8100894A98;
			remoteInfo = "DanXi Wigdet";
		};
/* End PBXContainerItemProxy section */

/* Begin PBXCopyFilesBuildPhase section */
		27D3A4942BBC840A00350D21 /* Embed Frameworks */ = {
			isa = PBXCopyFilesBuildPhase;
			buildActionMask = 2147483647;
			dstPath = "";
			dstSubfolderSpec = 10;
			files = (
			);
			name = "Embed Frameworks";
			runOnlyForDeploymentPostprocessing = 0;
		};
		27D3A4A22BBC9F0800350D21 /* Embed Foundation Extensions */ = {
			isa = PBXCopyFilesBuildPhase;
			buildActionMask = 12;
			dstPath = "";
			dstSubfolderSpec = 13;
			files = (
				27D3A49F2BBC9F0800350D21 /* DanXi Widget.appex in Embed Foundation Extensions */,
			);
			name = "Embed Foundation Extensions";
			runOnlyForDeploymentPostprocessing = 0;
		};
		8AC7A63326872C4100C9CD98 /* Embed Watch Content */ = {
			isa = PBXCopyFilesBuildPhase;
			buildActionMask = 2147483647;
			dstPath = "$(CONTENTS_FOLDER_PATH)/Watch";
			dstSubfolderSpec = 16;
			files = (
			);
			name = "Embed Watch Content";
			runOnlyForDeploymentPostprocessing = 0;
		};
/* End PBXCopyFilesBuildPhase section */

/* Begin PBXFileReference section */
		27013BC529CE3022004A5D2F /* THFloorView.swift */ = {isa = PBXFileReference; lastKnownFileType = sourcecode.swift; path = THFloorView.swift; sourceTree = "<group>"; };
		27013BC929CF7B74004A5D2F /* THHomePage.swift */ = {isa = PBXFileReference; lastKnownFileType = sourcecode.swift; path = THHomePage.swift; sourceTree = "<group>"; };
		27013BCB29D01E7D004A5D2F /* THSearchModel.swift */ = {isa = PBXFileReference; lastKnownFileType = sourcecode.swift; path = THSearchModel.swift; sourceTree = "<group>"; };
		27013BCD29D01F3F004A5D2F /* THBrowseWrapper.swift */ = {isa = PBXFileReference; lastKnownFileType = sourcecode.swift; path = THBrowseWrapper.swift; sourceTree = "<group>"; };
		27013BD129D022B7004A5D2F /* THBrowsePage.swift */ = {isa = PBXFileReference; lastKnownFileType = sourcecode.swift; path = THBrowsePage.swift; sourceTree = "<group>"; };
		27013BD529D02A67004A5D2F /* THSearchPage.swift */ = {isa = PBXFileReference; lastKnownFileType = sourcecode.swift; path = THSearchPage.swift; sourceTree = "<group>"; };
		27013BD729D062FA004A5D2F /* THReportModel.swift */ = {isa = PBXFileReference; lastKnownFileType = sourcecode.swift; path = THReportModel.swift; sourceTree = "<group>"; };
		27063AB929FB094C0060AC8B /* AsyncCollection.swift */ = {isa = PBXFileReference; lastKnownFileType = sourcecode.swift; path = AsyncCollection.swift; sourceTree = "<group>"; };
		2706602B292F513700F4C321 /* AboutPage.swift */ = {isa = PBXFileReference; lastKnownFileType = sourcecode.swift; path = AboutPage.swift; sourceTree = "<group>"; };
		2706602D292F51BC00F4C321 /* CreditPage.swift */ = {isa = PBXFileReference; lastKnownFileType = sourcecode.swift; path = CreditPage.swift; sourceTree = "<group>"; };
		27066031292F56AF00F4C321 /* license.json */ = {isa = PBXFileReference; fileEncoding = 4; lastKnownFileType = text.json; path = license.json; sourceTree = "<group>"; };
		27066037292FA34200F4C321 /* contributor.json */ = {isa = PBXFileReference; fileEncoding = 4; lastKnownFileType = text.json; path = contributor.json; sourceTree = "<group>"; };
		270CA42928BD13A10024BDF2 /* DKReviewPage.swift */ = {isa = PBXFileReference; lastKnownFileType = sourcecode.swift; path = DKReviewPage.swift; sourceTree = "<group>"; };
		270CD1902BAD68C900881ABA /* View Utils */ = {isa = PBXFileReference; lastKnownFileType = wrapper; path = "View Utils"; sourceTree = "<group>"; };
		27173F1E2A0EBC2C00A570E1 /* THBackgroundList.swift */ = {isa = PBXFileReference; lastKnownFileType = sourcecode.swift; path = THBackgroundList.swift; sourceTree = "<group>"; };
		271D1D5029F178C600DDEEC9 /* Decode.swift */ = {isa = PBXFileReference; lastKnownFileType = sourcecode.swift; path = Decode.swift; sourceTree = "<group>"; };
		271D1D5229F19D1500DDEEC9 /* THMessagesPage.swift */ = {isa = PBXFileReference; lastKnownFileType = sourcecode.swift; path = THMessagesPage.swift; sourceTree = "<group>"; };
		271D1D5429F1A31700DDEEC9 /* THNotificationView.swift */ = {isa = PBXFileReference; lastKnownFileType = sourcecode.swift; path = THNotificationView.swift; sourceTree = "<group>"; };
		2725605829F8EAF300C8B27A /* DKTagView.swift */ = {isa = PBXFileReference; lastKnownFileType = sourcecode.swift; path = DKTagView.swift; sourceTree = "<group>"; };
		27262AFD2B04A002000C3962 /* THMyReplyPage.swift */ = {isa = PBXFileReference; lastKnownFileType = sourcecode.swift; path = THMyReplyPage.swift; sourceTree = "<group>"; };
		2729071028B0B3DE0087ACC0 /* RichTextProcess.swift */ = {isa = PBXFileReference; lastKnownFileType = sourcecode.swift; path = RichTextProcess.swift; sourceTree = "<group>"; };
		2729071428B0B45F0087ACC0 /* THMentionView.swift */ = {isa = PBXFileReference; lastKnownFileType = sourcecode.swift; path = THMentionView.swift; sourceTree = "<group>"; };
		272AC8D92896BE2500092B0C /* THFavoritesPage.swift */ = {isa = PBXFileReference; fileEncoding = 4; lastKnownFileType = sourcecode.swift; path = THFavoritesPage.swift; sourceTree = "<group>"; };
		272AC8E02896F27300092B0C /* THPostSheet.swift */ = {isa = PBXFileReference; lastKnownFileType = sourcecode.swift; path = THPostSheet.swift; sourceTree = "<group>"; };
		272AC8E22896F29800092B0C /* THReplySheet.swift */ = {isa = PBXFileReference; lastKnownFileType = sourcecode.swift; path = THReplySheet.swift; sourceTree = "<group>"; };
		272AC8E52896F30E00092B0C /* THFloorEditSheet.swift */ = {isa = PBXFileReference; lastKnownFileType = sourcecode.swift; path = THFloorEditSheet.swift; sourceTree = "<group>"; };
		272B08452A6EE6F40078CFF6 /* THBrowseHistoryPage.swift */ = {isa = PBXFileReference; lastKnownFileType = sourcecode.swift; path = THBrowseHistoryPage.swift; sourceTree = "<group>"; };
		272FFC4F29E9C0CB00EB4CBF /* THTagEditor.swift */ = {isa = PBXFileReference; lastKnownFileType = sourcecode.swift; path = THTagEditor.swift; sourceTree = "<group>"; };
		272FFC5329E9D6A400EB4CBF /* THContentEditor.swift */ = {isa = PBXFileReference; lastKnownFileType = sourcecode.swift; path = THContentEditor.swift; sourceTree = "<group>"; };
		273C1E6228C9CE5C0067E61E /* THHoleEditSheet.swift */ = {isa = PBXFileReference; lastKnownFileType = sourcecode.swift; path = THHoleEditSheet.swift; sourceTree = "<group>"; };
		273FAFB528C13C6100FC3950 /* THSpecialTagView.swift */ = {isa = PBXFileReference; lastKnownFileType = sourcecode.swift; path = THSpecialTagView.swift; sourceTree = "<group>"; };
		2749B144298E5DC00011C78C /* DKPostSheet.swift */ = {isa = PBXFileReference; lastKnownFileType = sourcecode.swift; path = DKPostSheet.swift; sourceTree = "<group>"; };
		274C197029D1BF9B000DE221 /* DanXi Watch.app */ = {isa = PBXFileReference; explicitFileType = wrapper.application; includeInIndex = 0; path = "DanXi Watch.app"; sourceTree = BUILT_PRODUCTS_DIR; };
		274C197229D1BF9B000DE221 /* WatchApp.swift */ = {isa = PBXFileReference; lastKnownFileType = sourcecode.swift; path = WatchApp.swift; sourceTree = "<group>"; };
		274C197429D1BF9B000DE221 /* ContentView.swift */ = {isa = PBXFileReference; lastKnownFileType = sourcecode.swift; path = ContentView.swift; sourceTree = "<group>"; };
		274C197629D1BF9C000DE221 /* Assets.xcassets */ = {isa = PBXFileReference; lastKnownFileType = folder.assetcatalog; path = Assets.xcassets; sourceTree = "<group>"; };
		27536EBD29DC9A8100894A98 /* DanXi Widget.appex */ = {isa = PBXFileReference; explicitFileType = "wrapper.app-extension"; includeInIndex = 0; path = "DanXi Widget.appex"; sourceTree = BUILT_PRODUCTS_DIR; };
		27536EC129DC9A8100894A98 /* DanXiWidgetBundle.swift */ = {isa = PBXFileReference; lastKnownFileType = sourcecode.swift; path = DanXiWidgetBundle.swift; sourceTree = "<group>"; };
		27536EC529DC9A8300894A98 /* Assets.xcassets */ = {isa = PBXFileReference; lastKnownFileType = folder.assetcatalog; path = Assets.xcassets; sourceTree = "<group>"; };
		27536EC729DC9A8300894A98 /* Info.plist */ = {isa = PBXFileReference; lastKnownFileType = text.plist.xml; path = Info.plist; sourceTree = "<group>"; };
		27536ECB29DC9A8300894A98 /* WigdetExtension.entitlements */ = {isa = PBXFileReference; lastKnownFileType = text.plist.entitlements; path = WigdetExtension.entitlements; sourceTree = "<group>"; };
		275B71CC28C5249800475BA3 /* THReportPage.swift */ = {isa = PBXFileReference; lastKnownFileType = sourcecode.swift; path = THReportPage.swift; sourceTree = "<group>"; };
		275F745E2A8BDFDC0024B19B /* THDivisionSheet.swift */ = {isa = PBXFileReference; lastKnownFileType = sourcecode.swift; path = THDivisionSheet.swift; sourceTree = "<group>"; };
		2764E5D7289840E1000C0A98 /* RandomColor.swift */ = {isa = PBXFileReference; lastKnownFileType = sourcecode.swift; path = RandomColor.swift; sourceTree = "<group>"; };
		27719AA028A3E4DF00C661BD /* DKCourseView.swift */ = {isa = PBXFileReference; lastKnownFileType = sourcecode.swift; path = DKCourseView.swift; sourceTree = "<group>"; };
		27719AA528A3EAB100C661BD /* DKHomePage.swift */ = {isa = PBXFileReference; lastKnownFileType = sourcecode.swift; path = DKHomePage.swift; sourceTree = "<group>"; };
		2772231028F05B3300458EAC /* THHistorySheet.swift */ = {isa = PBXFileReference; lastKnownFileType = sourcecode.swift; path = THHistorySheet.swift; sourceTree = "<group>"; };
		2778D5F52891C664009F4DB1 /* Assets.xcassets */ = {isa = PBXFileReference; lastKnownFileType = folder.assetcatalog; path = Assets.xcassets; sourceTree = "<group>"; };
		2778D60B2891D22D009F4DB1 /* SettingsPage.swift */ = {isa = PBXFileReference; fileEncoding = 4; lastKnownFileType = sourcecode.swift; path = SettingsPage.swift; sourceTree = "<group>"; };
		2778D6112891D22D009F4DB1 /* ContentView.swift */ = {isa = PBXFileReference; fileEncoding = 4; lastKnownFileType = sourcecode.swift; path = ContentView.swift; sourceTree = "<group>"; };
		2778D6142891D22D009F4DB1 /* THTagView.swift */ = {isa = PBXFileReference; fileEncoding = 4; lastKnownFileType = sourcecode.swift; path = THTagView.swift; sourceTree = "<group>"; };
		2778D6152891D22D009F4DB1 /* THHoleView.swift */ = {isa = PBXFileReference; fileEncoding = 4; lastKnownFileType = sourcecode.swift; path = THHoleView.swift; sourceTree = "<group>"; };
		27834AF429D600E1008DC0C2 /* THSettingsView.swift */ = {isa = PBXFileReference; lastKnownFileType = sourcecode.swift; path = THSettingsView.swift; sourceTree = "<group>"; };
		27834AF629D6012E008DC0C2 /* THSettingsModel.swift */ = {isa = PBXFileReference; lastKnownFileType = sourcecode.swift; path = THSettingsModel.swift; sourceTree = "<group>"; };
		27834AF829D6261E008DC0C2 /* THMyPostPage.swift */ = {isa = PBXFileReference; lastKnownFileType = sourcecode.swift; path = THMyPostPage.swift; sourceTree = "<group>"; };
		2785E2A62BC8641E00D50D31 /* FudanUI */ = {isa = PBXFileReference; lastKnownFileType = wrapper; path = FudanUI; sourceTree = "<group>"; };
		278B291B2939D2D9008C29ED /* Navigation.swift */ = {isa = PBXFileReference; lastKnownFileType = sourcecode.swift; path = Navigation.swift; sourceTree = "<group>"; };
		278E406928BA963A008D6514 /* DKRatingView.swift */ = {isa = PBXFileReference; lastKnownFileType = sourcecode.swift; path = DKRatingView.swift; sourceTree = "<group>"; };
		2791030C29C7640F003B9FD9 /* THPosterView.swift */ = {isa = PBXFileReference; lastKnownFileType = sourcecode.swift; path = THPosterView.swift; sourceTree = "<group>"; };
		2791031529C82BC3003B9FD9 /* DXModel.swift */ = {isa = PBXFileReference; lastKnownFileType = sourcecode.swift; path = DXModel.swift; sourceTree = "<group>"; };
		27939FE828C26E0600E8D199 /* Haptics.swift */ = {isa = PBXFileReference; lastKnownFileType = sourcecode.swift; path = Haptics.swift; sourceTree = "<group>"; };
		2795EB1428AE6CB400518597 /* DKCoursePage.swift */ = {isa = PBXFileReference; lastKnownFileType = sourcecode.swift; path = DKCoursePage.swift; sourceTree = "<group>"; };
		279997992AC1734E00DE835A /* THSubscriptionPage.swift */ = {isa = PBXFileReference; lastKnownFileType = sourcecode.swift; path = THSubscriptionPage.swift; sourceTree = "<group>"; };
		27A424F029EE6B2300339E82 /* DXAuthSheet.swift */ = {isa = PBXFileReference; lastKnownFileType = sourcecode.swift; path = DXAuthSheet.swift; sourceTree = "<group>"; };
		27A5DA1F29D6EF010042D28D /* THTagsPage.swift */ = {isa = PBXFileReference; lastKnownFileType = sourcecode.swift; path = THTagsPage.swift; sourceTree = "<group>"; };
		27B19FC028F5769A0001587F /* FDLoginSheet.swift */ = {isa = PBXFileReference; fileEncoding = 4; lastKnownFileType = sourcecode.swift; path = FDLoginSheet.swift; sourceTree = "<group>"; };
		27BBBD0A2912C330007C2905 /* DXError.swift */ = {isa = PBXFileReference; fileEncoding = 4; lastKnownFileType = sourcecode.swift; path = DXError.swift; sourceTree = "<group>"; };
		27BBBD0D2912C33C007C2905 /* DKEntity.swift */ = {isa = PBXFileReference; fileEncoding = 4; lastKnownFileType = sourcecode.swift; path = DKEntity.swift; sourceTree = "<group>"; };
		27BBBD0E2912C33C007C2905 /* THEntity.swift */ = {isa = PBXFileReference; fileEncoding = 4; lastKnownFileType = sourcecode.swift; path = THEntity.swift; sourceTree = "<group>"; };
		27BBBD0F2912C33C007C2905 /* DXEntity.swift */ = {isa = PBXFileReference; fileEncoding = 4; lastKnownFileType = sourcecode.swift; path = DXEntity.swift; sourceTree = "<group>"; };
		27BBBD112912C33C007C2905 /* DXRequests.swift */ = {isa = PBXFileReference; fileEncoding = 4; lastKnownFileType = sourcecode.swift; path = DXRequests.swift; sourceTree = "<group>"; };
		27BBBD132912C33C007C2905 /* DKRequests.swift */ = {isa = PBXFileReference; fileEncoding = 4; lastKnownFileType = sourcecode.swift; path = DKRequests.swift; sourceTree = "<group>"; };
		27BBBD142912C33C007C2905 /* DXNetwork.swift */ = {isa = PBXFileReference; fileEncoding = 4; lastKnownFileType = sourcecode.swift; path = DXNetwork.swift; sourceTree = "<group>"; };
		27BBBD152912C33C007C2905 /* THRequests.swift */ = {isa = PBXFileReference; fileEncoding = 4; lastKnownFileType = sourcecode.swift; path = THRequests.swift; sourceTree = "<group>"; };
		27BD15DE2B04E6C0006A97A9 /* THModeratePage.swift */ = {isa = PBXFileReference; lastKnownFileType = sourcecode.swift; path = THModeratePage.swift; sourceTree = "<group>"; };
		27C68CB12BB563A100037D52 /* Utils */ = {isa = PBXFileReference; lastKnownFileType = wrapper; path = Utils; sourceTree = "<group>"; };
		27C95B3B2A8B63DC000A614B /* DXQuestionSheet.swift */ = {isa = PBXFileReference; lastKnownFileType = sourcecode.swift; path = DXQuestionSheet.swift; sourceTree = "<group>"; };
		27C95B412A8B90FE000A614B /* FormTitle.swift */ = {isa = PBXFileReference; lastKnownFileType = sourcecode.swift; path = FormTitle.swift; sourceTree = "<group>"; };
		27CAD2312A32AD94008F3D19 /* FoldedView.swift */ = {isa = PBXFileReference; lastKnownFileType = sourcecode.swift; path = FoldedView.swift; sourceTree = "<group>"; };
		27CBA0762951C01E00F422DB /* Network.swift */ = {isa = PBXFileReference; lastKnownFileType = sourcecode.swift; path = Network.swift; sourceTree = "<group>"; };
		27CC00EB28E203A400F0B026 /* THDeleteSheet.swift */ = {isa = PBXFileReference; lastKnownFileType = sourcecode.swift; path = THDeleteSheet.swift; sourceTree = "<group>"; };
		27D6F4532892C5D70059228F /* BundleResource.swift */ = {isa = PBXFileReference; lastKnownFileType = sourcecode.swift; path = BundleResource.swift; sourceTree = "<group>"; };
		27D7110728CA29B7001E9464 /* THReportSheet.swift */ = {isa = PBXFileReference; lastKnownFileType = sourcecode.swift; path = THReportSheet.swift; sourceTree = "<group>"; };
		27DAFA6629CB375D00F32093 /* THHoleModel.swift */ = {isa = PBXFileReference; lastKnownFileType = sourcecode.swift; path = THHoleModel.swift; sourceTree = "<group>"; };
		27DAFA6829CB43FA00F32093 /* THHoleLoader.swift */ = {isa = PBXFileReference; lastKnownFileType = sourcecode.swift; path = THHoleLoader.swift; sourceTree = "<group>"; };
		27DAFA6C29CB529D00F32093 /* THLoaderPage.swift */ = {isa = PBXFileReference; lastKnownFileType = sourcecode.swift; path = THLoaderPage.swift; sourceTree = "<group>"; };
		27DAFA6E29CB589000F32093 /* THHolePage.swift */ = {isa = PBXFileReference; lastKnownFileType = sourcecode.swift; path = THHolePage.swift; sourceTree = "<group>"; };
		27DAFA7029CB5B4500F32093 /* THFloorModel.swift */ = {isa = PBXFileReference; lastKnownFileType = sourcecode.swift; path = THFloorModel.swift; sourceTree = "<group>"; };
		27DAFA7829CC50E100F32093 /* AsnyncButton.swift */ = {isa = PBXFileReference; lastKnownFileType = sourcecode.swift; path = AsnyncButton.swift; sourceTree = "<group>"; };
		27DD19B22BA5C16900B75643 /* Fudan Kit */ = {isa = PBXFileReference; lastKnownFileType = wrapper; path = "Fudan Kit"; sourceTree = "<group>"; };
		27DD20E0299FC16D00E9F833 /* DKStarRatingView.swift */ = {isa = PBXFileReference; lastKnownFileType = sourcecode.swift; path = DKStarRatingView.swift; sourceTree = "<group>"; };
		27DE299729E5A83600B5B28A /* Sheet.swift */ = {isa = PBXFileReference; lastKnownFileType = sourcecode.swift; path = Sheet.swift; sourceTree = "<group>"; };
		27E1C52C29D09CF700B333BA /* AppModel.swift */ = {isa = PBXFileReference; lastKnownFileType = sourcecode.swift; path = AppModel.swift; sourceTree = "<group>"; };
		27E1C52E29D0AD6F00B333BA /* AppDelegate.swift */ = {isa = PBXFileReference; lastKnownFileType = sourcecode.swift; path = AppDelegate.swift; sourceTree = "<group>"; };
		27E2DE7A2A55496D00D26D86 /* Date.swift */ = {isa = PBXFileReference; lastKnownFileType = sourcecode.swift; path = Date.swift; sourceTree = "<group>"; };
		27E5E82A28BA62130074D295 /* DKStarsView.swift */ = {isa = PBXFileReference; lastKnownFileType = sourcecode.swift; path = DKStarsView.swift; sourceTree = "<group>"; };
		27E5E82C28BA69600074D295 /* DKReviewView.swift */ = {isa = PBXFileReference; lastKnownFileType = sourcecode.swift; path = DKReviewView.swift; sourceTree = "<group>"; };
		27E70CA02AF136B300820933 /* DebugPage.swift */ = {isa = PBXFileReference; lastKnownFileType = sourcecode.swift; path = DebugPage.swift; sourceTree = "<group>"; };
		27E8194D2A4C12F1009C87C6 /* THMessageSheet.swift */ = {isa = PBXFileReference; lastKnownFileType = sourcecode.swift; path = THMessageSheet.swift; sourceTree = "<group>"; };
		27E82FE829E88AB000F34B3B /* WebView.swift */ = {isa = PBXFileReference; lastKnownFileType = sourcecode.swift; path = WebView.swift; sourceTree = "<group>"; };
		27E8D04D29A495CD0001DC80 /* ListSeparatorWrapper.swift */ = {isa = PBXFileReference; lastKnownFileType = sourcecode.swift; path = ListSeparatorWrapper.swift; sourceTree = "<group>"; };
		27F2F2212BCBE8C80017CB5E /* AppScreen.swift */ = {isa = PBXFileReference; lastKnownFileType = sourcecode.swift; path = AppScreen.swift; sourceTree = "<group>"; };
		27F2F2232BCC2B650017CB5E /* SplitNavigation.swift */ = {isa = PBXFileReference; lastKnownFileType = sourcecode.swift; path = SplitNavigation.swift; sourceTree = "<group>"; };
		27F2F22B2BCC47810017CB5E /* ForumNavigation.swift */ = {isa = PBXFileReference; lastKnownFileType = sourcecode.swift; path = ForumNavigation.swift; sourceTree = "<group>"; };
		27F2F22F2BCC49F30017CB5E /* ForumSection.swift */ = {isa = PBXFileReference; lastKnownFileType = sourcecode.swift; path = ForumSection.swift; sourceTree = "<group>"; };
		27F2F2312BCD09930017CB5E /* ForumContent.swift */ = {isa = PBXFileReference; lastKnownFileType = sourcecode.swift; path = ForumContent.swift; sourceTree = "<group>"; };
		27FA5F48289955C3000391A3 /* THSearchTagPage.swift */ = {isa = PBXFileReference; lastKnownFileType = sourcecode.swift; path = THSearchTagPage.swift; sourceTree = "<group>"; };
		27FD626128FD8AC500B8ACDB /* THBrowseModel.swift */ = {isa = PBXFileReference; lastKnownFileType = sourcecode.swift; path = THBrowseModel.swift; sourceTree = "<group>"; };
		8AAABD4326881E0500486D37 /* DanXi.entitlements */ = {isa = PBXFileReference; lastKnownFileType = text.plist.entitlements; path = DanXi.entitlements; sourceTree = "<group>"; };
		8AC7A5CD26872C3E00C9CD98 /* DanXi.app */ = {isa = PBXFileReference; explicitFileType = wrapper.application; includeInIndex = 0; path = DanXi.app; sourceTree = BUILT_PRODUCTS_DIR; };
		8AC7A5D026872C3E00C9CD98 /* DanXiApp.swift */ = {isa = PBXFileReference; lastKnownFileType = sourcecode.swift; path = DanXiApp.swift; sourceTree = "<group>"; };
		8AC7A5D926872C3F00C9CD98 /* Info.plist */ = {isa = PBXFileReference; lastKnownFileType = text.plist.xml; path = Info.plist; sourceTree = "<group>"; };
		EDA1ECD62BB5C762000DDE37 /* WatermarkView.swift */ = {isa = PBXFileReference; lastKnownFileType = sourcecode.swift; path = WatermarkView.swift; sourceTree = "<group>"; };
		F13306D32BA5766C005361D2 /* Localizable.xcstrings */ = {isa = PBXFileReference; lastKnownFileType = text.json.xcstrings; path = Localizable.xcstrings; sourceTree = "<group>"; };
		F13306D72BA5766C005361D2 /* InfoPlist.xcstrings */ = {isa = PBXFileReference; lastKnownFileType = text.json.xcstrings; path = InfoPlist.xcstrings; sourceTree = "<group>"; };
		F15059F12BB58DCB00EA62E3 /* TextFieldExtension.swift */ = {isa = PBXFileReference; lastKnownFileType = sourcecode.swift; path = TextFieldExtension.swift; sourceTree = "<group>"; };
		F15059FC2BBD60F200EA62E3 /* PrivacyInfo.xcprivacy */ = {isa = PBXFileReference; lastKnownFileType = text.xml; path = PrivacyInfo.xcprivacy; sourceTree = "<group>"; };
		F165C50728D1882C0000DB6F /* WidgetKit.framework */ = {isa = PBXFileReference; lastKnownFileType = wrapper.framework; name = WidgetKit.framework; path = System/Library/Frameworks/WidgetKit.framework; sourceTree = SDKROOT; };
		F165C50928D1882C0000DB6F /* SwiftUI.framework */ = {isa = PBXFileReference; lastKnownFileType = wrapper.framework; name = SwiftUI.framework; path = System/Library/Frameworks/SwiftUI.framework; sourceTree = SDKROOT; };
		F1728E332BB1661C00483F09 /* SheetExtension.swift */ = {isa = PBXFileReference; lastKnownFileType = sourcecode.swift; path = SheetExtension.swift; sourceTree = "<group>"; };
		F1A762D52BAFD1B7001E5D08 /* IntroSheet.swift */ = {isa = PBXFileReference; lastKnownFileType = sourcecode.swift; path = IntroSheet.swift; sourceTree = "<group>"; };
/* End PBXFileReference section */

/* Begin PBXFrameworksBuildPhase section */
		274C196D29D1BF9B000DE221 /* Frameworks */ = {
			isa = PBXFrameworksBuildPhase;
			buildActionMask = 2147483647;
			files = (
				27D3A4AA2BBCFA6E00350D21 /* SwiftyJSON in Frameworks */,
				27D3A4A82BBCFA3D00350D21 /* FudanKit in Frameworks */,
				27D3A4AC2BBCFB0D00350D21 /* KeychainAccess in Frameworks */,
			);
			runOnlyForDeploymentPostprocessing = 0;
		};
		27536EBA29DC9A8100894A98 /* Frameworks */ = {
			isa = PBXFrameworksBuildPhase;
			buildActionMask = 2147483647;
			files = (
				27536EBF29DC9A8100894A98 /* SwiftUI.framework in Frameworks */,
				27D3A49C2BBC9E0900350D21 /* SwiftyJSON in Frameworks */,
				2785E2A82BC8645100D50D31 /* FudanUI in Frameworks */,
				27536EBE29DC9A8100894A98 /* WidgetKit.framework in Frameworks */,
				27D3A49E2BBC9E1A00350D21 /* KeychainAccess in Frameworks */,
			);
			runOnlyForDeploymentPostprocessing = 0;
		};
		8AC7A5CA26872C3E00C9CD98 /* Frameworks */ = {
			isa = PBXFrameworksBuildPhase;
			buildActionMask = 2147483647;
			files = (
				F1B1DF782BC19FC4005E8F87 /* Queue in Frameworks */,
				27A308C729A6753B00E8F646 /* SwiftyJSON in Frameworks */,
				270CD1942BAD697600881ABA /* ViewUtils in Frameworks */,
				27DD19B42BA5CCA400B75643 /* FudanKit in Frameworks */,
				27DAFA6229CAF1BC00F32093 /* KeychainAccess in Frameworks */,
				27EDD625293B6DFD0028CCE4 /* SwiftUIX in Frameworks */,
				2785E2AA2BC8645900D50D31 /* FudanUI in Frameworks */,
				27C68CB32BB563EE00037D52 /* Utils in Frameworks */,
				2791031229C774F8003B9FD9 /* Disk in Frameworks */,
			);
			runOnlyForDeploymentPostprocessing = 0;
		};
/* End PBXFrameworksBuildPhase section */

/* Begin PBXGroup section */
		274C197129D1BF9B000DE221 /* watchOS */ = {
			isa = PBXGroup;
			children = (
				274C197229D1BF9B000DE221 /* WatchApp.swift */,
				274C197429D1BF9B000DE221 /* ContentView.swift */,
				274C197629D1BF9C000DE221 /* Assets.xcassets */,
			);
			path = watchOS;
			sourceTree = "<group>";
		};
		27536EC029DC9A8100894A98 /* Widget */ = {
			isa = PBXGroup;
			children = (
				27536EC129DC9A8100894A98 /* DanXiWidgetBundle.swift */,
				27536ECB29DC9A8300894A98 /* WigdetExtension.entitlements */,
				27536EC529DC9A8300894A98 /* Assets.xcassets */,
				27536EC729DC9A8300894A98 /* Info.plist */,
			);
			path = Widget;
			sourceTree = "<group>";
		};
		2778D6342891D316009F4DB1 /* Resources */ = {
			isa = PBXGroup;
			children = (
				F13306D32BA5766C005361D2 /* Localizable.xcstrings */,
				2778D5F52891C664009F4DB1 /* Assets.xcassets */,
				27066037292FA34200F4C321 /* contributor.json */,
				27066031292F56AF00F4C321 /* license.json */,
				F13306D72BA5766C005361D2 /* InfoPlist.xcstrings */,
				F15059FC2BBD60F200EA62E3 /* PrivacyInfo.xcprivacy */,
			);
			path = Resources;
			sourceTree = "<group>";
		};
		27936F442939E1D300A40D36 /* Utilities */ = {
			isa = PBXGroup;
			children = (
				27D6F4532892C5D70059228F /* BundleResource.swift */,
				F1728E332BB1661C00483F09 /* SheetExtension.swift */,
				F15059F12BB58DCB00EA62E3 /* TextFieldExtension.swift */,
				27E2DE7A2A55496D00D26D86 /* Date.swift */,
				2729071028B0B3DE0087ACC0 /* RichTextProcess.swift */,
				27CBA0762951C01E00F422DB /* Network.swift */,
			);
			path = Utilities;
			sourceTree = "<group>";
		};
		27BBBD082912C2E6007C2905 /* DanXi Kit */ = {
			isa = PBXGroup;
			children = (
				2791031529C82BC3003B9FD9 /* DXModel.swift */,
				27BBBD0C2912C33C007C2905 /* Entity */,
				27BBBD102912C33C007C2905 /* Requests */,
			);
			path = "DanXi Kit";
			sourceTree = "<group>";
		};
		27BBBD0C2912C33C007C2905 /* Entity */ = {
			isa = PBXGroup;
			children = (
				27BBBD0E2912C33C007C2905 /* THEntity.swift */,
				27BBBD0D2912C33C007C2905 /* DKEntity.swift */,
				27BBBD0F2912C33C007C2905 /* DXEntity.swift */,
				271D1D5029F178C600DDEEC9 /* Decode.swift */,
			);
			path = Entity;
			sourceTree = "<group>";
		};
		27BBBD102912C33C007C2905 /* Requests */ = {
			isa = PBXGroup;
			children = (
				27BBBD112912C33C007C2905 /* DXRequests.swift */,
				27BBBD152912C33C007C2905 /* THRequests.swift */,
				27BBBD132912C33C007C2905 /* DKRequests.swift */,
				27BBBD142912C33C007C2905 /* DXNetwork.swift */,
				27BBBD0A2912C330007C2905 /* DXError.swift */,
			);
			path = Requests;
			sourceTree = "<group>";
		};
		27CBA0782952213A00F422DB /* View */ = {
			isa = PBXGroup;
			children = (
				27CBA08829522E3100F422DB /* General */,
				27CBA0792952219500F422DB /* Forum */,
				27CBA07C295221B100F422DB /* Curriculum */,
				27CBA08729522CE000F422DB /* Support */,
			);
			path = View;
			sourceTree = "<group>";
		};
		27CBA0792952219500F422DB /* Forum */ = {
			isa = PBXGroup;
			children = (
				27F2F22A2BCC47750017CB5E /* Navigation */,
				27DAFA6529CB375300F32093 /* Model */,
				27CBA07D295221BA00F422DB /* Page */,
				27CBA07F295221C200F422DB /* View */,
				27CBA07E295221BE00F422DB /* Sheet */,
			);
			path = Forum;
			sourceTree = "<group>";
		};
		27CBA07C295221B100F422DB /* Curriculum */ = {
			isa = PBXGroup;
			children = (
				27CBA08329522BB100F422DB /* Page */,
				27CBA08629522BB800F422DB /* Sheet */,
				27CBA08529522BB500F422DB /* View */,
			);
			path = Curriculum;
			sourceTree = "<group>";
		};
		27CBA07D295221BA00F422DB /* Page */ = {
			isa = PBXGroup;
			children = (
				27013BC929CF7B74004A5D2F /* THHomePage.swift */,
				27013BD129D022B7004A5D2F /* THBrowsePage.swift */,
				27DAFA6E29CB589000F32093 /* THHolePage.swift */,
				27013BD529D02A67004A5D2F /* THSearchPage.swift */,
				272AC8D92896BE2500092B0C /* THFavoritesPage.swift */,
				279997992AC1734E00DE835A /* THSubscriptionPage.swift */,
				272B08452A6EE6F40078CFF6 /* THBrowseHistoryPage.swift */,
				27834AF829D6261E008DC0C2 /* THMyPostPage.swift */,
				27262AFD2B04A002000C3962 /* THMyReplyPage.swift */,
				27A5DA1F29D6EF010042D28D /* THTagsPage.swift */,
				271D1D5229F19D1500DDEEC9 /* THMessagesPage.swift */,
				27FA5F48289955C3000391A3 /* THSearchTagPage.swift */,
				275B71CC28C5249800475BA3 /* THReportPage.swift */,
				27BD15DE2B04E6C0006A97A9 /* THModeratePage.swift */,
				27013BCD29D01F3F004A5D2F /* THBrowseWrapper.swift */,
				27DAFA6C29CB529D00F32093 /* THLoaderPage.swift */,
			);
			path = Page;
			sourceTree = "<group>";
		};
		27CBA07E295221BE00F422DB /* Sheet */ = {
			isa = PBXGroup;
			children = (
				272AC8E02896F27300092B0C /* THPostSheet.swift */,
				272AC8E22896F29800092B0C /* THReplySheet.swift */,
				272AC8E52896F30E00092B0C /* THFloorEditSheet.swift */,
				273C1E6228C9CE5C0067E61E /* THHoleEditSheet.swift */,
				275F745E2A8BDFDC0024B19B /* THDivisionSheet.swift */,
				27D7110728CA29B7001E9464 /* THReportSheet.swift */,
				27CC00EB28E203A400F0B026 /* THDeleteSheet.swift */,
				2772231028F05B3300458EAC /* THHistorySheet.swift */,
				27E8194D2A4C12F1009C87C6 /* THMessageSheet.swift */,
			);
			path = Sheet;
			sourceTree = "<group>";
		};
		27CBA07F295221C200F422DB /* View */ = {
			isa = PBXGroup;
			children = (
				2778D6152891D22D009F4DB1 /* THHoleView.swift */,
				27013BC529CE3022004A5D2F /* THFloorView.swift */,
				2791030C29C7640F003B9FD9 /* THPosterView.swift */,
				273FAFB528C13C6100FC3950 /* THSpecialTagView.swift */,
				2778D6142891D22D009F4DB1 /* THTagView.swift */,
				2729071428B0B45F0087ACC0 /* THMentionView.swift */,
				27834AF429D600E1008DC0C2 /* THSettingsView.swift */,
				272FFC4F29E9C0CB00EB4CBF /* THTagEditor.swift */,
				272FFC5329E9D6A400EB4CBF /* THContentEditor.swift */,
				271D1D5429F1A31700DDEEC9 /* THNotificationView.swift */,
				27173F1E2A0EBC2C00A570E1 /* THBackgroundList.swift */,
			);
			path = View;
			sourceTree = "<group>";
		};
		27CBA08329522BB100F422DB /* Page */ = {
			isa = PBXGroup;
			children = (
				27719AA528A3EAB100C661BD /* DKHomePage.swift */,
				2795EB1428AE6CB400518597 /* DKCoursePage.swift */,
				270CA42928BD13A10024BDF2 /* DKReviewPage.swift */,
			);
			path = Page;
			sourceTree = "<group>";
		};
		27CBA08529522BB500F422DB /* View */ = {
			isa = PBXGroup;
			children = (
				27719AA028A3E4DF00C661BD /* DKCourseView.swift */,
				27E5E82C28BA69600074D295 /* DKReviewView.swift */,
				278E406928BA963A008D6514 /* DKRatingView.swift */,
				27E5E82A28BA62130074D295 /* DKStarsView.swift */,
				27DD20E0299FC16D00E9F833 /* DKStarRatingView.swift */,
				2725605829F8EAF300C8B27A /* DKTagView.swift */,
			);
			path = View;
			sourceTree = "<group>";
		};
		27CBA08629522BB800F422DB /* Sheet */ = {
			isa = PBXGroup;
			children = (
				2749B144298E5DC00011C78C /* DKPostSheet.swift */,
			);
			path = Sheet;
			sourceTree = "<group>";
		};
		27CBA08729522CE000F422DB /* Support */ = {
			isa = PBXGroup;
			children = (
				27DAFA7829CC50E100F32093 /* AsnyncButton.swift */,
				27063AB929FB094C0060AC8B /* AsyncCollection.swift */,
				27CAD2312A32AD94008F3D19 /* FoldedView.swift */,
				27C95B412A8B90FE000A614B /* FormTitle.swift */,
				2764E5D7289840E1000C0A98 /* RandomColor.swift */,
				27939FE828C26E0600E8D199 /* Haptics.swift */,
				278B291B2939D2D9008C29ED /* Navigation.swift */,
				27E8D04D29A495CD0001DC80 /* ListSeparatorWrapper.swift */,
				27DE299729E5A83600B5B28A /* Sheet.swift */,
				27E82FE829E88AB000F34B3B /* WebView.swift */,
			);
			path = Support;
			sourceTree = "<group>";
		};
		27CBA08829522E3100F422DB /* General */ = {
			isa = PBXGroup;
			children = (
				2706602D292F51BC00F4C321 /* CreditPage.swift */,
				F1A762D52BAFD1B7001E5D08 /* IntroSheet.swift */,
				2706602B292F513700F4C321 /* AboutPage.swift */,
				2778D60B2891D22D009F4DB1 /* SettingsPage.swift */,
				27B19FC028F5769A0001587F /* FDLoginSheet.swift */,
				27A424F029EE6B2300339E82 /* DXAuthSheet.swift */,
				27C95B3B2A8B63DC000A614B /* DXQuestionSheet.swift */,
				27E70CA02AF136B300820933 /* DebugPage.swift */,
				EDA1ECD62BB5C762000DDE37 /* WatermarkView.swift */,
			);
			path = General;
			sourceTree = "<group>";
		};
		27DAFA6529CB375300F32093 /* Model */ = {
			isa = PBXGroup;
			children = (
				27FD626128FD8AC500B8ACDB /* THBrowseModel.swift */,
				27013BCB29D01E7D004A5D2F /* THSearchModel.swift */,
				27DAFA6629CB375D00F32093 /* THHoleModel.swift */,
				27DAFA7029CB5B4500F32093 /* THFloorModel.swift */,
				27013BD729D062FA004A5D2F /* THReportModel.swift */,
				27DAFA6829CB43FA00F32093 /* THHoleLoader.swift */,
				27834AF629D6012E008DC0C2 /* THSettingsModel.swift */,
			);
			path = Model;
			sourceTree = "<group>";
		};
		27F2F2202BCBE8C10017CB5E /* Navigation */ = {
			isa = PBXGroup;
			children = (
				27F2F2212BCBE8C80017CB5E /* AppScreen.swift */,
				27F2F2232BCC2B650017CB5E /* SplitNavigation.swift */,
			);
			path = Navigation;
			sourceTree = "<group>";
		};
		27F2F22A2BCC47750017CB5E /* Navigation */ = {
			isa = PBXGroup;
			children = (
				27F2F22B2BCC47810017CB5E /* ForumNavigation.swift */,
				27F2F22F2BCC49F30017CB5E /* ForumSection.swift */,
				27F2F2312BCD09930017CB5E /* ForumContent.swift */,
			);
			path = Navigation;
			sourceTree = "<group>";
		};
		7795D21A27D82B1C00840D02 /* Frameworks */ = {
			isa = PBXGroup;
			children = (
				F165C50728D1882C0000DB6F /* WidgetKit.framework */,
				F165C50928D1882C0000DB6F /* SwiftUI.framework */,
			);
			name = Frameworks;
			sourceTree = "<group>";
		};
		8AA9F876269D97BE0085D93D /* Shared */ = {
			isa = PBXGroup;
			children = (
				8AC7A5D026872C3E00C9CD98 /* DanXiApp.swift */,
				27E1C52C29D09CF700B333BA /* AppModel.swift */,
				2778D6112891D22D009F4DB1 /* ContentView.swift */,
				27F2F2202BCBE8C10017CB5E /* Navigation */,
				27CBA0782952213A00F422DB /* View */,
				27BBBD082912C2E6007C2905 /* DanXi Kit */,
				27936F442939E1D300A40D36 /* Utilities */,
				2778D6342891D316009F4DB1 /* Resources */,
			);
			path = Shared;
			sourceTree = "<group>";
		};
		8AC7A5C426872C3E00C9CD98 = {
			isa = PBXGroup;
			children = (
				8AA9F876269D97BE0085D93D /* Shared */,
				8AC7A5CF26872C3E00C9CD98 /* iOS */,
				274C197129D1BF9B000DE221 /* watchOS */,
				27536EC029DC9A8100894A98 /* Widget */,
				8AC7A5CE26872C3E00C9CD98 /* Products */,
				7795D21A27D82B1C00840D02 /* Frameworks */,
				2785E2A62BC8641E00D50D31 /* FudanUI */,
				27DD19B22BA5C16900B75643 /* Fudan Kit */,
				270CD1902BAD68C900881ABA /* View Utils */,
				27C68CB12BB563A100037D52 /* Utils */,
			);
			sourceTree = "<group>";
		};
		8AC7A5CE26872C3E00C9CD98 /* Products */ = {
			isa = PBXGroup;
			children = (
				8AC7A5CD26872C3E00C9CD98 /* DanXi.app */,
				274C197029D1BF9B000DE221 /* DanXi Watch.app */,
				27536EBD29DC9A8100894A98 /* DanXi Widget.appex */,
			);
			name = Products;
			sourceTree = "<group>";
		};
		8AC7A5CF26872C3E00C9CD98 /* iOS */ = {
			isa = PBXGroup;
			children = (
				27E1C52E29D0AD6F00B333BA /* AppDelegate.swift */,
				8AAABD4326881E0500486D37 /* DanXi.entitlements */,
				8AC7A5D926872C3F00C9CD98 /* Info.plist */,
			);
			path = iOS;
			sourceTree = "<group>";
		};
/* End PBXGroup section */

/* Begin PBXNativeTarget section */
		274C196F29D1BF9B000DE221 /* DanXi Watch */ = {
			isa = PBXNativeTarget;
			buildConfigurationList = 274C197D29D1BF9C000DE221 /* Build configuration list for PBXNativeTarget "DanXi Watch" */;
			buildPhases = (
				274C196C29D1BF9B000DE221 /* Sources */,
				274C196D29D1BF9B000DE221 /* Frameworks */,
				274C196E29D1BF9B000DE221 /* Resources */,
			);
			buildRules = (
			);
			dependencies = (
			);
			name = "DanXi Watch";
			packageProductDependencies = (
				27D3A4A72BBCFA3D00350D21 /* FudanKit */,
				27D3A4A92BBCFA6E00350D21 /* SwiftyJSON */,
				27D3A4AB2BBCFB0D00350D21 /* KeychainAccess */,
			);
			productName = "DanXi-watch Watch App";
			productReference = 274C197029D1BF9B000DE221 /* DanXi Watch.app */;
			productType = "com.apple.product-type.application";
		};
		27536EBC29DC9A8100894A98 /* DanXi Widget */ = {
			isa = PBXNativeTarget;
			buildConfigurationList = 27536ECE29DC9A8300894A98 /* Build configuration list for PBXNativeTarget "DanXi Widget" */;
			buildPhases = (
				27536EB929DC9A8100894A98 /* Sources */,
				27536EBA29DC9A8100894A98 /* Frameworks */,
				27536EBB29DC9A8100894A98 /* Resources */,
			);
			buildRules = (
			);
			dependencies = (
			);
			name = "DanXi Widget";
			packageProductDependencies = (
				27D3A49B2BBC9E0900350D21 /* SwiftyJSON */,
				27D3A49D2BBC9E1A00350D21 /* KeychainAccess */,
				2785E2A72BC8645100D50D31 /* FudanUI */,
			);
			productName = DanXi_WigdetExtension;
			productReference = 27536EBD29DC9A8100894A98 /* DanXi Widget.appex */;
			productType = "com.apple.product-type.app-extension";
		};
		8AC7A5CC26872C3E00C9CD98 /* DanXi */ = {
			isa = PBXNativeTarget;
			buildConfigurationList = 8AC7A63426872C4100C9CD98 /* Build configuration list for PBXNativeTarget "DanXi" */;
			buildPhases = (
				8AC7A5C926872C3E00C9CD98 /* Sources */,
				8AC7A5CA26872C3E00C9CD98 /* Frameworks */,
				8AC7A5CB26872C3E00C9CD98 /* Resources */,
				8AC7A63326872C4100C9CD98 /* Embed Watch Content */,
				27D3A4942BBC840A00350D21 /* Embed Frameworks */,
				27D3A4A22BBC9F0800350D21 /* Embed Foundation Extensions */,
			);
			buildRules = (
			);
			dependencies = (
				27D3A49A2BBC9D5300350D21 /* PBXTargetDependency */,
				27D3A4A12BBC9F0800350D21 /* PBXTargetDependency */,
			);
			name = DanXi;
			packageProductDependencies = (
				27EDD624293B6DFD0028CCE4 /* SwiftUIX */,
				27A308C629A6753B00E8F646 /* SwiftyJSON */,
				2791031129C774F8003B9FD9 /* Disk */,
				27DAFA6129CAF1BC00F32093 /* KeychainAccess */,
				27DD19B32BA5CCA400B75643 /* FudanKit */,
				270CD1932BAD697600881ABA /* ViewUtils */,
				27C68CB22BB563EE00037D52 /* Utils */,
				F1B1DF772BC19FC4005E8F87 /* Queue */,
				2785E2A92BC8645900D50D31 /* FudanUI */,
			);
			productName = "DanXi-native";
			productReference = 8AC7A5CD26872C3E00C9CD98 /* DanXi.app */;
			productType = "com.apple.product-type.application";
		};
/* End PBXNativeTarget section */

/* Begin PBXProject section */
		8AC7A5C526872C3E00C9CD98 /* Project object */ = {
			isa = PBXProject;
			attributes = {
				BuildIndependentTargetsInParallel = YES;
				LastSwiftUpdateCheck = 1430;
				LastUpgradeCheck = 1500;
				TargetAttributes = {
					274C196F29D1BF9B000DE221 = {
						CreatedOnToolsVersion = 14.2;
					};
					27536EBC29DC9A8100894A98 = {
						CreatedOnToolsVersion = 14.3;
					};
					8AC7A5CC26872C3E00C9CD98 = {
						CreatedOnToolsVersion = 12.5.1;
					};
				};
			};
			buildConfigurationList = 8AC7A5C826872C3E00C9CD98 /* Build configuration list for PBXProject "DanXi" */;
			compatibilityVersion = "Xcode 9.3";
			developmentRegion = en;
			hasScannedForEncodings = 0;
			knownRegions = (
				en,
				Base,
				"zh-Hans",
			);
			mainGroup = 8AC7A5C426872C3E00C9CD98;
			packageReferences = (
				27EDD623293B6DFD0028CCE4 /* XCRemoteSwiftPackageReference "SwiftUIX" */,
				27A308C529A6753B00E8F646 /* XCRemoteSwiftPackageReference "SwiftyJSON" */,
				2791031029C774F8003B9FD9 /* XCRemoteSwiftPackageReference "Disk" */,
				27DAFA6029CAF1BC00F32093 /* XCRemoteSwiftPackageReference "KeychainAccess" */,
				F1B1DF762BC19FC4005E8F87 /* XCRemoteSwiftPackageReference "Queue" */,
			);
			productRefGroup = 8AC7A5CE26872C3E00C9CD98 /* Products */;
			projectDirPath = "";
			projectRoot = "";
			targets = (
				8AC7A5CC26872C3E00C9CD98 /* DanXi */,
				274C196F29D1BF9B000DE221 /* DanXi Watch */,
				27536EBC29DC9A8100894A98 /* DanXi Widget */,
			);
		};
/* End PBXProject section */

/* Begin PBXResourcesBuildPhase section */
		274C196E29D1BF9B000DE221 /* Resources */ = {
			isa = PBXResourcesBuildPhase;
			buildActionMask = 2147483647;
			files = (
				F13306D92BA5766C005361D2 /* InfoPlist.xcstrings in Resources */,
				274C197729D1BF9C000DE221 /* Assets.xcassets in Resources */,
				F13306D52BA5766C005361D2 /* Localizable.xcstrings in Resources */,
				27E1178C2A782BC90006EE20 /* Assets.xcassets in Resources */,
			);
			runOnlyForDeploymentPostprocessing = 0;
		};
		27536EBB29DC9A8100894A98 /* Resources */ = {
			isa = PBXResourcesBuildPhase;
			buildActionMask = 2147483647;
			files = (
				27536EC629DC9A8300894A98 /* Assets.xcassets in Resources */,
				F13306D62BA5766C005361D2 /* Localizable.xcstrings in Resources */,
			);
			runOnlyForDeploymentPostprocessing = 0;
		};
		8AC7A5CB26872C3E00C9CD98 /* Resources */ = {
			isa = PBXResourcesBuildPhase;
			buildActionMask = 2147483647;
			files = (
				F15059FD2BBD60F200EA62E3 /* PrivacyInfo.xcprivacy in Resources */,
				F13306D82BA5766C005361D2 /* InfoPlist.xcstrings in Resources */,
				27066038292FA34200F4C321 /* contributor.json in Resources */,
				F13306D42BA5766C005361D2 /* Localizable.xcstrings in Resources */,
				27066032292F56AF00F4C321 /* license.json in Resources */,
				2778D5F62891C664009F4DB1 /* Assets.xcassets in Resources */,
			);
			runOnlyForDeploymentPostprocessing = 0;
		};
/* End PBXResourcesBuildPhase section */

/* Begin PBXSourcesBuildPhase section */
		274C196C29D1BF9B000DE221 /* Sources */ = {
			isa = PBXSourcesBuildPhase;
			buildActionMask = 2147483647;
			files = (
				274C197529D1BF9B000DE221 /* ContentView.swift in Sources */,
				274C197329D1BF9B000DE221 /* WatchApp.swift in Sources */,
			);
			runOnlyForDeploymentPostprocessing = 0;
		};
		27536EB929DC9A8100894A98 /* Sources */ = {
			isa = PBXSourcesBuildPhase;
			buildActionMask = 2147483647;
			files = (
				27B7AC0F29DEB28500DAE0C5 /* Network.swift in Sources */,
				27536EC229DC9A8100894A98 /* DanXiWidgetBundle.swift in Sources */,
			);
			runOnlyForDeploymentPostprocessing = 0;
		};
		8AC7A5C926872C3E00C9CD98 /* Sources */ = {
			isa = PBXSourcesBuildPhase;
			buildActionMask = 2147483647;
			files = (
				27BBBD1E2912C33D007C2905 /* THEntity.swift in Sources */,
				27939FE928C26E0600E8D199 /* Haptics.swift in Sources */,
				271D1D5329F19D1500DDEEC9 /* THMessagesPage.swift in Sources */,
				272B08462A6EE6F40078CFF6 /* THBrowseHistoryPage.swift in Sources */,
				2778D62A2891D22D009F4DB1 /* ContentView.swift in Sources */,
				27A5DA2029D6EF010042D28D /* THTagsPage.swift in Sources */,
				27013BCC29D01E7D004A5D2F /* THSearchModel.swift in Sources */,
				27A424F129EE6B2300339E82 /* DXAuthSheet.swift in Sources */,
				2729071528B0B45F0087ACC0 /* THMentionView.swift in Sources */,
				270CA42A28BD13A10024BDF2 /* DKReviewPage.swift in Sources */,
				27CC00EC28E203A400F0B026 /* THDeleteSheet.swift in Sources */,
				27013BD629D02A67004A5D2F /* THSearchPage.swift in Sources */,
				27CBA0772951C01E00F422DB /* Network.swift in Sources */,
				272AC8DA2896BE2500092B0C /* THFavoritesPage.swift in Sources */,
				27BBBD1F2912C33D007C2905 /* DXEntity.swift in Sources */,
				F15059F22BB58DCB00EA62E3 /* TextFieldExtension.swift in Sources */,
				27FD626228FD8AC500B8ACDB /* THBrowseModel.swift in Sources */,
				27F2F2222BCBE8C80017CB5E /* AppScreen.swift in Sources */,
				27D6F4542892C5D70059228F /* BundleResource.swift in Sources */,
				8AC7A5D126872C3E00C9CD98 /* DanXiApp.swift in Sources */,
				27013BD229D022B7004A5D2F /* THBrowsePage.swift in Sources */,
				278B291C2939D2D9008C29ED /* Navigation.swift in Sources */,
				2764E5D8289840E1000C0A98 /* RandomColor.swift in Sources */,
				27C95B422A8B90FF000A614B /* FormTitle.swift in Sources */,
				2778D6272891D22D009F4DB1 /* SettingsPage.swift in Sources */,
				27173F1F2A0EBC2C00A570E1 /* THBackgroundList.swift in Sources */,
				2729071128B0B3DE0087ACC0 /* RichTextProcess.swift in Sources */,
				27E8D04E29A495CD0001DC80 /* ListSeparatorWrapper.swift in Sources */,
				27F2F2322BCD09930017CB5E /* ForumContent.swift in Sources */,
				27BBBD1D2912C33D007C2905 /* DKEntity.swift in Sources */,
				2799979A2AC1734E00DE835A /* THSubscriptionPage.swift in Sources */,
				2791031629C82BC3003B9FD9 /* DXModel.swift in Sources */,
				27063ABA29FB094C0060AC8B /* AsyncCollection.swift in Sources */,
				272FFC5029E9C0CB00EB4CBF /* THTagEditor.swift in Sources */,
				27BBBD222912C33D007C2905 /* DKRequests.swift in Sources */,
				27F2F2242BCC2B650017CB5E /* SplitNavigation.swift in Sources */,
				27013BC629CE3022004A5D2F /* THFloorView.swift in Sources */,
				272AC8E62896F30E00092B0C /* THFloorEditSheet.swift in Sources */,
				27FA5F49289955C3000391A3 /* THSearchTagPage.swift in Sources */,
				275B71CD28C5249800475BA3 /* THReportPage.swift in Sources */,
				F1728E342BB1661C00483F09 /* SheetExtension.swift in Sources */,
				EDA1ECD72BB5C762000DDE37 /* WatermarkView.swift in Sources */,
				27834AF929D6261E008DC0C2 /* THMyPostPage.swift in Sources */,
				27DE299829E5A83600B5B28A /* Sheet.swift in Sources */,
				27013BD829D062FA004A5D2F /* THReportModel.swift in Sources */,
				27E8194E2A4C12F1009C87C6 /* THMessageSheet.swift in Sources */,
				27E1C52F29D0AD6F00B333BA /* AppDelegate.swift in Sources */,
				27BBBD202912C33D007C2905 /* DXRequests.swift in Sources */,
				27DAFA6929CB43FA00F32093 /* THHoleLoader.swift in Sources */,
				2772231128F05B3300458EAC /* THHistorySheet.swift in Sources */,
				27834AF729D6012E008DC0C2 /* THSettingsModel.swift in Sources */,
				27DAFA6F29CB589000F32093 /* THHolePage.swift in Sources */,
				F1A762D62BAFD1B7001E5D08 /* IntroSheet.swift in Sources */,
				27BBBD0B2912C330007C2905 /* DXError.swift in Sources */,
				271D1D5529F1A31700DDEEC9 /* THNotificationView.swift in Sources */,
				2778D62C2891D22D009F4DB1 /* THTagView.swift in Sources */,
				275F745F2A8BDFDC0024B19B /* THDivisionSheet.swift in Sources */,
				27834AF529D600E1008DC0C2 /* THSettingsView.swift in Sources */,
				27E70CA12AF136B300820933 /* DebugPage.swift in Sources */,
				27B19FC128F5769A0001587F /* FDLoginSheet.swift in Sources */,
				273C1E6328C9CE5C0067E61E /* THHoleEditSheet.swift in Sources */,
				272FFC5429E9D6A400EB4CBF /* THContentEditor.swift in Sources */,
				27DAFA6729CB375D00F32093 /* THHoleModel.swift in Sources */,
				2706602C292F513700F4C321 /* AboutPage.swift in Sources */,
				27DAFA7929CC50E100F32093 /* AsnyncButton.swift in Sources */,
				273FAFB628C13C6100FC3950 /* THSpecialTagView.swift in Sources */,
				2795EB1528AE6CB400518597 /* DKCoursePage.swift in Sources */,
				27BBBD232912C33D007C2905 /* DXNetwork.swift in Sources */,
				2749B145298E5DC00011C78C /* DKPostSheet.swift in Sources */,
				27BD15DF2B04E6C0006A97A9 /* THModeratePage.swift in Sources */,
				27719AA628A3EAB100C661BD /* DKHomePage.swift in Sources */,
				27BBBD242912C33D007C2905 /* THRequests.swift in Sources */,
				27CAD2322A32AD94008F3D19 /* FoldedView.swift in Sources */,
				27DAFA6D29CB529D00F32093 /* THLoaderPage.swift in Sources */,
				27E2DE7B2A55496D00D26D86 /* Date.swift in Sources */,
				272AC8E32896F29800092B0C /* THReplySheet.swift in Sources */,
				27E5E82B28BA62140074D295 /* DKStarsView.swift in Sources */,
				2791030D29C7640F003B9FD9 /* THPosterView.swift in Sources */,
				27E5E82D28BA69600074D295 /* DKReviewView.swift in Sources */,
				27E1C52D29D09CF700B333BA /* AppModel.swift in Sources */,
				272AC8E12896F27300092B0C /* THPostSheet.swift in Sources */,
				271D1D5129F178C600DDEEC9 /* Decode.swift in Sources */,
				27E82FE929E88AB000F34B3B /* WebView.swift in Sources */,
				27C95B3C2A8B63DC000A614B /* DXQuestionSheet.swift in Sources */,
				27DAFA7129CB5B4500F32093 /* THFloorModel.swift in Sources */,
				27262AFE2B04A002000C3962 /* THMyReplyPage.swift in Sources */,
				27719AA128A3E4DF00C661BD /* DKCourseView.swift in Sources */,
				278E406A28BA963A008D6514 /* DKRatingView.swift in Sources */,
				27D7110828CA29B7001E9464 /* THReportSheet.swift in Sources */,
				27F2F22C2BCC47810017CB5E /* ForumNavigation.swift in Sources */,
				27F2F2302BCC49F30017CB5E /* ForumSection.swift in Sources */,
				2778D62D2891D22D009F4DB1 /* THHoleView.swift in Sources */,
				2725605929F8EAF300C8B27A /* DKTagView.swift in Sources */,
				27DD20E1299FC16D00E9F833 /* DKStarRatingView.swift in Sources */,
				2706602E292F51BC00F4C321 /* CreditPage.swift in Sources */,
				27013BCA29CF7B74004A5D2F /* THHomePage.swift in Sources */,
				27013BCE29D01F3F004A5D2F /* THBrowseWrapper.swift in Sources */,
			);
			runOnlyForDeploymentPostprocessing = 0;
		};
/* End PBXSourcesBuildPhase section */

/* Begin PBXTargetDependency section */
		27D3A49A2BBC9D5300350D21 /* PBXTargetDependency */ = {
			isa = PBXTargetDependency;
			target = 27536EBC29DC9A8100894A98 /* DanXi Widget */;
			targetProxy = 27D3A4992BBC9D5300350D21 /* PBXContainerItemProxy */;
		};
		27D3A4A12BBC9F0800350D21 /* PBXTargetDependency */ = {
			isa = PBXTargetDependency;
			target = 27536EBC29DC9A8100894A98 /* DanXi Widget */;
			targetProxy = 27D3A4A02BBC9F0800350D21 /* PBXContainerItemProxy */;
		};
/* End PBXTargetDependency section */

/* Begin XCBuildConfiguration section */
		274C197B29D1BF9C000DE221 /* Debug */ = {
			isa = XCBuildConfiguration;
			buildSettings = {
				ASSETCATALOG_COMPILER_APPICON_NAME = AppIcon;
				ASSETCATALOG_COMPILER_GLOBAL_ACCENT_COLOR_NAME = AccentColor;
				CLANG_CXX_LANGUAGE_STANDARD = "gnu++20";
				CODE_SIGN_STYLE = Automatic;
				CURRENT_PROJECT_VERSION = 463;
				DEVELOPMENT_TEAM = KF7M99CN68;
				ENABLE_PREVIEWS = YES;
				GENERATE_INFOPLIST_FILE = YES;
				INFOPLIST_KEY_CFBundleDisplayName = "DanXi-watch";
				INFOPLIST_KEY_UISupportedInterfaceOrientations = "UIInterfaceOrientationPortrait UIInterfaceOrientationPortraitUpsideDown";
				INFOPLIST_KEY_WKCompanionAppBundleIdentifier = "";
				LD_RUNPATH_SEARCH_PATHS = (
					"$(inherited)",
					"@executable_path/Frameworks",
				);
				MARKETING_VERSION = 2.0.0;
				PRODUCT_BUNDLE_IDENTIFIER = .watchkitapp;
				PRODUCT_NAME = "$(TARGET_NAME)";
				SDKROOT = watchos;
				SKIP_INSTALL = YES;
				SWIFT_EMIT_LOC_STRINGS = YES;
				SWIFT_VERSION = 5.0;
				TARGETED_DEVICE_FAMILY = 4;
				WATCHOS_DEPLOYMENT_TARGET = 10.0;
			};
			name = Debug;
		};
		274C197C29D1BF9C000DE221 /* Release */ = {
			isa = XCBuildConfiguration;
			buildSettings = {
				ASSETCATALOG_COMPILER_APPICON_NAME = AppIcon;
				ASSETCATALOG_COMPILER_GLOBAL_ACCENT_COLOR_NAME = AccentColor;
				CLANG_CXX_LANGUAGE_STANDARD = "gnu++20";
				CODE_SIGN_STYLE = Automatic;
				CURRENT_PROJECT_VERSION = 463;
				DEVELOPMENT_TEAM = KF7M99CN68;
				ENABLE_PREVIEWS = YES;
				GENERATE_INFOPLIST_FILE = YES;
				INFOPLIST_KEY_CFBundleDisplayName = "DanXi-watch";
				INFOPLIST_KEY_UISupportedInterfaceOrientations = "UIInterfaceOrientationPortrait UIInterfaceOrientationPortraitUpsideDown";
				INFOPLIST_KEY_WKCompanionAppBundleIdentifier = "";
				LD_RUNPATH_SEARCH_PATHS = (
					"$(inherited)",
					"@executable_path/Frameworks",
				);
				MARKETING_VERSION = 2.0.0;
				PRODUCT_BUNDLE_IDENTIFIER = .watchkitapp;
				PRODUCT_NAME = "$(TARGET_NAME)";
				SDKROOT = watchos;
				SKIP_INSTALL = YES;
				SWIFT_EMIT_LOC_STRINGS = YES;
				SWIFT_VERSION = 5.0;
				TARGETED_DEVICE_FAMILY = 4;
				VALIDATE_PRODUCT = YES;
				WATCHOS_DEPLOYMENT_TARGET = 10.0;
			};
			name = Release;
		};
		27536ECC29DC9A8300894A98 /* Debug */ = {
			isa = XCBuildConfiguration;
			buildSettings = {
				ASSETCATALOG_COMPILER_GLOBAL_ACCENT_COLOR_NAME = AccentColor;
				ASSETCATALOG_COMPILER_WIDGET_BACKGROUND_COLOR_NAME = WidgetBackground;
				CLANG_CXX_LANGUAGE_STANDARD = "gnu++20";
				CODE_SIGN_ENTITLEMENTS = Widget/WigdetExtension.entitlements;
				CODE_SIGN_IDENTITY = "Apple Development";
				"CODE_SIGN_IDENTITY[sdk=macosx*]" = "Apple Development";
				CODE_SIGN_STYLE = Automatic;
				CURRENT_PROJECT_VERSION = 466;
				DEVELOPMENT_TEAM = KF7M99CN68;
				GENERATE_INFOPLIST_FILE = YES;
				INFOPLIST_FILE = Widget/Info.plist;
				INFOPLIST_KEY_CFBundleDisplayName = DanXi_Wigdet;
				INFOPLIST_KEY_NSHumanReadableCopyright = "";
				IPHONEOS_DEPLOYMENT_TARGET = 16.0;
				LD_RUNPATH_SEARCH_PATHS = (
					"$(inherited)",
					"@executable_path/Frameworks",
					"@executable_path/../../Frameworks",
				);
				MARKETING_VERSION = 2.0.0;
				PRODUCT_BUNDLE_IDENTIFIER = "io.github.danxi-dev.dan-xi.widget";
				PRODUCT_NAME = "$(TARGET_NAME)";
				SDKROOT = iphoneos;
				SKIP_INSTALL = YES;
				SUPPORTS_MACCATALYST = YES;
				SWIFT_EMIT_LOC_STRINGS = YES;
				SWIFT_VERSION = 5.0;
				TARGETED_DEVICE_FAMILY = "1,2";
			};
			name = Debug;
		};
		27536ECD29DC9A8300894A98 /* Release */ = {
			isa = XCBuildConfiguration;
			buildSettings = {
				ASSETCATALOG_COMPILER_GLOBAL_ACCENT_COLOR_NAME = AccentColor;
				ASSETCATALOG_COMPILER_WIDGET_BACKGROUND_COLOR_NAME = WidgetBackground;
				CLANG_CXX_LANGUAGE_STANDARD = "gnu++20";
				CODE_SIGN_ENTITLEMENTS = Widget/WigdetExtension.entitlements;
				CODE_SIGN_IDENTITY = "Apple Development";
				"CODE_SIGN_IDENTITY[sdk=macosx*]" = "Apple Development";
				CODE_SIGN_STYLE = Automatic;
				CURRENT_PROJECT_VERSION = 466;
				DEVELOPMENT_TEAM = KF7M99CN68;
				GENERATE_INFOPLIST_FILE = YES;
				INFOPLIST_FILE = Widget/Info.plist;
				INFOPLIST_KEY_CFBundleDisplayName = DanXi_Wigdet;
				INFOPLIST_KEY_NSHumanReadableCopyright = "";
				IPHONEOS_DEPLOYMENT_TARGET = 16.0;
				LD_RUNPATH_SEARCH_PATHS = (
					"$(inherited)",
					"@executable_path/Frameworks",
					"@executable_path/../../Frameworks",
				);
				MARKETING_VERSION = 2.0.0;
				PRODUCT_BUNDLE_IDENTIFIER = "io.github.danxi-dev.dan-xi.widget";
				PRODUCT_NAME = "$(TARGET_NAME)";
				SDKROOT = iphoneos;
				SKIP_INSTALL = YES;
				SUPPORTS_MACCATALYST = YES;
				SWIFT_EMIT_LOC_STRINGS = YES;
				SWIFT_VERSION = 5.0;
				TARGETED_DEVICE_FAMILY = "1,2";
				VALIDATE_PRODUCT = YES;
			};
			name = Release;
		};
		8AC7A62A26872C4100C9CD98 /* Debug */ = {
			isa = XCBuildConfiguration;
			buildSettings = {
				ALWAYS_SEARCH_USER_PATHS = NO;
				ASSETCATALOG_COMPILER_GENERATE_SWIFT_ASSET_SYMBOL_EXTENSIONS = YES;
				CLANG_ANALYZER_LOCALIZABILITY_NONLOCALIZED = YES;
				CLANG_ANALYZER_NONNULL = YES;
				CLANG_ANALYZER_NUMBER_OBJECT_CONVERSION = YES_AGGRESSIVE;
				CLANG_CXX_LANGUAGE_STANDARD = "gnu++14";
				CLANG_CXX_LIBRARY = "libc++";
				CLANG_ENABLE_MODULES = YES;
				CLANG_ENABLE_OBJC_ARC = YES;
				CLANG_ENABLE_OBJC_WEAK = YES;
				CLANG_WARN_BLOCK_CAPTURE_AUTORELEASING = YES;
				CLANG_WARN_BOOL_CONVERSION = YES;
				CLANG_WARN_COMMA = YES;
				CLANG_WARN_CONSTANT_CONVERSION = YES;
				CLANG_WARN_DEPRECATED_OBJC_IMPLEMENTATIONS = YES;
				CLANG_WARN_DIRECT_OBJC_ISA_USAGE = YES_ERROR;
				CLANG_WARN_DOCUMENTATION_COMMENTS = YES;
				CLANG_WARN_EMPTY_BODY = YES;
				CLANG_WARN_ENUM_CONVERSION = YES;
				CLANG_WARN_INFINITE_RECURSION = YES;
				CLANG_WARN_INT_CONVERSION = YES;
				CLANG_WARN_NON_LITERAL_NULL_CONVERSION = YES;
				CLANG_WARN_OBJC_IMPLICIT_RETAIN_SELF = YES;
				CLANG_WARN_OBJC_LITERAL_CONVERSION = YES;
				CLANG_WARN_OBJC_ROOT_CLASS = YES_ERROR;
				CLANG_WARN_QUOTED_INCLUDE_IN_FRAMEWORK_HEADER = YES;
				CLANG_WARN_RANGE_LOOP_ANALYSIS = YES;
				CLANG_WARN_STRICT_PROTOTYPES = YES;
				CLANG_WARN_SUSPICIOUS_MOVE = YES;
				CLANG_WARN_UNGUARDED_AVAILABILITY = YES_AGGRESSIVE;
				CLANG_WARN_UNREACHABLE_CODE = YES;
				CLANG_WARN__DUPLICATE_METHOD_MATCH = YES;
				COPY_PHASE_STRIP = NO;
				DEAD_CODE_STRIPPING = YES;
				DEBUG_INFORMATION_FORMAT = dwarf;
				ENABLE_STRICT_OBJC_MSGSEND = YES;
				ENABLE_TESTABILITY = YES;
				ENABLE_USER_SCRIPT_SANDBOXING = YES;
				GCC_C_LANGUAGE_STANDARD = gnu11;
				GCC_DYNAMIC_NO_PIC = NO;
				GCC_NO_COMMON_BLOCKS = YES;
				GCC_OPTIMIZATION_LEVEL = 0;
				GCC_PREPROCESSOR_DEFINITIONS = (
					"DEBUG=1",
					"$(inherited)",
				);
				GCC_WARN_64_TO_32_BIT_CONVERSION = YES;
				GCC_WARN_ABOUT_RETURN_TYPE = YES_ERROR;
				GCC_WARN_UNDECLARED_SELECTOR = YES;
				GCC_WARN_UNINITIALIZED_AUTOS = YES_AGGRESSIVE;
				GCC_WARN_UNUSED_FUNCTION = YES;
				GCC_WARN_UNUSED_VARIABLE = YES;
				IPHONEOS_DEPLOYMENT_TARGET = 16.0;
				LOCALIZATION_PREFERS_STRING_CATALOGS = YES;
				MTL_ENABLE_DEBUG_INFO = INCLUDE_SOURCE;
				MTL_FAST_MATH = YES;
				ONLY_ACTIVE_ARCH = YES;
				SWIFT_ACTIVE_COMPILATION_CONDITIONS = DEBUG;
				SWIFT_OPTIMIZATION_LEVEL = "-Onone";
			};
			name = Debug;
		};
		8AC7A62B26872C4100C9CD98 /* Release */ = {
			isa = XCBuildConfiguration;
			buildSettings = {
				ALWAYS_SEARCH_USER_PATHS = NO;
				ASSETCATALOG_COMPILER_GENERATE_SWIFT_ASSET_SYMBOL_EXTENSIONS = YES;
				CLANG_ANALYZER_LOCALIZABILITY_NONLOCALIZED = YES;
				CLANG_ANALYZER_NONNULL = YES;
				CLANG_ANALYZER_NUMBER_OBJECT_CONVERSION = YES_AGGRESSIVE;
				CLANG_CXX_LANGUAGE_STANDARD = "gnu++14";
				CLANG_CXX_LIBRARY = "libc++";
				CLANG_ENABLE_MODULES = YES;
				CLANG_ENABLE_OBJC_ARC = YES;
				CLANG_ENABLE_OBJC_WEAK = YES;
				CLANG_WARN_BLOCK_CAPTURE_AUTORELEASING = YES;
				CLANG_WARN_BOOL_CONVERSION = YES;
				CLANG_WARN_COMMA = YES;
				CLANG_WARN_CONSTANT_CONVERSION = YES;
				CLANG_WARN_DEPRECATED_OBJC_IMPLEMENTATIONS = YES;
				CLANG_WARN_DIRECT_OBJC_ISA_USAGE = YES_ERROR;
				CLANG_WARN_DOCUMENTATION_COMMENTS = YES;
				CLANG_WARN_EMPTY_BODY = YES;
				CLANG_WARN_ENUM_CONVERSION = YES;
				CLANG_WARN_INFINITE_RECURSION = YES;
				CLANG_WARN_INT_CONVERSION = YES;
				CLANG_WARN_NON_LITERAL_NULL_CONVERSION = YES;
				CLANG_WARN_OBJC_IMPLICIT_RETAIN_SELF = YES;
				CLANG_WARN_OBJC_LITERAL_CONVERSION = YES;
				CLANG_WARN_OBJC_ROOT_CLASS = YES_ERROR;
				CLANG_WARN_QUOTED_INCLUDE_IN_FRAMEWORK_HEADER = YES;
				CLANG_WARN_RANGE_LOOP_ANALYSIS = YES;
				CLANG_WARN_STRICT_PROTOTYPES = YES;
				CLANG_WARN_SUSPICIOUS_MOVE = YES;
				CLANG_WARN_UNGUARDED_AVAILABILITY = YES_AGGRESSIVE;
				CLANG_WARN_UNREACHABLE_CODE = YES;
				CLANG_WARN__DUPLICATE_METHOD_MATCH = YES;
				COPY_PHASE_STRIP = NO;
				DEAD_CODE_STRIPPING = YES;
				DEBUG_INFORMATION_FORMAT = "dwarf-with-dsym";
				ENABLE_NS_ASSERTIONS = NO;
				ENABLE_STRICT_OBJC_MSGSEND = YES;
				ENABLE_USER_SCRIPT_SANDBOXING = YES;
				GCC_C_LANGUAGE_STANDARD = gnu11;
				GCC_NO_COMMON_BLOCKS = YES;
				GCC_WARN_64_TO_32_BIT_CONVERSION = YES;
				GCC_WARN_ABOUT_RETURN_TYPE = YES_ERROR;
				GCC_WARN_UNDECLARED_SELECTOR = YES;
				GCC_WARN_UNINITIALIZED_AUTOS = YES_AGGRESSIVE;
				GCC_WARN_UNUSED_FUNCTION = YES;
				GCC_WARN_UNUSED_VARIABLE = YES;
				IPHONEOS_DEPLOYMENT_TARGET = 16.0;
				LOCALIZATION_PREFERS_STRING_CATALOGS = YES;
				MTL_ENABLE_DEBUG_INFO = NO;
				MTL_FAST_MATH = YES;
				SWIFT_COMPILATION_MODE = wholemodule;
				SWIFT_OPTIMIZATION_LEVEL = "-O";
			};
			name = Release;
		};
		8AC7A63526872C4100C9CD98 /* Debug */ = {
			isa = XCBuildConfiguration;
			buildSettings = {
				ASSETCATALOG_COMPILER_APPICON_NAME = AppIcon;
				ASSETCATALOG_COMPILER_GLOBAL_ACCENT_COLOR_NAME = AccentColor;
				CODE_SIGN_ENTITLEMENTS = iOS/DanXi.entitlements;
				CODE_SIGN_IDENTITY = "Apple Development";
				"CODE_SIGN_IDENTITY[sdk=macosx*]" = "Apple Development";
				CODE_SIGN_STYLE = Automatic;
				CURRENT_PROJECT_VERSION = 466;
				DEVELOPMENT_ASSET_PATHS = "";
				DEVELOPMENT_TEAM = KF7M99CN68;
				"ENABLE_HARDENED_RUNTIME[sdk=macosx*]" = YES;
				ENABLE_PREVIEWS = YES;
				INFOPLIST_FILE = iOS/Info.plist;
				INFOPLIST_KEY_LSApplicationCategoryType = "public.app-category.utilities";
				IPHONEOS_DEPLOYMENT_TARGET = 16.0;
				LD_RUNPATH_SEARCH_PATHS = (
					"$(inherited)",
					"@executable_path/Frameworks",
				);
				MARKETING_VERSION = 2.0.0;
				OTHER_SWIFT_FLAGS = "";
				PRODUCT_BUNDLE_IDENTIFIER = "io.github.danxi-dev.dan-xi";
				PRODUCT_NAME = "$(TARGET_NAME)";
				PROVISIONING_PROFILE_SPECIFIER = "";
				"PROVISIONING_PROFILE_SPECIFIER[sdk=macosx*]" = "";
				SDKROOT = iphoneos;
				SUPPORTED_PLATFORMS = "iphoneos iphonesimulator";
				SUPPORTS_MACCATALYST = YES;
				SUPPORTS_MAC_DESIGNED_FOR_IPHONE_IPAD = YES;
				SWIFT_EMIT_LOC_STRINGS = YES;
				SWIFT_VERSION = 5.0;
				TARGETED_DEVICE_FAMILY = "1,2";
			};
			name = Debug;
		};
		8AC7A63626872C4100C9CD98 /* Release */ = {
			isa = XCBuildConfiguration;
			buildSettings = {
				ASSETCATALOG_COMPILER_APPICON_NAME = AppIcon;
				ASSETCATALOG_COMPILER_GLOBAL_ACCENT_COLOR_NAME = AccentColor;
				CODE_SIGN_ENTITLEMENTS = iOS/DanXi.entitlements;
				CODE_SIGN_IDENTITY = "Apple Development";
				"CODE_SIGN_IDENTITY[sdk=macosx*]" = "Apple Development";
				CODE_SIGN_STYLE = Automatic;
				CURRENT_PROJECT_VERSION = 466;
				DEVELOPMENT_ASSET_PATHS = "";
				DEVELOPMENT_TEAM = KF7M99CN68;
				"ENABLE_HARDENED_RUNTIME[sdk=macosx*]" = YES;
				ENABLE_PREVIEWS = YES;
				INFOPLIST_FILE = iOS/Info.plist;
				INFOPLIST_KEY_LSApplicationCategoryType = "public.app-category.utilities";
				IPHONEOS_DEPLOYMENT_TARGET = 16.0;
				LD_RUNPATH_SEARCH_PATHS = (
					"$(inherited)",
					"@executable_path/Frameworks",
				);
				MARKETING_VERSION = 2.0.0;
				OTHER_SWIFT_FLAGS = "";
				PRODUCT_BUNDLE_IDENTIFIER = "io.github.danxi-dev.dan-xi";
				PRODUCT_NAME = "$(TARGET_NAME)";
				PROVISIONING_PROFILE_SPECIFIER = "";
				"PROVISIONING_PROFILE_SPECIFIER[sdk=macosx*]" = "";
				SDKROOT = iphoneos;
				SUPPORTED_PLATFORMS = "iphoneos iphonesimulator";
				SUPPORTS_MACCATALYST = YES;
				SUPPORTS_MAC_DESIGNED_FOR_IPHONE_IPAD = YES;
				SWIFT_EMIT_LOC_STRINGS = YES;
				SWIFT_VERSION = 5.0;
				TARGETED_DEVICE_FAMILY = "1,2";
				VALIDATE_PRODUCT = YES;
			};
			name = Release;
		};
/* End XCBuildConfiguration section */

/* Begin XCConfigurationList section */
		274C197D29D1BF9C000DE221 /* Build configuration list for PBXNativeTarget "DanXi Watch" */ = {
			isa = XCConfigurationList;
			buildConfigurations = (
				274C197B29D1BF9C000DE221 /* Debug */,
				274C197C29D1BF9C000DE221 /* Release */,
			);
			defaultConfigurationIsVisible = 0;
			defaultConfigurationName = Release;
		};
		27536ECE29DC9A8300894A98 /* Build configuration list for PBXNativeTarget "DanXi Widget" */ = {
			isa = XCConfigurationList;
			buildConfigurations = (
				27536ECC29DC9A8300894A98 /* Debug */,
				27536ECD29DC9A8300894A98 /* Release */,
			);
			defaultConfigurationIsVisible = 0;
			defaultConfigurationName = Release;
		};
		8AC7A5C826872C3E00C9CD98 /* Build configuration list for PBXProject "DanXi" */ = {
			isa = XCConfigurationList;
			buildConfigurations = (
				8AC7A62A26872C4100C9CD98 /* Debug */,
				8AC7A62B26872C4100C9CD98 /* Release */,
			);
			defaultConfigurationIsVisible = 0;
			defaultConfigurationName = Release;
		};
		8AC7A63426872C4100C9CD98 /* Build configuration list for PBXNativeTarget "DanXi" */ = {
			isa = XCConfigurationList;
			buildConfigurations = (
				8AC7A63526872C4100C9CD98 /* Debug */,
				8AC7A63626872C4100C9CD98 /* Release */,
			);
			defaultConfigurationIsVisible = 0;
			defaultConfigurationName = Release;
		};
/* End XCConfigurationList section */

/* Begin XCRemoteSwiftPackageReference section */
		2791031029C774F8003B9FD9 /* XCRemoteSwiftPackageReference "Disk" */ = {
			isa = XCRemoteSwiftPackageReference;
			repositoryURL = "https://github.com/saoudrizwan/Disk";
			requirement = {
				kind = upToNextMajorVersion;
				minimumVersion = 0.6.4;
			};
		};
		27A308C529A6753B00E8F646 /* XCRemoteSwiftPackageReference "SwiftyJSON" */ = {
			isa = XCRemoteSwiftPackageReference;
			repositoryURL = "https://github.com/SwiftyJSON/SwiftyJSON";
			requirement = {
				kind = upToNextMajorVersion;
				minimumVersion = 5.0.0;
			};
		};
		27DAFA6029CAF1BC00F32093 /* XCRemoteSwiftPackageReference "KeychainAccess" */ = {
			isa = XCRemoteSwiftPackageReference;
			repositoryURL = "https://github.com/kishikawakatsumi/KeychainAccess";
			requirement = {
				branch = master;
				kind = branch;
			};
		};
		27EDD623293B6DFD0028CCE4 /* XCRemoteSwiftPackageReference "SwiftUIX" */ = {
			isa = XCRemoteSwiftPackageReference;
			repositoryURL = "https://github.com/SwiftUIX/SwiftUIX";
			requirement = {
				kind = upToNextMajorVersion;
				minimumVersion = 0.1.3;
			};
		};
		F1B1DF762BC19FC4005E8F87 /* XCRemoteSwiftPackageReference "Queue" */ = {
			isa = XCRemoteSwiftPackageReference;
			repositoryURL = "https://github.com/mattmassicotte/Queue";
			requirement = {
				kind = upToNextMajorVersion;
				minimumVersion = 0.1.4;
			};
		};
/* End XCRemoteSwiftPackageReference section */

/* Begin XCSwiftPackageProductDependency section */
		270CD1932BAD697600881ABA /* ViewUtils */ = {
			isa = XCSwiftPackageProductDependency;
			productName = ViewUtils;
		};
		2785E2A72BC8645100D50D31 /* FudanUI */ = {
			isa = XCSwiftPackageProductDependency;
			productName = FudanUI;
		};
		2785E2A92BC8645900D50D31 /* FudanUI */ = {
			isa = XCSwiftPackageProductDependency;
			productName = FudanUI;
		};
		2791031129C774F8003B9FD9 /* Disk */ = {
			isa = XCSwiftPackageProductDependency;
			package = 2791031029C774F8003B9FD9 /* XCRemoteSwiftPackageReference "Disk" */;
			productName = Disk;
		};
		27A308C629A6753B00E8F646 /* SwiftyJSON */ = {
			isa = XCSwiftPackageProductDependency;
			package = 27A308C529A6753B00E8F646 /* XCRemoteSwiftPackageReference "SwiftyJSON" */;
			productName = SwiftyJSON;
		};
		27C68CB22BB563EE00037D52 /* Utils */ = {
			isa = XCSwiftPackageProductDependency;
			productName = Utils;
		};
		27D3A49B2BBC9E0900350D21 /* SwiftyJSON */ = {
			isa = XCSwiftPackageProductDependency;
			package = 27A308C529A6753B00E8F646 /* XCRemoteSwiftPackageReference "SwiftyJSON" */;
			productName = SwiftyJSON;
		};
		27D3A49D2BBC9E1A00350D21 /* KeychainAccess */ = {
			isa = XCSwiftPackageProductDependency;
			package = 27DAFA6029CAF1BC00F32093 /* XCRemoteSwiftPackageReference "KeychainAccess" */;
			productName = KeychainAccess;
		};
		27D3A4A72BBCFA3D00350D21 /* FudanKit */ = {
			isa = XCSwiftPackageProductDependency;
			productName = FudanKit;
		};
		27D3A4A92BBCFA6E00350D21 /* SwiftyJSON */ = {
			isa = XCSwiftPackageProductDependency;
			package = 27A308C529A6753B00E8F646 /* XCRemoteSwiftPackageReference "SwiftyJSON" */;
			productName = SwiftyJSON;
		};
		27D3A4AB2BBCFB0D00350D21 /* KeychainAccess */ = {
			isa = XCSwiftPackageProductDependency;
			package = 27DAFA6029CAF1BC00F32093 /* XCRemoteSwiftPackageReference "KeychainAccess" */;
			productName = KeychainAccess;
		};
		27DAFA6129CAF1BC00F32093 /* KeychainAccess */ = {
			isa = XCSwiftPackageProductDependency;
			package = 27DAFA6029CAF1BC00F32093 /* XCRemoteSwiftPackageReference "KeychainAccess" */;
			productName = KeychainAccess;
		};
		27DD19B32BA5CCA400B75643 /* FudanKit */ = {
			isa = XCSwiftPackageProductDependency;
			productName = FudanKit;
		};
		27EDD624293B6DFD0028CCE4 /* SwiftUIX */ = {
			isa = XCSwiftPackageProductDependency;
			package = 27EDD623293B6DFD0028CCE4 /* XCRemoteSwiftPackageReference "SwiftUIX" */;
			productName = SwiftUIX;
		};
		F1B1DF772BC19FC4005E8F87 /* Queue */ = {
			isa = XCSwiftPackageProductDependency;
			package = F1B1DF762BC19FC4005E8F87 /* XCRemoteSwiftPackageReference "Queue" */;
			productName = Queue;
		};
/* End XCSwiftPackageProductDependency section */
	};
	rootObject = 8AC7A5C526872C3E00C9CD98 /* Project object */;
}
