{
  "originHash" : "49824f55eea120caf9306f4b9361d38c657707ee617474bd7ed20ebc3c8b4588",
  "pins" : [
    {
      "identity" : "bettersafariview",
      "kind" : "remoteSourceControl",
      "location" : "https://github.com/stleamist/BetterSafariView.git",
      "state" : {
        "revision" : "884533749e55949b2566030948c6fdbe2873ed0c",
        "version" : "2.4.2"
      }
    },
    {
      "identity" : "disk",
      "kind" : "remoteSourceControl",
      "location" : "https://github.com/saoudrizwan/Disk.git",
      "state" : {
        "revision" : "b0cb4fdf23e51849cc2460bdc6de795c3bcca99d",
        "version" : "0.6.4"
      }
    },
    {
      "identity" : "efqrcode",
      "kind" : "remoteSourceControl",
      "location" : "https://github.com/EFPrefix/EFQRCode.git",
      "state" : {
        "revision" : "3a6c5012f1a0df404a92e55bb01b4b685ff5a2d1",
        "version" : "6.2.2"
      }
    },
    {
      "identity" : "keychainaccess",
      "kind" : "remoteSourceControl",
      "location" : "https://github.com/kishikawakatsumi/KeychainAccess.git",
      "state" : {
        "revision" : "84e546727d66f1adc5439debad16270d0fdd04e7",
        "version" : "4.2.2"
      }
    },
    {
      "identity" : "queue",
      "kind" : "remoteSourceControl",
      "location" : "https://github.com/mattmassicotte/Queue",
      "state" : {
        "revision" : "6adf359a705e3252742905b413bb8f56401043ca",
        "version" : "0.2.0"
      }
    },
    {
      "identity" : "swift_qrcodejs",
      "kind" : "remoteSourceControl",
      "location" : "https://github.com/EFPrefix/swift_qrcodejs.git",
      "state" : {
        "revision" : "817ba220a2eba840bae888e7eeb11207bec05f8c",
        "version" : "2.3.0"
      }
    },
    {
      "identity" : "swiftsoup",
      "kind" : "remoteSourceControl",
      "location" : "https://github.com/scinfu/SwiftSoup.git",
      "state" : {
        "revision" : "0837db354faf9c9deb710dc597046edaadf5360f",
        "version" : "2.7.6"
      }
    },
    {
      "identity" : "swiftui-introspect",
      "kind" : "remoteSourceControl",
      "location" : "https://github.com/siteline/swiftui-introspect",
      "state" : {
        "revision" : "121c146fe591b1320238d054ae35c81ffa45f45a",
        "version" : "0.12.0"
      }
    },
    {
      "identity" : "swiftyjson",
      "kind" : "remoteSourceControl",
      "location" : "https://github.com/SwiftyJSON/SwiftyJSON.git",
      "state" : {
        "revision" : "af76cf3ef710b6ca5f8c05f3a31307d44a3c5828",
        "version" : "5.0.2"
      }
    }
  ],
  "version" : 3
}
